<?xml version="1.0" encoding="UTF-8"?>
<Scheme
   LastUpgradeVersion = "1540"
   version = "1.7">
   <BuildAction
      parallelizeBuildables = "YES"
      buildImplicitDependencies = "YES"
      buildArchitectures = "Automatic">
      <BuildActionEntries>
         <BuildActionEntry
            buildForTesting = "YES"
            buildForRunning = "YES"
            buildForProfiling = "YES"
            buildForArchiving = "YES"
            buildForAnalyzing = "YES">
            <BuildableReference
               BuildableIdentifier = "primary"
               BlueprintIdentifier = "1D5F69D52C2481E600193B58"
               BuildableName = "ChordCombiner-SwiftUI.app"
               BlueprintName = "ChordCombiner-SwiftUI"
               ReferencedContainer = "container:ChordCombiner-SwiftUI.xcodeproj">
            </BuildableReference>
         </BuildActionEntry>
      </BuildActionEntries>
   </BuildAction>
   <TestAction
      buildConfiguration = "Debug"
      selectedDebuggerIdentifier = "Xcode.DebuggerFoundation.Debugger.LLDB"
      selectedLauncherIdentifier = "Xcode.DebuggerFoundation.Launcher.LLDB"
      shouldUseLaunchSchemeArgsEnv = "YES">
      <TestPlans>
         <TestPlanReference
            reference = "container:StackedPitchesTest.xctestplan"
            default = "YES">
         </TestPlanReference>
      </TestPlans>
      <Testables>
         <TestableReference
            skipped = "NO"
            parallelizable = "YES">
            <BuildableReference
               BuildableIdentifier = "primary"
               BlueprintIdentifier = "1D3D653C2CCBEFF50045AD8D"
               BuildableName = "ChordCombiner-SwiftUITests.xctest"
               BlueprintName = "ChordCombiner-SwiftUITests"
               ReferencedContainer = "container:ChordCombiner-SwiftUI.xcodeproj">
            </BuildableReference>
            <SkippedTests>
               <Test
                  Identifier = "ChordCombiner_SwiftUITests/chordsCombineCorrectly()">
               </Test>
               <Test
                  Identifier = "ChordCombiner_SwiftUITests/degreeNumbersMatchesDegreeNumberSet(_:)">
               </Test>
               <Test
                  Identifier = "ChordCombiner_SwiftUITests/extendedChordTypesAreCorrect(_:)">
               </Test>
               <Test
                  Identifier = "ChordCombiner_SwiftUITests/simpleChordTypesCountsAreCorrect(_:)">
               </Test>
            </SkippedTests>
         </TestableReference>
      </Testables>
   </TestAction>
   <LaunchAction
      buildConfiguration = "Debug"
      selectedDebuggerIdentifier = "Xcode.DebuggerFoundation.Debugger.LLDB"
      selectedLauncherIdentifier = "Xcode.DebuggerFoundation.Launcher.LLDB"
      launchStyle = "0"
      useCustomWorkingDirectory = "NO"
      ignoresPersistentStateOnLaunch = "NO"
      debugDocumentVersioning = "YES"
      debugServiceExtension = "internal"
      allowLocationSimulation = "YES">
      <BuildableProductRunnable
         runnableDebuggingMode = "0">
         <BuildableReference
            BuildableIdentifier = "primary"
            BlueprintIdentifier = "1D5F69D52C2481E600193B58"
            BuildableName = "ChordCombiner-SwiftUI.app"
            BlueprintName = "ChordCombiner-SwiftUI"
            ReferencedContainer = "container:ChordCombiner-SwiftUI.xcodeproj">
         </BuildableReference>
      </BuildableProductRunnable>
      <EnvironmentVariables>
         <EnvironmentVariable
            key = "IDEPreferLogStreaming"
            value = "YES"
            isEnabled = "YES">
         </EnvironmentVariable>
      </EnvironmentVariables>
   </LaunchAction>
   <ProfileAction
      buildConfiguration = "Release"
      shouldUseLaunchSchemeArgsEnv = "YES"
      savedToolIdentifier = ""
      useCustomWorkingDirectory = "NO"
      debugDocumentVersioning = "YES">
      <BuildableProductRunnable
         runnableDebuggingMode = "0">
         <BuildableReference
            BuildableIdentifier = "primary"
            BlueprintIdentifier = "1D5F69D52C2481E600193B58"
            BuildableName = "ChordCombiner-SwiftUI.app"
            BlueprintName = "ChordCombiner-SwiftUI"
            ReferencedContainer = "container:ChordCombiner-SwiftUI.xcodeproj">
         </BuildableReference>
      </BuildableProductRunnable>
   </ProfileAction>
   <AnalyzeAction
      buildConfiguration = "Debug">
   </AnalyzeAction>
   <ArchiveAction
      buildConfiguration = "Release"
      revealArchiveInOrganizer = "YES">
   </ArchiveAction>
</Scheme>
