// !$*UTF8*$!
{
	archiveVersion = 1;
	classes = {
	};
	objectVersion = 56;
	objects = {

/* Begin PBXBuildFile section */
		1D036C402C7A71AC0088ACD4 /* ContentView.swift in Sources */ = {isa = PBXBuildFile; fileRef = 1D036C3F2C7A71AC0088ACD4 /* ContentView.swift */; };
		1D0967F52CB59CC700600325 /* KeyShapeGroup.swift in Sources */ = {isa = PBXBuildFile; fileRef = 1D0967F42CB59CC700600325 /* KeyShapeGroup.swift */; };
		1D0D63012C949E9300910CBF /* DegreeAndPitchOperator.swift in Sources */ = {isa = PBXBuildFile; fileRef = 1D0D63002C949E9300910CBF /* DegreeAndPitchOperator.swift */; };
		1D1919482C5C434A00B0C932 /* ChordTypePicker.swift in Sources */ = {isa = PBXBuildFile; fileRef = 1D1919472C5C434A00B0C932 /* ChordTypePicker.swift */; };
		1D19194A2C5C43F200B0C932 /* ChordMenu.swift in Sources */ = {isa = PBXBuildFile; fileRef = 1D1919492C5C43F200B0C932 /* ChordMenu.swift */; };
		1D25075F2C24CC0D001416AF /* LetterPicker.swift in Sources */ = {isa = PBXBuildFile; fileRef = 1D25075E2C24CC0D001416AF /* LetterPicker.swift */; };
		1D2507622C24CC68001416AF /* AccidentalPicker.swift in Sources */ = {isa = PBXBuildFile; fileRef = 1D2507612C24CC68001416AF /* AccidentalPicker.swift */; };
		1D350EF82C779358007D8F85 /* MultiChord.swift in Sources */ = {isa = PBXBuildFile; fileRef = 1D350EF72C779358007D8F85 /* MultiChord.swift */; };
		1D3B70512CA5CA4B008DB232 /* AllChordsView.swift in Sources */ = {isa = PBXBuildFile; fileRef = 1D3B70502CA5CA4B008DB232 /* AllChordsView.swift */; };
		1D3EA8A82C93644700A6430C /* VoicingCalculator.swift in Sources */ = {isa = PBXBuildFile; fileRef = 1D3EA8A72C93644700A6430C /* VoicingCalculator.swift */; };
		1D46C92B2C77B7400014D00B /* MultiChordKeyboardView.swift in Sources */ = {isa = PBXBuildFile; fileRef = 1D46C92A2C77B7400014D00B /* MultiChordKeyboardView.swift */; };
		1D46C9302C77CE530014D00B /* MultiChordVoicingCalculator.swift in Sources */ = {isa = PBXBuildFile; fileRef = 1D46C92F2C77CE530014D00B /* MultiChordVoicingCalculator.swift */; };
		1D46C9332C77EB950014D00B /* DualKeyboardView.swift in Sources */ = {isa = PBXBuildFile; fileRef = 1D46C9322C77EB950014D00B /* DualKeyboardView.swift */; };
		1D48EBCC2C9F50B800FCD4D1 /* SingleChordKeyboardMenuView.swift in Sources */ = {isa = PBXBuildFile; fileRef = 1D48EBCB2C9F50B800FCD4D1 /* SingleChordKeyboardMenuView.swift */; };
		1D5F69DA2C2481E600193B58 /* ChordCombiner_SwiftUIApp.swift in Sources */ = {isa = PBXBuildFile; fileRef = 1D5F69D92C2481E600193B58 /* ChordCombiner_SwiftUIApp.swift */; };
		1D5F69DE2C2481E700193B58 /* Assets.xcassets in Resources */ = {isa = PBXBuildFile; fileRef = 1D5F69DD2C2481E700193B58 /* Assets.xcassets */; };
		1D5F69E12C2481E700193B58 /* Preview Assets.xcassets in Resources */ = {isa = PBXBuildFile; fileRef = 1D5F69E02C2481E700193B58 /* Preview Assets.xcassets */; };
		1D5F6A4F2C24829500193B58 /* Enharmonic.swift in Sources */ = {isa = PBXBuildFile; fileRef = 1D5F69F22C24829200193B58 /* Enharmonic.swift */; };
		1D5F6A502C24829500193B58 /* ChordDegrees.swift in Sources */ = {isa = PBXBuildFile; fileRef = 1D5F69F32C24829200193B58 /* ChordDegrees.swift */; };
		1D5F6A542C24829500193B58 /* KeyName.RootKeyNote.swift in Sources */ = {isa = PBXBuildFile; fileRef = 1D5F69F72C24829200193B58 /* KeyName.RootKeyNote.swift */; };
		1D5F6A552C24829500193B58 /* Math Extensions.swift in Sources */ = {isa = PBXBuildFile; fileRef = 1D5F69F82C24829200193B58 /* Math Extensions.swift */; };
		1D5F6A5C2C24829500193B58 /* Letter.swift in Sources */ = {isa = PBXBuildFile; fileRef = 1D5F69FF2C24829300193B58 /* Letter.swift */; };
		1D5F6A662C24829500193B58 /* Interval.swift in Sources */ = {isa = PBXBuildFile; fileRef = 1D5F6A092C24829300193B58 /* Interval.swift */; };
		1D5F6A722C24829500193B58 /* NoteNum.swift in Sources */ = {isa = PBXBuildFile; fileRef = 1D5F6A152C24829300193B58 /* NoteNum.swift */; };
		1D5F6A732C24829500193B58 /* ChordsAndScales.swift in Sources */ = {isa = PBXBuildFile; fileRef = 1D5F6A162C24829300193B58 /* ChordsAndScales.swift */; };
		1D5F6A782C24829500193B58 /* Array Extensions.swift in Sources */ = {isa = PBXBuildFile; fileRef = 1D5F6A1B2C24829400193B58 /* Array Extensions.swift */; };
		1D5F6A7A2C24829500193B58 /* Accidental.swift in Sources */ = {isa = PBXBuildFile; fileRef = 1D5F6A1D2C24829400193B58 /* Accidental.swift */; };
		1D5F6A7D2C24829500193B58 /* KeySwitch.swift in Sources */ = {isa = PBXBuildFile; fileRef = 1D5F6A202C24829400193B58 /* KeySwitch.swift */; };
		1D5F6A802C24829500193B58 /* KeyName.swift in Sources */ = {isa = PBXBuildFile; fileRef = 1D5F6A232C24829400193B58 /* KeyName.swift */; };
		1D5F6A822C24829500193B58 /* ChordDegrees.TCArray.swift in Sources */ = {isa = PBXBuildFile; fileRef = 1D5F6A252C24829400193B58 /* ChordDegrees.TCArray.swift */; };
		1D5F6A832C24829500193B58 /* Typealiases.swift in Sources */ = {isa = PBXBuildFile; fileRef = 1D5F6A262C24829400193B58 /* Typealiases.swift */; };
		1D5F6A8F2C24829500193B58 /* RootNote.swift in Sources */ = {isa = PBXBuildFile; fileRef = 1D5F6A322C24829400193B58 /* RootNote.swift */; };
		1D5F6A912C24829500193B58 /* Degree.swift in Sources */ = {isa = PBXBuildFile; fileRef = 1D5F6A342C24829400193B58 /* Degree.swift */; };
		1D5F6AA32C2482D300193B58 /* Colors.swift in Sources */ = {isa = PBXBuildFile; fileRef = 1D5F6AA22C2482D300193B58 /* Colors.swift */; };
		1D65C9632C5BFAA100DB7E3A /* ChordFactory.swift in Sources */ = {isa = PBXBuildFile; fileRef = 1D65C9622C5BFAA100DB7E3A /* ChordFactory.swift */; };
		1D7281F52CBADC2300C6DBE3 /* CustomChordMenu.swift in Sources */ = {isa = PBXBuildFile; fileRef = 1D7281F42CBADC2300C6DBE3 /* CustomChordMenu.swift */; };
		1D73AFBE2C6FD37400308356 /* Keyboard.swift in Sources */ = {isa = PBXBuildFile; fileRef = 1D73AFBD2C6FD37400308356 /* Keyboard.swift */; };
		1D73AFCD2C6FD63300308356 /* Constants.swift in Sources */ = {isa = PBXBuildFile; fileRef = 1D73AFC72C6FD63300308356 /* Constants.swift */; };
		1D73AFD02C6FD63300308356 /* KeyType.swift in Sources */ = {isa = PBXBuildFile; fileRef = 1D73AFCA2C6FD63300308356 /* KeyType.swift */; };
		1D73AFD12C6FD63300308356 /* TypeAliases.swift in Sources */ = {isa = PBXBuildFile; fileRef = 1D73AFCB2C6FD63300308356 /* TypeAliases.swift */; };
		1D73AFE92C6FD64400308356 /* KeyProtocol.swift in Sources */ = {isa = PBXBuildFile; fileRef = 1D73AFD22C6FD64400308356 /* KeyProtocol.swift */; };
		1D73AFEA2C6FD64400308356 /* KeyShapeProtocol.swift in Sources */ = {isa = PBXBuildFile; fileRef = 1D73AFD32C6FD64400308356 /* KeyShapeProtocol.swift */; };
		1D73AFEB2C6FD64400308356 /* KeyShapeGroupProtocol.swift in Sources */ = {isa = PBXBuildFile; fileRef = 1D73AFD42C6FD64400308356 /* KeyShapeGroupProtocol.swift */; };
		1D73AFFB2C6FD64400308356 /* Key.swift in Sources */ = {isa = PBXBuildFile; fileRef = 1D73AFE72C6FD64400308356 /* Key.swift */; };
		1D898D252C9A9B3600C5AA18 /* DetailRow.swift in Sources */ = {isa = PBXBuildFile; fileRef = 1D898D242C9A9B3600C5AA18 /* DetailRow.swift */; };
		1D8F4E1F2C8B768F000DEF30 /* Root.swift in Sources */ = {isa = PBXBuildFile; fileRef = 1D8F4E1E2C8B768F000DEF30 /* Root.swift */; };
		1D965F442CC40E8300C387BF /* ChordAndScaleProperty.swift in Sources */ = {isa = PBXBuildFile; fileRef = 1D965F432CC40E8300C387BF /* ChordAndScaleProperty.swift */; };
		1D9FC80F2C8A418C00B07BBB /* Note.swift in Sources */ = {isa = PBXBuildFile; fileRef = 1D9FC80E2C8A418C00B07BBB /* Note.swift */; };
		1DA965CF2CBECD1D00368651 /* CustomChordMenuSelectedView.swift in Sources */ = {isa = PBXBuildFile; fileRef = 1DA965CE2CBECD1D00368651 /* CustomChordMenuSelectedView.swift */; };
		1DABBE122CB5827D0039F325 /* KeyShapePaths.swift in Sources */ = {isa = PBXBuildFile; fileRef = 1DABBE112CB5827D0039F325 /* KeyShapePaths.swift */; };
		1DABBE142CB58A930039F325 /* KeyShape.swift in Sources */ = {isa = PBXBuildFile; fileRef = 1DABBE132CB58A930039F325 /* KeyShape.swift */; };
		1DB357452CBD9EF000A5D6B3 /* CustomChordMenuHelper.swift in Sources */ = {isa = PBXBuildFile; fileRef = 1DB357442CBD9EF000A5D6B3 /* CustomChordMenuHelper.swift */; };
		1DB357472CBDA49C00A5D6B3 /* CustomChordMenuKeyboardDisplayScrollView.swift in Sources */ = {isa = PBXBuildFile; fileRef = 1DB357462CBDA49C00A5D6B3 /* CustomChordMenuKeyboardDisplayScrollView.swift */; };
		1DB4AA402CB8A57E006FD1C5 /* TitleView.swift in Sources */ = {isa = PBXBuildFile; fileRef = 1DB4AA3F2CB8A57E006FD1C5 /* TitleView.swift */; };
		1DB4AA442CB8BEF9006FD1C5 /* ChordTypeSectionTitleView.swift in Sources */ = {isa = PBXBuildFile; fileRef = 1DB4AA432CB8BEF9006FD1C5 /* ChordTypeSectionTitleView.swift */; };
		1DBD4C602C58364A00F4015C /* Chord.swift in Sources */ = {isa = PBXBuildFile; fileRef = 1DBD4C5F2C58364A00F4015C /* Chord.swift */; };
		1DBE1C2F2C25D3C8008DCBDF /* FileManager.swift in Sources */ = {isa = PBXBuildFile; fileRef = 1DBE1C2E2C25D3C8008DCBDF /* FileManager.swift */; };
		1DC11F732CA133E400263FF8 /* Algorithms in Frameworks */ = {isa = PBXBuildFile; productRef = 1DC11F722CA133E400263FF8 /* Algorithms */; };
		1DC6A0742CC55E660053068C /* ChordPropertyTagView.swift in Sources */ = {isa = PBXBuildFile; fileRef = 1DC6A0732CC55E660053068C /* ChordPropertyTagView.swift */; };
		1DC6A0762CC566950053068C /* CustomChordMenuTagsView.swift in Sources */ = {isa = PBXBuildFile; fileRef = 1DC6A0752CC566950053068C /* CustomChordMenuTagsView.swift */; };
		1DC6A07E2CC57A4E0053068C /* CustomChordMenuKeyboardDisplayRow.swift in Sources */ = {isa = PBXBuildFile; fileRef = 1DC6A07D2CC57A4E0053068C /* CustomChordMenuKeyboardDisplayRow.swift */; };
		1DC8313B2CB4A66600481996 /* ViewModifiers.swift in Sources */ = {isa = PBXBuildFile; fileRef = 1DC8313A2CB4A66600481996 /* ViewModifiers.swift */; };
		1DD297C72C9902B6001984EF /* DualChordDetailView.swift in Sources */ = {isa = PBXBuildFile; fileRef = 1DD297C62C9902B6001984EF /* DualChordDetailView.swift */; };
		1DD507562CB97D080085288B /* HighlightableTagView.swift in Sources */ = {isa = PBXBuildFile; fileRef = 1DD507552CB97D080085288B /* HighlightableTagView.swift */; };
		1DD507582CB981EB0085288B /* TitleColorDivider.swift in Sources */ = {isa = PBXBuildFile; fileRef = 1DD507572CB981EB0085288B /* TitleColorDivider.swift */; };
		1DE3FF182CBF1D580037C354 /* MultiChordKeyboardHighlighter.swift in Sources */ = {isa = PBXBuildFile; fileRef = 1DE3FF172CBF1D580037C354 /* MultiChordKeyboardHighlighter.swift */; };
		1DE53BE42CADE67000CC27DE /* ChordSectionTagsView.swift in Sources */ = {isa = PBXBuildFile; fileRef = 1DE53BE32CADE67000CC27DE /* ChordSectionTagsView.swift */; };
		1DE53BE62CADE74900CC27DE /* LetterTagsView.swift in Sources */ = {isa = PBXBuildFile; fileRef = 1DE53BE52CADE74900CC27DE /* LetterTagsView.swift */; };
		1DE53BE82CADE7DD00CC27DE /* AccidentalTagsView.swift in Sources */ = {isa = PBXBuildFile; fileRef = 1DE53BE72CADE7DD00CC27DE /* AccidentalTagsView.swift */; };
		1DE53BEA2CADE84D00CC27DE /* KeyboardDisplayView.swift in Sources */ = {isa = PBXBuildFile; fileRef = 1DE53BE92CADE84D00CC27DE /* KeyboardDisplayView.swift */; };
		1DE53BEC2CADEBE000CC27DE /* KeyboardDisplayScrollView.swift in Sources */ = {isa = PBXBuildFile; fileRef = 1DE53BEB2CADEBE000CC27DE /* KeyboardDisplayScrollView.swift */; };
		1DE53BEE2CADEC4200CC27DE /* ChordTypeSectionView.swift in Sources */ = {isa = PBXBuildFile; fileRef = 1DE53BED2CADEC4200CC27DE /* ChordTypeSectionView.swift */; };
		1DE53BF02CADEDEC00CC27DE /* ChordAndKeySelectionView.swift in Sources */ = {isa = PBXBuildFile; fileRef = 1DE53BEF2CADEDEC00CC27DE /* ChordAndKeySelectionView.swift */; };
		1DE6CA0C2C79A6AE00D39604 /* SingleChordKeyboardView.swift in Sources */ = {isa = PBXBuildFile; fileRef = 1DE6CA0B2C79A6AE00D39604 /* SingleChordKeyboardView.swift */; };
		1DED5E3B2C8FFA0400F6C219 /* ChordType addition scratchpad.md in Resources */ = {isa = PBXBuildFile; fileRef = 1DED5E3A2C8FFA0400F6C219 /* ChordType addition scratchpad.md */; };
		1DFD9D4F2C5AA4330006333D /* ChordType.swift in Sources */ = {isa = PBXBuildFile; fileRef = 1DFD9D4E2C5AA4330006333D /* ChordType.swift */; };
/* End PBXBuildFile section */

/* Begin PBXFileReference section */
		1D036C3F2C7A71AC0088ACD4 /* ContentView.swift */ = {isa = PBXFileReference; lastKnownFileType = sourcecode.swift; path = ContentView.swift; sourceTree = "<group>"; };
		1D0967F42CB59CC700600325 /* KeyShapeGroup.swift */ = {isa = PBXFileReference; lastKnownFileType = sourcecode.swift; path = KeyShapeGroup.swift; sourceTree = "<group>"; };
		1D0D63002C949E9300910CBF /* DegreeAndPitchOperator.swift */ = {isa = PBXFileReference; lastKnownFileType = sourcecode.swift; path = DegreeAndPitchOperator.swift; sourceTree = "<group>"; };
		1D1919472C5C434A00B0C932 /* ChordTypePicker.swift */ = {isa = PBXFileReference; lastKnownFileType = sourcecode.swift; path = ChordTypePicker.swift; sourceTree = "<group>"; };
		1D1919492C5C43F200B0C932 /* ChordMenu.swift */ = {isa = PBXFileReference; lastKnownFileType = sourcecode.swift; path = ChordMenu.swift; sourceTree = "<group>"; };
		1D25075E2C24CC0D001416AF /* LetterPicker.swift */ = {isa = PBXFileReference; lastKnownFileType = sourcecode.swift; path = LetterPicker.swift; sourceTree = "<group>"; };
		1D2507612C24CC68001416AF /* AccidentalPicker.swift */ = {isa = PBXFileReference; lastKnownFileType = sourcecode.swift; path = AccidentalPicker.swift; sourceTree = "<group>"; };
		1D350EF72C779358007D8F85 /* MultiChord.swift */ = {isa = PBXFileReference; fileEncoding = 4; lastKnownFileType = sourcecode.swift; path = MultiChord.swift; sourceTree = "<group>"; };
		1D3B70502CA5CA4B008DB232 /* AllChordsView.swift */ = {isa = PBXFileReference; lastKnownFileType = sourcecode.swift; path = AllChordsView.swift; sourceTree = "<group>"; };
		1D3EA8A72C93644700A6430C /* VoicingCalculator.swift */ = {isa = PBXFileReference; lastKnownFileType = sourcecode.swift; path = VoicingCalculator.swift; sourceTree = "<group>"; };
		1D46C92A2C77B7400014D00B /* MultiChordKeyboardView.swift */ = {isa = PBXFileReference; lastKnownFileType = sourcecode.swift; path = MultiChordKeyboardView.swift; sourceTree = "<group>"; };
		1D46C92F2C77CE530014D00B /* MultiChordVoicingCalculator.swift */ = {isa = PBXFileReference; lastKnownFileType = sourcecode.swift; path = MultiChordVoicingCalculator.swift; sourceTree = "<group>"; };
		1D46C9322C77EB950014D00B /* DualKeyboardView.swift */ = {isa = PBXFileReference; lastKnownFileType = sourcecode.swift; path = DualKeyboardView.swift; sourceTree = "<group>"; };
		1D48EBCB2C9F50B800FCD4D1 /* SingleChordKeyboardMenuView.swift */ = {isa = PBXFileReference; lastKnownFileType = sourcecode.swift; path = SingleChordKeyboardMenuView.swift; sourceTree = "<group>"; };
		1D5F69D62C2481E600193B58 /* ChordCombiner-SwiftUI.app */ = {isa = PBXFileReference; explicitFileType = wrapper.application; includeInIndex = 0; path = "ChordCombiner-SwiftUI.app"; sourceTree = BUILT_PRODUCTS_DIR; };
		1D5F69D92C2481E600193B58 /* ChordCombiner_SwiftUIApp.swift */ = {isa = PBXFileReference; lastKnownFileType = sourcecode.swift; path = ChordCombiner_SwiftUIApp.swift; sourceTree = "<group>"; };
		1D5F69DD2C2481E700193B58 /* Assets.xcassets */ = {isa = PBXFileReference; lastKnownFileType = folder.assetcatalog; path = Assets.xcassets; sourceTree = "<group>"; };
		1D5F69E02C2481E700193B58 /* Preview Assets.xcassets */ = {isa = PBXFileReference; lastKnownFileType = folder.assetcatalog; path = "Preview Assets.xcassets"; sourceTree = "<group>"; };
		1D5F69F22C24829200193B58 /* Enharmonic.swift */ = {isa = PBXFileReference; fileEncoding = 4; lastKnownFileType = sourcecode.swift; path = Enharmonic.swift; sourceTree = "<group>"; };
		1D5F69F32C24829200193B58 /* ChordDegrees.swift */ = {isa = PBXFileReference; fileEncoding = 4; lastKnownFileType = sourcecode.swift; path = ChordDegrees.swift; sourceTree = "<group>"; };
		1D5F69F72C24829200193B58 /* KeyName.RootKeyNote.swift */ = {isa = PBXFileReference; fileEncoding = 4; lastKnownFileType = sourcecode.swift; path = KeyName.RootKeyNote.swift; sourceTree = "<group>"; };
		1D5F69F82C24829200193B58 /* Math Extensions.swift */ = {isa = PBXFileReference; fileEncoding = 4; lastKnownFileType = sourcecode.swift; path = "Math Extensions.swift"; sourceTree = "<group>"; };
		1D5F69FF2C24829300193B58 /* Letter.swift */ = {isa = PBXFileReference; fileEncoding = 4; lastKnownFileType = sourcecode.swift; path = Letter.swift; sourceTree = "<group>"; };
		1D5F6A092C24829300193B58 /* Interval.swift */ = {isa = PBXFileReference; fileEncoding = 4; lastKnownFileType = sourcecode.swift; path = Interval.swift; sourceTree = "<group>"; };
		1D5F6A152C24829300193B58 /* NoteNum.swift */ = {isa = PBXFileReference; fileEncoding = 4; lastKnownFileType = sourcecode.swift; path = NoteNum.swift; sourceTree = "<group>"; };
		1D5F6A162C24829300193B58 /* ChordsAndScales.swift */ = {isa = PBXFileReference; fileEncoding = 4; lastKnownFileType = sourcecode.swift; path = ChordsAndScales.swift; sourceTree = "<group>"; };
		1D5F6A1B2C24829400193B58 /* Array Extensions.swift */ = {isa = PBXFileReference; fileEncoding = 4; lastKnownFileType = sourcecode.swift; path = "Array Extensions.swift"; sourceTree = "<group>"; };
		1D5F6A1D2C24829400193B58 /* Accidental.swift */ = {isa = PBXFileReference; fileEncoding = 4; lastKnownFileType = sourcecode.swift; path = Accidental.swift; sourceTree = "<group>"; };
		1D5F6A202C24829400193B58 /* KeySwitch.swift */ = {isa = PBXFileReference; fileEncoding = 4; lastKnownFileType = sourcecode.swift; path = KeySwitch.swift; sourceTree = "<group>"; };
		1D5F6A232C24829400193B58 /* KeyName.swift */ = {isa = PBXFileReference; fileEncoding = 4; lastKnownFileType = sourcecode.swift; path = KeyName.swift; sourceTree = "<group>"; };
		1D5F6A252C24829400193B58 /* ChordDegrees.TCArray.swift */ = {isa = PBXFileReference; fileEncoding = 4; lastKnownFileType = sourcecode.swift; path = ChordDegrees.TCArray.swift; sourceTree = "<group>"; };
		1D5F6A262C24829400193B58 /* Typealiases.swift */ = {isa = PBXFileReference; fileEncoding = 4; lastKnownFileType = sourcecode.swift; path = Typealiases.swift; sourceTree = "<group>"; };
		1D5F6A322C24829400193B58 /* RootNote.swift */ = {isa = PBXFileReference; fileEncoding = 4; lastKnownFileType = sourcecode.swift; path = RootNote.swift; sourceTree = "<group>"; };
		1D5F6A342C24829400193B58 /* Degree.swift */ = {isa = PBXFileReference; fileEncoding = 4; lastKnownFileType = sourcecode.swift; path = Degree.swift; sourceTree = "<group>"; };
		1D5F6AA22C2482D300193B58 /* Colors.swift */ = {isa = PBXFileReference; fileEncoding = 4; lastKnownFileType = sourcecode.swift; path = Colors.swift; sourceTree = "<group>"; };
		1D65C9622C5BFAA100DB7E3A /* ChordFactory.swift */ = {isa = PBXFileReference; lastKnownFileType = sourcecode.swift; path = ChordFactory.swift; sourceTree = "<group>"; };
		1D7281F42CBADC2300C6DBE3 /* CustomChordMenu.swift */ = {isa = PBXFileReference; lastKnownFileType = sourcecode.swift; path = CustomChordMenu.swift; sourceTree = "<group>"; };
		1D73AFBD2C6FD37400308356 /* Keyboard.swift */ = {isa = PBXFileReference; fileEncoding = 4; lastKnownFileType = sourcecode.swift; path = Keyboard.swift; sourceTree = "<group>"; };
		1D73AFC72C6FD63300308356 /* Constants.swift */ = {isa = PBXFileReference; fileEncoding = 4; lastKnownFileType = sourcecode.swift; path = Constants.swift; sourceTree = "<group>"; };
		1D73AFCA2C6FD63300308356 /* KeyType.swift */ = {isa = PBXFileReference; fileEncoding = 4; lastKnownFileType = sourcecode.swift; path = KeyType.swift; sourceTree = "<group>"; };
		1D73AFCB2C6FD63300308356 /* TypeAliases.swift */ = {isa = PBXFileReference; fileEncoding = 4; lastKnownFileType = sourcecode.swift; path = TypeAliases.swift; sourceTree = "<group>"; };
		1D73AFD22C6FD64400308356 /* KeyProtocol.swift */ = {isa = PBXFileReference; fileEncoding = 4; lastKnownFileType = sourcecode.swift; path = KeyProtocol.swift; sourceTree = "<group>"; };
		1D73AFD32C6FD64400308356 /* KeyShapeProtocol.swift */ = {isa = PBXFileReference; fileEncoding = 4; lastKnownFileType = sourcecode.swift; path = KeyShapeProtocol.swift; sourceTree = "<group>"; };
		1D73AFD42C6FD64400308356 /* KeyShapeGroupProtocol.swift */ = {isa = PBXFileReference; fileEncoding = 4; lastKnownFileType = sourcecode.swift; path = KeyShapeGroupProtocol.swift; sourceTree = "<group>"; };
		1D73AFE72C6FD64400308356 /* Key.swift */ = {isa = PBXFileReference; fileEncoding = 4; lastKnownFileType = sourcecode.swift; path = Key.swift; sourceTree = "<group>"; };
		1D84A53F2C2DC8150073F0C8 /* ComboTests.playground */ = {isa = PBXFileReference; lastKnownFileType = file.playground; path = ComboTests.playground; sourceTree = "<group>"; xcLanguageSpecificationIdentifier = xcode.lang.swift; };
		1D898D242C9A9B3600C5AA18 /* DetailRow.swift */ = {isa = PBXFileReference; lastKnownFileType = sourcecode.swift; path = DetailRow.swift; sourceTree = "<group>"; };
		1D8F4E1E2C8B768F000DEF30 /* Root.swift */ = {isa = PBXFileReference; lastKnownFileType = sourcecode.swift; path = Root.swift; sourceTree = "<group>"; };
		1D965F432CC40E8300C387BF /* ChordAndScaleProperty.swift */ = {isa = PBXFileReference; lastKnownFileType = sourcecode.swift; path = ChordAndScaleProperty.swift; sourceTree = "<group>"; };
		1D9FC80E2C8A418C00B07BBB /* Note.swift */ = {isa = PBXFileReference; lastKnownFileType = sourcecode.swift; name = Note.swift; path = "ChordCombiner-SwiftUI/Models/Music Theory Models/Notes/Note.swift"; sourceTree = SOURCE_ROOT; };
		1DA965CE2CBECD1D00368651 /* CustomChordMenuSelectedView.swift */ = {isa = PBXFileReference; lastKnownFileType = sourcecode.swift; path = CustomChordMenuSelectedView.swift; sourceTree = "<group>"; };
		1DABBE112CB5827D0039F325 /* KeyShapePaths.swift */ = {isa = PBXFileReference; lastKnownFileType = sourcecode.swift; path = KeyShapePaths.swift; sourceTree = "<group>"; };
		1DABBE132CB58A930039F325 /* KeyShape.swift */ = {isa = PBXFileReference; lastKnownFileType = sourcecode.swift; path = KeyShape.swift; sourceTree = "<group>"; };
		1DB357442CBD9EF000A5D6B3 /* CustomChordMenuHelper.swift */ = {isa = PBXFileReference; lastKnownFileType = sourcecode.swift; path = CustomChordMenuHelper.swift; sourceTree = "<group>"; };
		1DB357462CBDA49C00A5D6B3 /* CustomChordMenuKeyboardDisplayScrollView.swift */ = {isa = PBXFileReference; lastKnownFileType = sourcecode.swift; path = CustomChordMenuKeyboardDisplayScrollView.swift; sourceTree = "<group>"; };
		1DB4AA3F2CB8A57E006FD1C5 /* TitleView.swift */ = {isa = PBXFileReference; lastKnownFileType = sourcecode.swift; path = TitleView.swift; sourceTree = "<group>"; };
		1DB4AA432CB8BEF9006FD1C5 /* ChordTypeSectionTitleView.swift */ = {isa = PBXFileReference; lastKnownFileType = sourcecode.swift; path = ChordTypeSectionTitleView.swift; sourceTree = "<group>"; };
		1DBD4C5F2C58364A00F4015C /* Chord.swift */ = {isa = PBXFileReference; lastKnownFileType = sourcecode.swift; path = Chord.swift; sourceTree = "<group>"; };
		1DBE1C2E2C25D3C8008DCBDF /* FileManager.swift */ = {isa = PBXFileReference; fileEncoding = 4; lastKnownFileType = sourcecode.swift; path = FileManager.swift; sourceTree = "<group>"; };
		1DC6A0732CC55E660053068C /* ChordPropertyTagView.swift */ = {isa = PBXFileReference; lastKnownFileType = sourcecode.swift; path = ChordPropertyTagView.swift; sourceTree = "<group>"; };
		1DC6A0752CC566950053068C /* CustomChordMenuTagsView.swift */ = {isa = PBXFileReference; lastKnownFileType = sourcecode.swift; path = CustomChordMenuTagsView.swift; sourceTree = "<group>"; };
		1DC6A07D2CC57A4E0053068C /* CustomChordMenuKeyboardDisplayRow.swift */ = {isa = PBXFileReference; lastKnownFileType = sourcecode.swift; path = CustomChordMenuKeyboardDisplayRow.swift; sourceTree = "<group>"; };
		1DC8313A2CB4A66600481996 /* ViewModifiers.swift */ = {isa = PBXFileReference; lastKnownFileType = sourcecode.swift; path = ViewModifiers.swift; sourceTree = "<group>"; };
		1DD297C62C9902B6001984EF /* DualChordDetailView.swift */ = {isa = PBXFileReference; lastKnownFileType = sourcecode.swift; path = DualChordDetailView.swift; sourceTree = "<group>"; };
		1DD507552CB97D080085288B /* HighlightableTagView.swift */ = {isa = PBXFileReference; lastKnownFileType = sourcecode.swift; path = HighlightableTagView.swift; sourceTree = "<group>"; };
		1DD507572CB981EB0085288B /* TitleColorDivider.swift */ = {isa = PBXFileReference; lastKnownFileType = sourcecode.swift; path = TitleColorDivider.swift; sourceTree = "<group>"; };
		1DE3FF172CBF1D580037C354 /* MultiChordKeyboardHighlighter.swift */ = {isa = PBXFileReference; lastKnownFileType = sourcecode.swift; path = MultiChordKeyboardHighlighter.swift; sourceTree = "<group>"; };
		1DE53BE32CADE67000CC27DE /* ChordSectionTagsView.swift */ = {isa = PBXFileReference; lastKnownFileType = sourcecode.swift; path = ChordSectionTagsView.swift; sourceTree = "<group>"; };
		1DE53BE52CADE74900CC27DE /* LetterTagsView.swift */ = {isa = PBXFileReference; lastKnownFileType = sourcecode.swift; path = LetterTagsView.swift; sourceTree = "<group>"; };
		1DE53BE72CADE7DD00CC27DE /* AccidentalTagsView.swift */ = {isa = PBXFileReference; lastKnownFileType = sourcecode.swift; path = AccidentalTagsView.swift; sourceTree = "<group>"; };
		1DE53BE92CADE84D00CC27DE /* KeyboardDisplayView.swift */ = {isa = PBXFileReference; lastKnownFileType = sourcecode.swift; path = KeyboardDisplayView.swift; sourceTree = "<group>"; };
		1DE53BEB2CADEBE000CC27DE /* KeyboardDisplayScrollView.swift */ = {isa = PBXFileReference; lastKnownFileType = sourcecode.swift; path = KeyboardDisplayScrollView.swift; sourceTree = "<group>"; };
		1DE53BED2CADEC4200CC27DE /* ChordTypeSectionView.swift */ = {isa = PBXFileReference; lastKnownFileType = sourcecode.swift; path = ChordTypeSectionView.swift; sourceTree = "<group>"; };
		1DE53BEF2CADEDEC00CC27DE /* ChordAndKeySelectionView.swift */ = {isa = PBXFileReference; lastKnownFileType = sourcecode.swift; path = ChordAndKeySelectionView.swift; sourceTree = "<group>"; };
		1DE6CA0B2C79A6AE00D39604 /* SingleChordKeyboardView.swift */ = {isa = PBXFileReference; lastKnownFileType = sourcecode.swift; path = SingleChordKeyboardView.swift; sourceTree = "<group>"; };
		1DED5E3A2C8FFA0400F6C219 /* ChordType addition scratchpad.md */ = {isa = PBXFileReference; fileEncoding = 4; lastKnownFileType = net.daringfireball.markdown; path = "ChordType addition scratchpad.md"; sourceTree = "<group>"; };
		1DFD9D4E2C5AA4330006333D /* ChordType.swift */ = {isa = PBXFileReference; lastKnownFileType = sourcecode.swift; path = ChordType.swift; sourceTree = "<group>"; };
/* End PBXFileReference section */

/* Begin PBXFrameworksBuildPhase section */
		1D5F69D32C2481E600193B58 /* Frameworks */ = {
			isa = PBXFrameworksBuildPhase;
			buildActionMask = 2147483647;
			files = (
				1DC11F732CA133E400263FF8 /* Algorithms in Frameworks */,
			);
			runOnlyForDeploymentPostprocessing = 0;
		};
/* End PBXFrameworksBuildPhase section */

/* Begin PBXGroup section */
		1D2214192C251759003953BD /* Menus */ = {
			isa = PBXGroup;
			children = (
				1D1919492C5C43F200B0C932 /* ChordMenu.swift */,
				1D7281F62CBADFF000C6DBE3 /* CustomChordMenu */,
			);
			path = Menus;
			sourceTree = "<group>";
		};
		1D2507602C24CC11001416AF /* Pickers */ = {
			isa = PBXGroup;
			children = (
				1D2507612C24CC68001416AF /* AccidentalPicker.swift */,
				1D25075E2C24CC0D001416AF /* LetterPicker.swift */,
				1D1919472C5C434A00B0C932 /* ChordTypePicker.swift */,
			);
			path = Pickers;
			sourceTree = "<group>";
		};
		1D5F69CD2C2481E600193B58 = {
			isa = PBXGroup;
			children = (
				1D5F69D82C2481E600193B58 /* ChordCombiner-SwiftUI */,
				1D5F69D72C2481E600193B58 /* Products */,
			);
			sourceTree = "<group>";
		};
		1D5F69D72C2481E600193B58 /* Products */ = {
			isa = PBXGroup;
			children = (
				1D5F69D62C2481E600193B58 /* ChordCombiner-SwiftUI.app */,
			);
			name = Products;
			sourceTree = "<group>";
		};
		1D5F69D82C2481E600193B58 /* ChordCombiner-SwiftUI */ = {
			isa = PBXGroup;
			children = (
				1D84A53E2C2DC7900073F0C8 /* Playgrounds */,
				1D5F69D92C2481E600193B58 /* ChordCombiner_SwiftUIApp.swift */,
				1D5F6AA42C24830200193B58 /* Views */,
				1D5F6AA52C2483E700193B58 /* Models */,
				1D5F6AA12C2482AD00193B58 /* Custom Extensions */,
				1DED5E3A2C8FFA0400F6C219 /* ChordType addition scratchpad.md */,
				1D5F69DD2C2481E700193B58 /* Assets.xcassets */,
				1D5F69DF2C2481E700193B58 /* Preview Content */,
			);
			path = "ChordCombiner-SwiftUI";
			sourceTree = "<group>";
		};
		1D5F69DF2C2481E700193B58 /* Preview Content */ = {
			isa = PBXGroup;
			children = (
				1D5F69E02C2481E700193B58 /* Preview Assets.xcassets */,
			);
			path = "Preview Content";
			sourceTree = "<group>";
		};
		1D5F6AA12C2482AD00193B58 /* Custom Extensions */ = {
			isa = PBXGroup;
			children = (
				1D5F6A1B2C24829400193B58 /* Array Extensions.swift */,
				1D5F6AA22C2482D300193B58 /* Colors.swift */,
				1DBE1C2E2C25D3C8008DCBDF /* FileManager.swift */,
				1D5F69F82C24829200193B58 /* Math Extensions.swift */,
				1D5F6A262C24829400193B58 /* Typealiases.swift */,
				1DC8313A2CB4A66600481996 /* ViewModifiers.swift */,
			);
			path = "Custom Extensions";
			sourceTree = "<group>";
		};
		1D5F6AA42C24830200193B58 /* Views */ = {
			isa = PBXGroup;
			children = (
				1D036C3F2C7A71AC0088ACD4 /* ContentView.swift */,
				1D46C92A2C77B7400014D00B /* MultiChordKeyboardView.swift */,
				1D48EBCB2C9F50B800FCD4D1 /* SingleChordKeyboardMenuView.swift */,
				1DE6CA0B2C79A6AE00D39604 /* SingleChordKeyboardView.swift */,
				1DD297C62C9902B6001984EF /* DualChordDetailView.swift */,
				1D46C9322C77EB950014D00B /* DualKeyboardView.swift */,
				1D898D242C9A9B3600C5AA18 /* DetailRow.swift */,
				1DB4AA3F2CB8A57E006FD1C5 /* TitleView.swift */,
				1DD507572CB981EB0085288B /* TitleColorDivider.swift */,
				1DE53BE22CADE63600CC27DE /* AllChords */,
				1D2214192C251759003953BD /* Menus */,
				1D2507602C24CC11001416AF /* Pickers */,
				1DB6EC3A2C778FDB008A23BC /* Keyboard Views */,
			);
			path = Views;
			sourceTree = "<group>";
		};
		1D5F6AA52C2483E700193B58 /* Models */ = {
			isa = PBXGroup;
			children = (
				1DB6EC382C778F80008A23BC /* Keyboard Models */,
				1DB6EC392C778FA1008A23BC /* Music Theory Models */,
			);
			path = Models;
			sourceTree = "<group>";
		};
		1D5F6AA62C2483EC00193B58 /* Chords */ = {
			isa = PBXGroup;
			children = (
				1DBD4C5F2C58364A00F4015C /* Chord.swift */,
				1D3EA8A72C93644700A6430C /* VoicingCalculator.swift */,
				1D65C9622C5BFAA100DB7E3A /* ChordFactory.swift */,
				1D350EF72C779358007D8F85 /* MultiChord.swift */,
				1D46C92F2C77CE530014D00B /* MultiChordVoicingCalculator.swift */,
				1DE3FF172CBF1D580037C354 /* MultiChordKeyboardHighlighter.swift */,
				1DFD9D4E2C5AA4330006333D /* ChordType.swift */,
				1D5F6AAD2C24847600193B58 /* Chord Enums */,
				1D5F6AAC2C24846700193B58 /* Chord Protocols */,
			);
			path = Chords;
			sourceTree = "<group>";
		};
		1D5F6AA72C2483F600193B58 /* Notes */ = {
			isa = PBXGroup;
			children = (
				1D9FC80E2C8A418C00B07BBB /* Note.swift */,
				1D8F4E1E2C8B768F000DEF30 /* Root.swift */,
				1D5F6ABF2C2488C600193B58 /* Note Protocols and Helpers */,
				1D5F6AC12C2488DF00193B58 /* Note Enums */,
			);
			path = Notes;
			sourceTree = "<group>";
		};
		1D5F6AAC2C24846700193B58 /* Chord Protocols */ = {
			isa = PBXGroup;
			children = (
				1D5F6A322C24829400193B58 /* RootNote.swift */,
				1D0D63002C949E9300910CBF /* DegreeAndPitchOperator.swift */,
				1D5F6A162C24829300193B58 /* ChordsAndScales.swift */,
			);
			path = "Chord Protocols";
			sourceTree = "<group>";
		};
		1D5F6AAD2C24847600193B58 /* Chord Enums */ = {
			isa = PBXGroup;
			children = (
				1D5F6A342C24829400193B58 /* Degree.swift */,
				1D5F6A092C24829300193B58 /* Interval.swift */,
				1D5F6AAE2C2484B100193B58 /* ChordDegrees */,
			);
			path = "Chord Enums";
			sourceTree = "<group>";
		};
		1D5F6AAE2C2484B100193B58 /* ChordDegrees */ = {
			isa = PBXGroup;
			children = (
				1D5F69F32C24829200193B58 /* ChordDegrees.swift */,
				1D5F6A252C24829400193B58 /* ChordDegrees.TCArray.swift */,
			);
			path = ChordDegrees;
			sourceTree = "<group>";
		};
		1D5F6ABF2C2488C600193B58 /* Note Protocols and Helpers */ = {
			isa = PBXGroup;
			children = (
				1D5F6A232C24829400193B58 /* KeyName.swift */,
				1D5F69F72C24829200193B58 /* KeyName.RootKeyNote.swift */,
				1D5F6A202C24829400193B58 /* KeySwitch.swift */,
				1D965F432CC40E8300C387BF /* ChordAndScaleProperty.swift */,
			);
			path = "Note Protocols and Helpers";
			sourceTree = "<group>";
		};
		1D5F6AC12C2488DF00193B58 /* Note Enums */ = {
			isa = PBXGroup;
			children = (
				1D5F6A1D2C24829400193B58 /* Accidental.swift */,
				1D5F69F22C24829200193B58 /* Enharmonic.swift */,
				1D5F69FF2C24829300193B58 /* Letter.swift */,
				1D5F6A152C24829300193B58 /* NoteNum.swift */,
			);
			path = "Note Enums";
			sourceTree = "<group>";
		};
		1D7281F62CBADFF000C6DBE3 /* CustomChordMenu */ = {
			isa = PBXGroup;
			children = (
				1DA965CE2CBECD1D00368651 /* CustomChordMenuSelectedView.swift */,
				1D7281F42CBADC2300C6DBE3 /* CustomChordMenu.swift */,
				1DC6A0752CC566950053068C /* CustomChordMenuTagsView.swift */,
				1DC6A0732CC55E660053068C /* ChordPropertyTagView.swift */,
				1DB357462CBDA49C00A5D6B3 /* CustomChordMenuKeyboardDisplayScrollView.swift */,
				1DC6A07D2CC57A4E0053068C /* CustomChordMenuKeyboardDisplayRow.swift */,
				1DB357442CBD9EF000A5D6B3 /* CustomChordMenuHelper.swift */,
			);
			path = CustomChordMenu;
			sourceTree = "<group>";
		};
		1D73AFD52C6FD64400308356 /* Key Protocols */ = {
			isa = PBXGroup;
			children = (
				1D73AFD22C6FD64400308356 /* KeyProtocol.swift */,
				1D73AFD32C6FD64400308356 /* KeyShapeProtocol.swift */,
				1D73AFD42C6FD64400308356 /* KeyShapeGroupProtocol.swift */,
			);
			path = "Key Protocols";
			sourceTree = "<group>";
		};
		1D73AFE82C6FD64400308356 /* Keys */ = {
			isa = PBXGroup;
			children = (
				1D73AFE72C6FD64400308356 /* Key.swift */,
				1D0967F42CB59CC700600325 /* KeyShapeGroup.swift */,
				1DABBE132CB58A930039F325 /* KeyShape.swift */,
				1DABBE112CB5827D0039F325 /* KeyShapePaths.swift */,
				1D73AFD52C6FD64400308356 /* Key Protocols */,
			);
			path = Keys;
			sourceTree = "<group>";
		};
		1D84A53E2C2DC7900073F0C8 /* Playgrounds */ = {
			isa = PBXGroup;
			children = (
				1D84A53F2C2DC8150073F0C8 /* ComboTests.playground */,
			);
			path = Playgrounds;
			sourceTree = "<group>";
		};
		1DB6EC382C778F80008A23BC /* Keyboard Models */ = {
			isa = PBXGroup;
			children = (
				1D73AFC72C6FD63300308356 /* Constants.swift */,
				1D73AFCA2C6FD63300308356 /* KeyType.swift */,
				1D73AFCB2C6FD63300308356 /* TypeAliases.swift */,
			);
			path = "Keyboard Models";
			sourceTree = "<group>";
		};
		1DB6EC392C778FA1008A23BC /* Music Theory Models */ = {
			isa = PBXGroup;
			children = (
				1D5F6AA62C2483EC00193B58 /* Chords */,
				1D5F6AA72C2483F600193B58 /* Notes */,
			);
			path = "Music Theory Models";
			sourceTree = "<group>";
		};
		1DB6EC3A2C778FDB008A23BC /* Keyboard Views */ = {
			isa = PBXGroup;
			children = (
				1D73AFBD2C6FD37400308356 /* Keyboard.swift */,
				1D73AFE82C6FD64400308356 /* Keys */,
			);
			path = "Keyboard Views";
			sourceTree = "<group>";
		};
		1DE53BE22CADE63600CC27DE /* AllChords */ = {
			isa = PBXGroup;
			children = (
				1D3B70502CA5CA4B008DB232 /* AllChordsView.swift */,
				1DE53BEF2CADEDEC00CC27DE /* ChordAndKeySelectionView.swift */,
				1DE53BE32CADE67000CC27DE /* ChordSectionTagsView.swift */,
				1DE53BE72CADE7DD00CC27DE /* AccidentalTagsView.swift */,
				1DE53BE52CADE74900CC27DE /* LetterTagsView.swift */,
				1DD507552CB97D080085288B /* HighlightableTagView.swift */,
				1DE53BED2CADEC4200CC27DE /* ChordTypeSectionView.swift */,
				1DE53BEB2CADEBE000CC27DE /* KeyboardDisplayScrollView.swift */,
				1DB4AA432CB8BEF9006FD1C5 /* ChordTypeSectionTitleView.swift */,
				1DE53BE92CADE84D00CC27DE /* KeyboardDisplayView.swift */,
			);
			path = AllChords;
			sourceTree = "<group>";
		};
/* End PBXGroup section */

/* Begin PBXNativeTarget section */
		1D5F69D52C2481E600193B58 /* ChordCombiner-SwiftUI */ = {
			isa = PBXNativeTarget;
			buildConfigurationList = 1D5F69E42C2481E700193B58 /* Build configuration list for PBXNativeTarget "ChordCombiner-SwiftUI" */;
			buildPhases = (
				1D5F69D22C2481E600193B58 /* Sources */,
				1D5F69D32C2481E600193B58 /* Frameworks */,
				1D5F69D42C2481E600193B58 /* Resources */,
			);
			buildRules = (
			);
			dependencies = (
			);
			name = "ChordCombiner-SwiftUI";
			productName = "ChordCombiner-SwiftUI-v1";
			productReference = 1D5F69D62C2481E600193B58 /* ChordCombiner-SwiftUI.app */;
			productType = "com.apple.product-type.application";
		};
/* End PBXNativeTarget section */

/* Begin PBXProject section */
		1D5F69CE2C2481E600193B58 /* Project object */ = {
			isa = PBXProject;
			attributes = {
				BuildIndependentTargetsInParallel = 1;
				LastSwiftUpdateCheck = 1520;
				LastUpgradeCheck = 1520;
				TargetAttributes = {
					1D5F69D52C2481E600193B58 = {
						CreatedOnToolsVersion = 15.2;
					};
				};
			};
			buildConfigurationList = 1D5F69D12C2481E600193B58 /* Build configuration list for PBXProject "ChordCombiner-SwiftUI" */;
			compatibilityVersion = "Xcode 14.0";
			developmentRegion = en;
			hasScannedForEncodings = 0;
			knownRegions = (
				en,
				Base,
			);
			mainGroup = 1D5F69CD2C2481E600193B58;
			packageReferences = (
				1DC11F712CA133E400263FF8 /* XCRemoteSwiftPackageReference "swift-algorithms" */,
			);
			productRefGroup = 1D5F69D72C2481E600193B58 /* Products */;
			projectDirPath = "";
			projectRoot = "";
			targets = (
				1D5F69D52C2481E600193B58 /* ChordCombiner-SwiftUI */,
			);
		};
/* End PBXProject section */

/* Begin PBXResourcesBuildPhase section */
		1D5F69D42C2481E600193B58 /* Resources */ = {
			isa = PBXResourcesBuildPhase;
			buildActionMask = 2147483647;
			files = (
				1D5F69E12C2481E700193B58 /* Preview Assets.xcassets in Resources */,
				1DED5E3B2C8FFA0400F6C219 /* ChordType addition scratchpad.md in Resources */,
				1D5F69DE2C2481E700193B58 /* Assets.xcassets in Resources */,
			);
			runOnlyForDeploymentPostprocessing = 0;
		};
/* End PBXResourcesBuildPhase section */

/* Begin PBXSourcesBuildPhase section */
		1D5F69D22C2481E600193B58 /* Sources */ = {
			isa = PBXSourcesBuildPhase;
			buildActionMask = 2147483647;
			files = (
				1D0D63012C949E9300910CBF /* DegreeAndPitchOperator.swift in Sources */,
				1D5F6A782C24829500193B58 /* Array Extensions.swift in Sources */,
				1D5F6A502C24829500193B58 /* ChordDegrees.swift in Sources */,
				1D19194A2C5C43F200B0C932 /* ChordMenu.swift in Sources */,
				1D350EF82C779358007D8F85 /* MultiChord.swift in Sources */,
				1D5F6A7A2C24829500193B58 /* Accidental.swift in Sources */,
				1D5F6A802C24829500193B58 /* KeyName.swift in Sources */,
				1DE53BF02CADEDEC00CC27DE /* ChordAndKeySelectionView.swift in Sources */,
				1D8F4E1F2C8B768F000DEF30 /* Root.swift in Sources */,
				1DE3FF182CBF1D580037C354 /* MultiChordKeyboardHighlighter.swift in Sources */,
				1D73AFFB2C6FD64400308356 /* Key.swift in Sources */,
				1DABBE142CB58A930039F325 /* KeyShape.swift in Sources */,
				1DB357452CBD9EF000A5D6B3 /* CustomChordMenuHelper.swift in Sources */,
				1D9FC80F2C8A418C00B07BBB /* Note.swift in Sources */,
				1DE6CA0C2C79A6AE00D39604 /* SingleChordKeyboardView.swift in Sources */,
				1D5F6AA32C2482D300193B58 /* Colors.swift in Sources */,
				1DC8313B2CB4A66600481996 /* ViewModifiers.swift in Sources */,
				1D73AFBE2C6FD37400308356 /* Keyboard.swift in Sources */,
				1D1919482C5C434A00B0C932 /* ChordTypePicker.swift in Sources */,
				1D48EBCC2C9F50B800FCD4D1 /* SingleChordKeyboardMenuView.swift in Sources */,
				1D46C9302C77CE530014D00B /* MultiChordVoicingCalculator.swift in Sources */,
				1D73AFEA2C6FD64400308356 /* KeyShapeProtocol.swift in Sources */,
				1D73AFEB2C6FD64400308356 /* KeyShapeGroupProtocol.swift in Sources */,
				1DB4AA442CB8BEF9006FD1C5 /* ChordTypeSectionTitleView.swift in Sources */,
				1D5F6A662C24829500193B58 /* Interval.swift in Sources */,
				1DBE1C2F2C25D3C8008DCBDF /* FileManager.swift in Sources */,
				1D5F6A552C24829500193B58 /* Math Extensions.swift in Sources */,
				1DABBE122CB5827D0039F325 /* KeyShapePaths.swift in Sources */,
				1D25075F2C24CC0D001416AF /* LetterPicker.swift in Sources */,
				1D5F6A7D2C24829500193B58 /* KeySwitch.swift in Sources */,
				1DE53BEA2CADE84D00CC27DE /* KeyboardDisplayView.swift in Sources */,
				1D2507622C24CC68001416AF /* AccidentalPicker.swift in Sources */,
				1D5F6A822C24829500193B58 /* ChordDegrees.TCArray.swift in Sources */,
				1DE53BE82CADE7DD00CC27DE /* AccidentalTagsView.swift in Sources */,
				1D46C92B2C77B7400014D00B /* MultiChordKeyboardView.swift in Sources */,
				1DA965CF2CBECD1D00368651 /* CustomChordMenuSelectedView.swift in Sources */,
				1D5F6A4F2C24829500193B58 /* Enharmonic.swift in Sources */,
				1D965F442CC40E8300C387BF /* ChordAndScaleProperty.swift in Sources */,
				1D3B70512CA5CA4B008DB232 /* AllChordsView.swift in Sources */,
				1DD507582CB981EB0085288B /* TitleColorDivider.swift in Sources */,
				1DBD4C602C58364A00F4015C /* Chord.swift in Sources */,
				1D3EA8A82C93644700A6430C /* VoicingCalculator.swift in Sources */,
				1D73AFE92C6FD64400308356 /* KeyProtocol.swift in Sources */,
				1D73AFD12C6FD63300308356 /* TypeAliases.swift in Sources */,
				1DD297C72C9902B6001984EF /* DualChordDetailView.swift in Sources */,
				1D73AFCD2C6FD63300308356 /* Constants.swift in Sources */,
				1DC6A0762CC566950053068C /* CustomChordMenuTagsView.swift in Sources */,
				1D0967F52CB59CC700600325 /* KeyShapeGroup.swift in Sources */,
				1DE53BE62CADE74900CC27DE /* LetterTagsView.swift in Sources */,
				1D5F6A732C24829500193B58 /* ChordsAndScales.swift in Sources */,
				1D898D252C9A9B3600C5AA18 /* DetailRow.swift in Sources */,
				1DE53BE42CADE67000CC27DE /* ChordSectionTagsView.swift in Sources */,
				1D73AFD02C6FD63300308356 /* KeyType.swift in Sources */,
				1D7281F52CBADC2300C6DBE3 /* CustomChordMenu.swift in Sources */,
				1D5F6A912C24829500193B58 /* Degree.swift in Sources */,
				1DE53BEC2CADEBE000CC27DE /* KeyboardDisplayScrollView.swift in Sources */,
				1D036C402C7A71AC0088ACD4 /* ContentView.swift in Sources */,
				1D5F6A5C2C24829500193B58 /* Letter.swift in Sources */,
				1DFD9D4F2C5AA4330006333D /* ChordType.swift in Sources */,
				1D5F6A722C24829500193B58 /* NoteNum.swift in Sources */,
				1DC6A0742CC55E660053068C /* ChordPropertyTagView.swift in Sources */,
				1DC6A07E2CC57A4E0053068C /* CustomChordMenuKeyboardDisplayRow.swift in Sources */,
				1D5F6A542C24829500193B58 /* KeyName.RootKeyNote.swift in Sources */,
				1D65C9632C5BFAA100DB7E3A /* ChordFactory.swift in Sources */,
				1D5F69DA2C2481E600193B58 /* ChordCombiner_SwiftUIApp.swift in Sources */,
				1DD507562CB97D080085288B /* HighlightableTagView.swift in Sources */,
				1D5F6A832C24829500193B58 /* Typealiases.swift in Sources */,
				1DB357472CBDA49C00A5D6B3 /* CustomChordMenuKeyboardDisplayScrollView.swift in Sources */,
				1D46C9332C77EB950014D00B /* DualKeyboardView.swift in Sources */,
				1D5F6A8F2C24829500193B58 /* RootNote.swift in Sources */,
				1DE53BEE2CADEC4200CC27DE /* ChordTypeSectionView.swift in Sources */,
				1DB4AA402CB8A57E006FD1C5 /* TitleView.swift in Sources */,
			);
			runOnlyForDeploymentPostprocessing = 0;
		};
/* End PBXSourcesBuildPhase section */

/* Begin XCBuildConfiguration section */
		1D5F69E22C2481E700193B58 /* Debug */ = {
			isa = XCBuildConfiguration;
			buildSettings = {
				ALWAYS_SEARCH_USER_PATHS = NO;
				ASSETCATALOG_COMPILER_GENERATE_SWIFT_ASSET_SYMBOL_EXTENSIONS = YES;
				CLANG_ANALYZER_NONNULL = YES;
				CLANG_ANALYZER_NUMBER_OBJECT_CONVERSION = YES_AGGRESSIVE;
				CLANG_CXX_LANGUAGE_STANDARD = "gnu++20";
				CLANG_ENABLE_MODULES = YES;
				CLANG_ENABLE_OBJC_ARC = YES;
				CLANG_ENABLE_OBJC_WEAK = YES;
				CLANG_WARN_BLOCK_CAPTURE_AUTORELEASING = YES;
				CLANG_WARN_BOOL_CONVERSION = YES;
				CLANG_WARN_COMMA = YES;
				CLANG_WARN_CONSTANT_CONVERSION = YES;
				CLANG_WARN_DEPRECATED_OBJC_IMPLEMENTATIONS = YES;
				CLANG_WARN_DIRECT_OBJC_ISA_USAGE = YES_ERROR;
				CLANG_WARN_DOCUMENTATION_COMMENTS = YES;
				CLANG_WARN_EMPTY_BODY = YES;
				CLANG_WARN_ENUM_CONVERSION = YES;
				CLANG_WARN_INFINITE_RECURSION = YES;
				CLANG_WARN_INT_CONVERSION = YES;
				CLANG_WARN_NON_LITERAL_NULL_CONVERSION = YES;
				CLANG_WARN_OBJC_IMPLICIT_RETAIN_SELF = YES;
				CLANG_WARN_OBJC_LITERAL_CONVERSION = YES;
				CLANG_WARN_OBJC_ROOT_CLASS = YES_ERROR;
				CLANG_WARN_QUOTED_INCLUDE_IN_FRAMEWORK_HEADER = YES;
				CLANG_WARN_RANGE_LOOP_ANALYSIS = YES;
				CLANG_WARN_STRICT_PROTOTYPES = YES;
				CLANG_WARN_SUSPICIOUS_MOVE = YES;
				CLANG_WARN_UNGUARDED_AVAILABILITY = YES_AGGRESSIVE;
				CLANG_WARN_UNREACHABLE_CODE = YES;
				CLANG_WARN__DUPLICATE_METHOD_MATCH = YES;
				COPY_PHASE_STRIP = NO;
				DEBUG_INFORMATION_FORMAT = dwarf;
				ENABLE_STRICT_OBJC_MSGSEND = YES;
				ENABLE_TESTABILITY = YES;
				ENABLE_USER_SCRIPT_SANDBOXING = YES;
				GCC_C_LANGUAGE_STANDARD = gnu17;
				GCC_DYNAMIC_NO_PIC = NO;
				GCC_NO_COMMON_BLOCKS = YES;
				GCC_OPTIMIZATION_LEVEL = 0;
				GCC_PREPROCESSOR_DEFINITIONS = (
					"DEBUG=1",
					"$(inherited)",
				);
				GCC_WARN_64_TO_32_BIT_CONVERSION = YES;
				GCC_WARN_ABOUT_RETURN_TYPE = YES_ERROR;
				GCC_WARN_UNDECLARED_SELECTOR = YES;
				GCC_WARN_UNINITIALIZED_AUTOS = YES_AGGRESSIVE;
				GCC_WARN_UNUSED_FUNCTION = YES;
				GCC_WARN_UNUSED_VARIABLE = YES;
				IPHONEOS_DEPLOYMENT_TARGET = 17.2;
				LOCALIZATION_PREFERS_STRING_CATALOGS = YES;
				MTL_ENABLE_DEBUG_INFO = INCLUDE_SOURCE;
				MTL_FAST_MATH = YES;
				ONLY_ACTIVE_ARCH = YES;
				SDKROOT = iphoneos;
				SWIFT_ACTIVE_COMPILATION_CONDITIONS = "DEBUG $(inherited)";
				SWIFT_OPTIMIZATION_LEVEL = "-Onone";
			};
			name = Debug;
		};
		1D5F69E32C2481E700193B58 /* Release */ = {
			isa = XCBuildConfiguration;
			buildSettings = {
				ALWAYS_SEARCH_USER_PATHS = NO;
				ASSETCATALOG_COMPILER_GENERATE_SWIFT_ASSET_SYMBOL_EXTENSIONS = YES;
				CLANG_ANALYZER_NONNULL = YES;
				CLANG_ANALYZER_NUMBER_OBJECT_CONVERSION = YES_AGGRESSIVE;
				CLANG_CXX_LANGUAGE_STANDARD = "gnu++20";
				CLANG_ENABLE_MODULES = YES;
				CLANG_ENABLE_OBJC_ARC = YES;
				CLANG_ENABLE_OBJC_WEAK = YES;
				CLANG_WARN_BLOCK_CAPTURE_AUTORELEASING = YES;
				CLANG_WARN_BOOL_CONVERSION = YES;
				CLANG_WARN_COMMA = YES;
				CLANG_WARN_CONSTANT_CONVERSION = YES;
				CLANG_WARN_DEPRECATED_OBJC_IMPLEMENTATIONS = YES;
				CLANG_WARN_DIRECT_OBJC_ISA_USAGE = YES_ERROR;
				CLANG_WARN_DOCUMENTATION_COMMENTS = YES;
				CLANG_WARN_EMPTY_BODY = YES;
				CLANG_WARN_ENUM_CONVERSION = YES;
				CLANG_WARN_INFINITE_RECURSION = YES;
				CLANG_WARN_INT_CONVERSION = YES;
				CLANG_WARN_NON_LITERAL_NULL_CONVERSION = YES;
				CLANG_WARN_OBJC_IMPLICIT_RETAIN_SELF = YES;
				CLANG_WARN_OBJC_LITERAL_CONVERSION = YES;
				CLANG_WARN_OBJC_ROOT_CLASS = YES_ERROR;
				CLANG_WARN_QUOTED_INCLUDE_IN_FRAMEWORK_HEADER = YES;
				CLANG_WARN_RANGE_LOOP_ANALYSIS = YES;
				CLANG_WARN_STRICT_PROTOTYPES = YES;
				CLANG_WARN_SUSPICIOUS_MOVE = YES;
				CLANG_WARN_UNGUARDED_AVAILABILITY = YES_AGGRESSIVE;
				CLANG_WARN_UNREACHABLE_CODE = YES;
				CLANG_WARN__DUPLICATE_METHOD_MATCH = YES;
				COPY_PHASE_STRIP = NO;
				DEBUG_INFORMATION_FORMAT = "dwarf-with-dsym";
				ENABLE_NS_ASSERTIONS = NO;
				ENABLE_STRICT_OBJC_MSGSEND = YES;
				ENABLE_USER_SCRIPT_SANDBOXING = YES;
				GCC_C_LANGUAGE_STANDARD = gnu17;
				GCC_NO_COMMON_BLOCKS = YES;
				GCC_WARN_64_TO_32_BIT_CONVERSION = YES;
				GCC_WARN_ABOUT_RETURN_TYPE = YES_ERROR;
				GCC_WARN_UNDECLARED_SELECTOR = YES;
				GCC_WARN_UNINITIALIZED_AUTOS = YES_AGGRESSIVE;
				GCC_WARN_UNUSED_FUNCTION = YES;
				GCC_WARN_UNUSED_VARIABLE = YES;
				IPHONEOS_DEPLOYMENT_TARGET = 17.2;
				LOCALIZATION_PREFERS_STRING_CATALOGS = YES;
				MTL_ENABLE_DEBUG_INFO = NO;
				MTL_FAST_MATH = YES;
				SDKROOT = iphoneos;
				SWIFT_COMPILATION_MODE = wholemodule;
				VALIDATE_PRODUCT = YES;
			};
			name = Release;
		};
		1D5F69E52C2481E700193B58 /* Debug */ = {
			isa = XCBuildConfiguration;
			buildSettings = {
				ASSETCATALOG_COMPILER_APPICON_NAME = AppIcon;
				ASSETCATALOG_COMPILER_GLOBAL_ACCENT_COLOR_NAME = AccentColor;
				CODE_SIGN_STYLE = Automatic;
				CURRENT_PROJECT_VERSION = 1;
				DEVELOPMENT_ASSET_PATHS = "\"ChordCombiner-SwiftUI/Preview Content\"";
				DEVELOPMENT_TEAM = C359E2V4B3;
				ENABLE_PREVIEWS = YES;
				GENERATE_INFOPLIST_FILE = YES;
				INFOPLIST_KEY_CFBundleDisplayName = HarmonyBrain;
				INFOPLIST_KEY_UIApplicationSceneManifest_Generation = YES;
				INFOPLIST_KEY_UIApplicationSupportsIndirectInputEvents = YES;
				INFOPLIST_KEY_UILaunchScreen_Generation = YES;
				INFOPLIST_KEY_UISupportedInterfaceOrientations_iPad = "UIInterfaceOrientationPortrait UIInterfaceOrientationPortraitUpsideDown UIInterfaceOrientationLandscapeLeft UIInterfaceOrientationLandscapeRight";
				INFOPLIST_KEY_UISupportedInterfaceOrientations_iPhone = "UIInterfaceOrientationPortrait UIInterfaceOrientationLandscapeLeft UIInterfaceOrientationLandscapeRight";
				LD_RUNPATH_SEARCH_PATHS = (
					"$(inherited)",
					"@executable_path/Frameworks",
				);
				MARKETING_VERSION = 1.0;
				PRODUCT_BUNDLE_IDENTIFIER = "com.jakesmolowe.ChordCombiner-SwiftUI";
				PRODUCT_NAME = "$(TARGET_NAME)";
				SWIFT_EMIT_LOC_STRINGS = YES;
				SWIFT_VERSION = 5.0;
				TARGETED_DEVICE_FAMILY = "1,2";
			};
			name = Debug;
		};
		1D5F69E62C2481E700193B58 /* Release */ = {
			isa = XCBuildConfiguration;
			buildSettings = {
				ASSETCATALOG_COMPILER_APPICON_NAME = AppIcon;
				ASSETCATALOG_COMPILER_GLOBAL_ACCENT_COLOR_NAME = AccentColor;
				CODE_SIGN_STYLE = Automatic;
				CURRENT_PROJECT_VERSION = 1;
				DEVELOPMENT_ASSET_PATHS = "\"ChordCombiner-SwiftUI/Preview Content\"";
				DEVELOPMENT_TEAM = C359E2V4B3;
				ENABLE_PREVIEWS = YES;
				GENERATE_INFOPLIST_FILE = YES;
				INFOPLIST_KEY_CFBundleDisplayName = HarmonyBrain;
				INFOPLIST_KEY_UIApplicationSceneManifest_Generation = YES;
				INFOPLIST_KEY_UIApplicationSupportsIndirectInputEvents = YES;
				INFOPLIST_KEY_UILaunchScreen_Generation = YES;
				INFOPLIST_KEY_UISupportedInterfaceOrientations_iPad = "UIInterfaceOrientationPortrait UIInterfaceOrientationPortraitUpsideDown UIInterfaceOrientationLandscapeLeft UIInterfaceOrientationLandscapeRight";
				INFOPLIST_KEY_UISupportedInterfaceOrientations_iPhone = "UIInterfaceOrientationPortrait UIInterfaceOrientationLandscapeLeft UIInterfaceOrientationLandscapeRight";
				LD_RUNPATH_SEARCH_PATHS = (
					"$(inherited)",
					"@executable_path/Frameworks",
				);
				MARKETING_VERSION = 1.0;
				PRODUCT_BUNDLE_IDENTIFIER = "com.jakesmolowe.ChordCombiner-SwiftUI";
				PRODUCT_NAME = "$(TARGET_NAME)";
				SWIFT_EMIT_LOC_STRINGS = YES;
				SWIFT_VERSION = 5.0;
				TARGETED_DEVICE_FAMILY = "1,2";
			};
			name = Release;
		};
/* End XCBuildConfiguration section */

/* Begin XCConfigurationList section */
		1D5F69D12C2481E600193B58 /* Build configuration list for PBXProject "ChordCombiner-SwiftUI" */ = {
			isa = XCConfigurationList;
			buildConfigurations = (
				1D5F69E22C2481E700193B58 /* Debug */,
				1D5F69E32C2481E700193B58 /* Release */,
			);
			defaultConfigurationIsVisible = 0;
			defaultConfigurationName = Release;
		};
		1D5F69E42C2481E700193B58 /* Build configuration list for PBXNativeTarget "ChordCombiner-SwiftUI" */ = {
			isa = XCConfigurationList;
			buildConfigurations = (
				1D5F69E52C2481E700193B58 /* Debug */,
				1D5F69E62C2481E700193B58 /* Release */,
			);
			defaultConfigurationIsVisible = 0;
			defaultConfigurationName = Release;
		};
/* End XCConfigurationList section */

/* Begin XCRemoteSwiftPackageReference section */
		1DC11F712CA133E400263FF8 /* XCRemoteSwiftPackageReference "swift-algorithms" */ = {
			isa = XCRemoteSwiftPackageReference;
			repositoryURL = "https://github.com/apple/swift-algorithms.git";
			requirement = {
				kind = upToNextMajorVersion;
				minimumVersion = 1.2.0;
			};
		};
/* End XCRemoteSwiftPackageReference section */

/* Begin XCSwiftPackageProductDependency section */
		1DC11F722CA133E400263FF8 /* Algorithms */ = {
			isa = XCSwiftPackageProductDependency;
			package = 1DC11F712CA133E400263FF8 /* XCRemoteSwiftPackageReference "swift-algorithms" */;
			productName = Algorithms;
		};
/* End XCSwiftPackageProductDependency section */
	};
	rootObject = 1D5F69CE2C2481E600193B58 /* Project object */;
}
