// !$*UTF8*$!
{
	archiveVersion = 1;
	classes = {
	};
	objectVersion = 70;
	objects = {

/* Begin PBXBuildFile section */
		1D0967F52CB59CC700600325 /* KeyShapeGroup.swift in Sources */ = {isa = PBXBuildFile; fileRef = 1D0967F42CB59CC700600325 /* KeyShapeGroup.swift */; };
		1D0D63012C949E9300910CBF /* DegreeAndPitchNumberOperator.swift in Sources */ = {isa = PBXBuildFile; fileRef = 1D0D63002C949E9300910CBF /* DegreeAndPitchNumberOperator.swift */; };
		1D0DD67A2D10E52F00BD5189 /* ChordType+DegreeTags.swift in Sources */ = {isa = PBXBuildFile; fileRef = 1D0DD6792D10E52F00BD5189 /* ChordType+DegreeTags.swift */; };
		1D0DD67B2D10E52F00BD5189 /* ChordType+DegreeTags.swift in Sources */ = {isa = PBXBuildFile; fileRef = 1D0DD6792D10E52F00BD5189 /* ChordType+DegreeTags.swift */; };
		1D0DD67D2D10E59800BD5189 /* ChordType+baseChordType.swift in Sources */ = {isa = PBXBuildFile; fileRef = 1D0DD67C2D10E59800BD5189 /* ChordType+baseChordType.swift */; };
		1D0DD67E2D10E59800BD5189 /* ChordType+baseChordType.swift in Sources */ = {isa = PBXBuildFile; fileRef = 1D0DD67C2D10E59800BD5189 /* ChordType+baseChordType.swift */; };
		1D0DD6802D10E6DE00BD5189 /* ChordType+degreeTypeIDGroups.swift in Sources */ = {isa = PBXBuildFile; fileRef = 1D0DD67F2D10E6DE00BD5189 /* ChordType+degreeTypeIDGroups.swift */; };
		1D0DD6812D10E6DE00BD5189 /* ChordType+degreeTypeIDGroups.swift in Sources */ = {isa = PBXBuildFile; fileRef = 1D0DD67F2D10E6DE00BD5189 /* ChordType+degreeTypeIDGroups.swift */; };
		1D0DD6832D10E7E900BD5189 /* ChordType+StaticProperties.swift in Sources */ = {isa = PBXBuildFile; fileRef = 1D0DD6822D10E7E900BD5189 /* ChordType+StaticProperties.swift */; };
		1D0DD6842D10E7E900BD5189 /* ChordType+StaticProperties.swift in Sources */ = {isa = PBXBuildFile; fileRef = 1D0DD6822D10E7E900BD5189 /* ChordType+StaticProperties.swift */; };
		1D0DD6862D1115B400BD5189 /* CombinedChordHighlightPitches.swift in Sources */ = {isa = PBXBuildFile; fileRef = 1D0DD6852D1115B400BD5189 /* CombinedChordHighlightPitches.swift */; };
		1D0DD6872D1115B400BD5189 /* CombinedChordHighlightPitches.swift in Sources */ = {isa = PBXBuildFile; fileRef = 1D0DD6852D1115B400BD5189 /* CombinedChordHighlightPitches.swift */; };
		1D20A5DB2D0A031A00C4FD9F /* ChordTypeSection.swift in Sources */ = {isa = PBXBuildFile; fileRef = 1D20A5DA2D0A031A00C4FD9F /* ChordTypeSection.swift */; };
		1D20A5DC2D0A031A00C4FD9F /* ChordTypeSection.swift in Sources */ = {isa = PBXBuildFile; fileRef = 1D20A5DA2D0A031A00C4FD9F /* ChordTypeSection.swift */; };
		1D20A5DE2D0A16D200C4FD9F /* SingleChordTitleNavigationStackView.swift in Sources */ = {isa = PBXBuildFile; fileRef = 1D20A5DD2D0A16D200C4FD9F /* SingleChordTitleNavigationStackView.swift */; };
		1D20A5DF2D0A16D200C4FD9F /* SingleChordTitleNavigationStackView.swift in Sources */ = {isa = PBXBuildFile; fileRef = 1D20A5DD2D0A16D200C4FD9F /* SingleChordTitleNavigationStackView.swift */; };
		1D20A5E12D0A16EC00C4FD9F /* ChordCombinerPropertySelectionView.swift in Sources */ = {isa = PBXBuildFile; fileRef = 1D20A5E02D0A16EC00C4FD9F /* ChordCombinerPropertySelectionView.swift */; };
		1D20A5E22D0A16EC00C4FD9F /* ChordCombinerPropertySelectionView.swift in Sources */ = {isa = PBXBuildFile; fileRef = 1D20A5E02D0A16EC00C4FD9F /* ChordCombinerPropertySelectionView.swift */; };
		1D25250A2D121B0A005ADEB9 /* KeyName+DegreeMaps.swift in Sources */ = {isa = PBXBuildFile; fileRef = 1D2525092D121B0A005ADEB9 /* KeyName+DegreeMaps.swift */; };
		1D25250B2D121B0A005ADEB9 /* KeyName+DegreeMaps.swift in Sources */ = {isa = PBXBuildFile; fileRef = 1D2525092D121B0A005ADEB9 /* KeyName+DegreeMaps.swift */; };
		1D26DD8C2CF12D4500C45D48 /* ChordCombiner.swift in Sources */ = {isa = PBXBuildFile; fileRef = 1D26DD8B2CF12D4500C45D48 /* ChordCombiner.swift */; };
		1D28B2762CED69E200FAD96D /* SingleChordKeyboardTitleSelector.swift in Sources */ = {isa = PBXBuildFile; fileRef = 1D28B2752CED69E200FAD96D /* SingleChordKeyboardTitleSelector.swift */; };
		1D28B27A2CED75EF00FAD96D /* ChordCombinerSelectedChordTitleModel.swift in Sources */ = {isa = PBXBuildFile; fileRef = 1D28B2792CED75ED00FAD96D /* ChordCombinerSelectedChordTitleModel.swift */; };
		1D2B44842D08BB090067266F /* KeyLetterView.swift in Sources */ = {isa = PBXBuildFile; fileRef = 1D2B44832D08BB090067266F /* KeyLetterView.swift */; };
		1D2B44852D08BB090067266F /* KeyLetterView.swift in Sources */ = {isa = PBXBuildFile; fileRef = 1D2B44832D08BB090067266F /* KeyLetterView.swift */; };
		1D2B44872D08BB2A0067266F /* KeyCircle.swift in Sources */ = {isa = PBXBuildFile; fileRef = 1D2B44862D08BB2A0067266F /* KeyCircle.swift */; };
		1D2B44882D08BB2A0067266F /* KeyCircle.swift in Sources */ = {isa = PBXBuildFile; fileRef = 1D2B44862D08BB2A0067266F /* KeyCircle.swift */; };
		1D2B448A2D090F6F0067266F /* SettableNotesByNoteNumber.swift in Sources */ = {isa = PBXBuildFile; fileRef = 1D2B44892D090F6F0067266F /* SettableNotesByNoteNumber.swift */; };
		1D2B448B2D090F6F0067266F /* SettableNotesByNoteNumber.swift in Sources */ = {isa = PBXBuildFile; fileRef = 1D2B44892D090F6F0067266F /* SettableNotesByNoteNumber.swift */; };
		1D30F2552CC9840900D40625 /* EquivalentChordFinder.swift in Sources */ = {isa = PBXBuildFile; fileRef = 1D30F2542CC9840900D40625 /* EquivalentChordFinder.swift */; };
		1D33D9492CEC2CB700E04B39 /* SingleChordDetailNavigationView.swift in Sources */ = {isa = PBXBuildFile; fileRef = 1D33D9482CEC2CB700E04B39 /* SingleChordDetailNavigationView.swift */; };
		1D34C3E92D19F8A200253C50 /* SplashScreen.swift in Sources */ = {isa = PBXBuildFile; fileRef = 1D34C3E82D19F8A200253C50 /* SplashScreen.swift */; };
		1D34C3EA2D19F8A200253C50 /* SplashScreen.swift in Sources */ = {isa = PBXBuildFile; fileRef = 1D34C3E82D19F8A200253C50 /* SplashScreen.swift */; };
		1D34C3EC2D19F8C500253C50 /* ViewCoordinator.swift in Sources */ = {isa = PBXBuildFile; fileRef = 1D34C3EB2D19F8C500253C50 /* ViewCoordinator.swift */; };
		1D34C3ED2D19F8C500253C50 /* ViewCoordinator.swift in Sources */ = {isa = PBXBuildFile; fileRef = 1D34C3EB2D19F8C500253C50 /* ViewCoordinator.swift */; };
		1D350EF82C779358007D8F85 /* ChordCombinerViewModel.swift in Sources */ = {isa = PBXBuildFile; fileRef = 1D350EF72C779358007D8F85 /* ChordCombinerViewModel.swift */; };
		1D3EA8A82C93644700A6430C /* VoicingCalculator.swift in Sources */ = {isa = PBXBuildFile; fileRef = 1D3EA8A72C93644700A6430C /* VoicingCalculator.swift */; };
		1D46C92B2C77B7400014D00B /* ChordCombinerView.swift in Sources */ = {isa = PBXBuildFile; fileRef = 1D46C92A2C77B7400014D00B /* ChordCombinerView.swift */; };
		1D46C9302C77CE530014D00B /* ChordCombinerVoicingCalculator.swift in Sources */ = {isa = PBXBuildFile; fileRef = 1D46C92F2C77CE530014D00B /* ChordCombinerVoicingCalculator.swift */; };
		1D46C9332C77EB950014D00B /* DualChordKeyboardView.swift in Sources */ = {isa = PBXBuildFile; fileRef = 1D46C9322C77EB950014D00B /* DualChordKeyboardView.swift */; };
		1D5902592D14EF2600C5D35D /* ImageService.swift in Sources */ = {isa = PBXBuildFile; fileRef = 1D5902582D14EF2600C5D35D /* ImageService.swift */; };
		1D59025A2D14EF2600C5D35D /* ImageService.swift in Sources */ = {isa = PBXBuildFile; fileRef = 1D5902582D14EF2600C5D35D /* ImageService.swift */; };
		1D59025C2D14F75C00C5D35D /* ChordGraphImageView.swift in Sources */ = {isa = PBXBuildFile; fileRef = 1D59025B2D14F75C00C5D35D /* ChordGraphImageView.swift */; };
		1D59025D2D14F75C00C5D35D /* ChordGraphImageView.swift in Sources */ = {isa = PBXBuildFile; fileRef = 1D59025B2D14F75C00C5D35D /* ChordGraphImageView.swift */; };
		1D59025F2D15195C00C5D35D /* ChordGrapherNavigationView.swift in Sources */ = {isa = PBXBuildFile; fileRef = 1D59025E2D15195C00C5D35D /* ChordGrapherNavigationView.swift */; };
		1D5902602D15195C00C5D35D /* ChordGrapherNavigationView.swift in Sources */ = {isa = PBXBuildFile; fileRef = 1D59025E2D15195C00C5D35D /* ChordGrapherNavigationView.swift */; };
		1D5F69DA2C2481E600193B58 /* AppMain.swift in Sources */ = {isa = PBXBuildFile; fileRef = 1D5F69D92C2481E600193B58 /* AppMain.swift */; };
		1D5F69DE2C2481E700193B58 /* Assets.xcassets in Resources */ = {isa = PBXBuildFile; fileRef = 1D5F69DD2C2481E700193B58 /* Assets.xcassets */; };
		1D5F69E12C2481E700193B58 /* Preview Assets.xcassets in Resources */ = {isa = PBXBuildFile; fileRef = 1D5F69E02C2481E700193B58 /* Preview Assets.xcassets */; };
		1D5F6A4F2C24829500193B58 /* Enharmonic.swift in Sources */ = {isa = PBXBuildFile; fileRef = 1D5F69F22C24829200193B58 /* Enharmonic.swift */; };
		1D5F6A542C24829500193B58 /* KeyName.RootKeyNote.swift in Sources */ = {isa = PBXBuildFile; fileRef = 1D5F69F72C24829200193B58 /* KeyName.RootKeyNote.swift */; };
		1D5F6A552C24829500193B58 /* Math Extensions.swift in Sources */ = {isa = PBXBuildFile; fileRef = 1D5F69F82C24829200193B58 /* Math Extensions.swift */; };
		1D5F6A5C2C24829500193B58 /* Letter.swift in Sources */ = {isa = PBXBuildFile; fileRef = 1D5F69FF2C24829300193B58 /* Letter.swift */; };
		1D5F6A722C24829500193B58 /* NoteNumber.swift in Sources */ = {isa = PBXBuildFile; fileRef = 1D5F6A152C24829300193B58 /* NoteNumber.swift */; };
		1D5F6A732C24829500193B58 /* ChordsAndScales.swift in Sources */ = {isa = PBXBuildFile; fileRef = 1D5F6A162C24829300193B58 /* ChordsAndScales.swift */; };
		1D5F6A782C24829500193B58 /* Array Extensions.swift in Sources */ = {isa = PBXBuildFile; fileRef = 1D5F6A1B2C24829400193B58 /* Array Extensions.swift */; };
		1D5F6A7A2C24829500193B58 /* Accidental.swift in Sources */ = {isa = PBXBuildFile; fileRef = 1D5F6A1D2C24829400193B58 /* Accidental.swift */; };
		1D5F6A7D2C24829500193B58 /* KeySwitch.swift in Sources */ = {isa = PBXBuildFile; fileRef = 1D5F6A202C24829400193B58 /* KeySwitch.swift */; };
		1D5F6A802C24829500193B58 /* KeyName.swift in Sources */ = {isa = PBXBuildFile; fileRef = 1D5F6A232C24829400193B58 /* KeyName.swift */; };
		1D5F6A8F2C24829500193B58 /* RootNote.swift in Sources */ = {isa = PBXBuildFile; fileRef = 1D5F6A322C24829400193B58 /* RootNote.swift */; };
		1D5F6A912C24829500193B58 /* Degree.swift in Sources */ = {isa = PBXBuildFile; fileRef = 1D5F6A342C24829400193B58 /* Degree.swift */; };
		1D5F6AA32C2482D300193B58 /* Colors.swift in Sources */ = {isa = PBXBuildFile; fileRef = 1D5F6AA22C2482D300193B58 /* Colors.swift */; };
		1D65C9632C5BFAA100DB7E3A /* ChordFactory.swift in Sources */ = {isa = PBXBuildFile; fileRef = 1D65C9622C5BFAA100DB7E3A /* ChordFactory.swift */; };
		1D68E29C2D10CC0D00EF5D16 /* Degree+Additions.swift in Sources */ = {isa = PBXBuildFile; fileRef = 1D68E29B2D10CC0D00EF5D16 /* Degree+Additions.swift */; };
		1D68E29D2D10CC0D00EF5D16 /* Degree+Additions.swift in Sources */ = {isa = PBXBuildFile; fileRef = 1D68E29B2D10CC0D00EF5D16 /* Degree+Additions.swift */; };
		1D7281F52CBADC2300C6DBE3 /* ChordCombinerChordSelectionMenu.swift in Sources */ = {isa = PBXBuildFile; fileRef = 1D7281F42CBADC2300C6DBE3 /* ChordCombinerChordSelectionMenu.swift */; };
		1D73AFBE2C6FD37400308356 /* Keyboard.swift in Sources */ = {isa = PBXBuildFile; fileRef = 1D73AFBD2C6FD37400308356 /* Keyboard.swift */; };
		1D73AFCD2C6FD63300308356 /* KeyConstants.swift in Sources */ = {isa = PBXBuildFile; fileRef = 1D73AFC72C6FD63300308356 /* KeyConstants.swift */; };
		1D73AFD02C6FD63300308356 /* KeyType.swift in Sources */ = {isa = PBXBuildFile; fileRef = 1D73AFCA2C6FD63300308356 /* KeyType.swift */; };
		1D73AFE92C6FD64400308356 /* KeyProtocol.swift in Sources */ = {isa = PBXBuildFile; fileRef = 1D73AFD22C6FD64400308356 /* KeyProtocol.swift */; };
		1D73AFEA2C6FD64400308356 /* KeyShapeProtocol.swift in Sources */ = {isa = PBXBuildFile; fileRef = 1D73AFD32C6FD64400308356 /* KeyShapeProtocol.swift */; };
		1D73AFEB2C6FD64400308356 /* KeyShapeGroupProtocol.swift in Sources */ = {isa = PBXBuildFile; fileRef = 1D73AFD42C6FD64400308356 /* KeyShapeGroupProtocol.swift */; };
		1D73AFFB2C6FD64400308356 /* Key.swift in Sources */ = {isa = PBXBuildFile; fileRef = 1D73AFE72C6FD64400308356 /* Key.swift */; };
		1D7A4C4A2CDD84C6004B16BA /* KeyShapePath.swift in Sources */ = {isa = PBXBuildFile; fileRef = 1D7A4C492CDD84C6004B16BA /* KeyShapePath.swift */; };
		1D898D252C9A9B3600C5AA18 /* DetailRow.swift in Sources */ = {isa = PBXBuildFile; fileRef = 1D898D242C9A9B3600C5AA18 /* DetailRow.swift */; };
		1D8F4E1F2C8B768F000DEF30 /* Root.swift in Sources */ = {isa = PBXBuildFile; fileRef = 1D8F4E1E2C8B768F000DEF30 /* Root.swift */; };
		1D965F442CC40E8300C387BF /* ChordAndScaleProperty.swift in Sources */ = {isa = PBXBuildFile; fileRef = 1D965F432CC40E8300C387BF /* ChordAndScaleProperty.swift */; };
		1D99832F2CEE9872002CCA34 /* KeyCirclesView.swift in Sources */ = {isa = PBXBuildFile; fileRef = 1D99832E2CEE9872002CCA34 /* KeyCirclesView.swift */; };
		1D9BFCC82D1B409200A4C985 /* SingleChordDetailNavigationTitleView.swift in Sources */ = {isa = PBXBuildFile; fileRef = 1D9BFCC72D1B409200A4C985 /* SingleChordDetailNavigationTitleView.swift */; };
		1D9BFCC92D1B409200A4C985 /* SingleChordDetailNavigationTitleView.swift in Sources */ = {isa = PBXBuildFile; fileRef = 1D9BFCC72D1B409200A4C985 /* SingleChordDetailNavigationTitleView.swift */; };
		1D9BFCCB2D1B519D00A4C985 /* GraphImagePlacerView.swift in Sources */ = {isa = PBXBuildFile; fileRef = 1D9BFCCA2D1B519D00A4C985 /* GraphImagePlacerView.swift */; };
		1D9BFCCC2D1B519D00A4C985 /* GraphImagePlacerView.swift in Sources */ = {isa = PBXBuildFile; fileRef = 1D9BFCCA2D1B519D00A4C985 /* GraphImagePlacerView.swift */; };
		1D9BFCCE2D1B51B100A4C985 /* GraphImagePlacerPyramidView.swift in Sources */ = {isa = PBXBuildFile; fileRef = 1D9BFCCD2D1B51B100A4C985 /* GraphImagePlacerPyramidView.swift */; };
		1D9BFCCF2D1B51B100A4C985 /* GraphImagePlacerPyramidView.swift in Sources */ = {isa = PBXBuildFile; fileRef = 1D9BFCCD2D1B51B100A4C985 /* GraphImagePlacerPyramidView.swift */; };
		1DA11FC32CEBCAD400DF255C /* ChordSymbolCaptionView.swift in Sources */ = {isa = PBXBuildFile; fileRef = 1DA11FC22CEBCAD400DF255C /* ChordSymbolCaptionView.swift */; };
		1DA11FC52CEBEE0D00DF255C /* DualChordTitleView.swift in Sources */ = {isa = PBXBuildFile; fileRef = 1DA11FC42CEBEE0D00DF255C /* DualChordTitleView.swift */; };
		1DA11FC72CEC01A800DF255C /* DualChordDetailNavigationLinkView.swift in Sources */ = {isa = PBXBuildFile; fileRef = 1DA11FC62CEC01A800DF255C /* DualChordDetailNavigationLinkView.swift */; };
		1DA11FC92CEC0AFC00DF255C /* InfoLinkImageView.swift in Sources */ = {isa = PBXBuildFile; fileRef = 1DA11FC82CEC0AFC00DF255C /* InfoLinkImageView.swift */; };
		1DA11FCC2CEC1CA300DF255C /* BaseChordSectionView.swift in Sources */ = {isa = PBXBuildFile; fileRef = 1DA11FCB2CEC1CA300DF255C /* BaseChordSectionView.swift */; };
		1DA965CF2CBECD1D00368651 /* ChordCombinerMenuCoverView.swift in Sources */ = {isa = PBXBuildFile; fileRef = 1DA965CE2CBECD1D00368651 /* ChordCombinerMenuCoverView.swift */; };
		1DABBE142CB58A930039F325 /* KeyShape.swift in Sources */ = {isa = PBXBuildFile; fileRef = 1DABBE132CB58A930039F325 /* KeyShape.swift */; };
		1DB357472CBDA49C00A5D6B3 /* ChordCombinerKeyboardScrollView.swift in Sources */ = {isa = PBXBuildFile; fileRef = 1DB357462CBDA49C00A5D6B3 /* ChordCombinerKeyboardScrollView.swift */; };
		1DB4AA402CB8A57E006FD1C5 /* TitleView.swift in Sources */ = {isa = PBXBuildFile; fileRef = 1DB4AA3F2CB8A57E006FD1C5 /* TitleView.swift */; };
		1DBD10002CFFCBFB009136B4 /* ChordGrapher.swift in Sources */ = {isa = PBXBuildFile; fileRef = 1DBD0FFF2CFFCBFB009136B4 /* ChordGrapher.swift */; };
		1DBD4C602C58364A00F4015C /* Chord.swift in Sources */ = {isa = PBXBuildFile; fileRef = 1DBD4C5F2C58364A00F4015C /* Chord.swift */; };
		1DBE1C2F2C25D3C8008DCBDF /* FileManager.swift in Sources */ = {isa = PBXBuildFile; fileRef = 1DBE1C2E2C25D3C8008DCBDF /* FileManager.swift */; };
		1DC11F732CA133E400263FF8 /* Algorithms in Frameworks */ = {isa = PBXBuildFile; productRef = 1DC11F722CA133E400263FF8 /* Algorithms */; };
		1DC272852CCC2C210035032A /* StackedPitchesTest.xctestplan in Resources */ = {isa = PBXBuildFile; fileRef = 1DC272842CCC2C210035032A /* StackedPitchesTest.xctestplan */; };
		1DC6A0742CC55E660053068C /* ChordCombinerPropertyTagView.swift in Sources */ = {isa = PBXBuildFile; fileRef = 1DC6A0732CC55E660053068C /* ChordCombinerPropertyTagView.swift */; };
		1DC6A0762CC566950053068C /* ChordCombinerTagsView.swift in Sources */ = {isa = PBXBuildFile; fileRef = 1DC6A0752CC566950053068C /* ChordCombinerTagsView.swift */; };
		1DC6A07E2CC57A4E0053068C /* ChordCombinerMenuKeyboardDisplayRow.swift in Sources */ = {isa = PBXBuildFile; fileRef = 1DC6A07D2CC57A4E0053068C /* ChordCombinerMenuKeyboardDisplayRow.swift */; };
		1DC8313B2CB4A66600481996 /* ViewModifiers.swift in Sources */ = {isa = PBXBuildFile; fileRef = 1DC8313A2CB4A66600481996 /* ViewModifiers.swift */; };
		1DC9DAAC2CC8081000776417 /* ChordProperties.swift in Sources */ = {isa = PBXBuildFile; fileRef = 1DC9DAAB2CC8081000776417 /* ChordProperties.swift */; };
		1DD10D4C2D13A99F00A6FBB1 /* ChordCombinerViewModel+Additions.swift in Sources */ = {isa = PBXBuildFile; fileRef = 1DD10D4B2D13A99F00A6FBB1 /* ChordCombinerViewModel+Additions.swift */; };
		1DD10D4D2D13A99F00A6FBB1 /* ChordCombinerViewModel+Additions.swift in Sources */ = {isa = PBXBuildFile; fileRef = 1DD10D4B2D13A99F00A6FBB1 /* ChordCombinerViewModel+Additions.swift */; };
		1DD297C72C9902B6001984EF /* DualChordDetailView.swift in Sources */ = {isa = PBXBuildFile; fileRef = 1DD297C62C9902B6001984EF /* DualChordDetailView.swift */; };
		1DD507562CB97D080085288B /* HighlightableTagView.swift in Sources */ = {isa = PBXBuildFile; fileRef = 1DD507552CB97D080085288B /* HighlightableTagView.swift */; };
		1DD507582CB981EB0085288B /* TitleColorDivider.swift in Sources */ = {isa = PBXBuildFile; fileRef = 1DD507572CB981EB0085288B /* TitleColorDivider.swift */; };
		1DD831DE2D14CBCB00EC817F /* DualChordTitleViewBuilder.swift in Sources */ = {isa = PBXBuildFile; fileRef = 1DD831DD2D14CBCB00EC817F /* DualChordTitleViewBuilder.swift */; };
		1DD831DF2D14CBCB00EC817F /* DualChordTitleViewBuilder.swift in Sources */ = {isa = PBXBuildFile; fileRef = 1DD831DD2D14CBCB00EC817F /* DualChordTitleViewBuilder.swift */; };
		1DD831E12D14CD9D00EC817F /* SplitChordTitleView.swift in Sources */ = {isa = PBXBuildFile; fileRef = 1DD831E02D14CD9D00EC817F /* SplitChordTitleView.swift */; };
		1DD831E22D14CD9D00EC817F /* SplitChordTitleView.swift in Sources */ = {isa = PBXBuildFile; fileRef = 1DD831E02D14CD9D00EC817F /* SplitChordTitleView.swift */; };
		1DD831E42D14CE8E00EC817F /* CombinedOrSingleChordTitleView.swift in Sources */ = {isa = PBXBuildFile; fileRef = 1DD831E32D14CE8E00EC817F /* CombinedOrSingleChordTitleView.swift */; };
		1DD831E52D14CE8E00EC817F /* CombinedOrSingleChordTitleView.swift in Sources */ = {isa = PBXBuildFile; fileRef = 1DD831E32D14CE8E00EC817F /* CombinedOrSingleChordTitleView.swift */; };
		1DD831EA2D14D60F00EC817F /* ComponentChordsView.swift in Sources */ = {isa = PBXBuildFile; fileRef = 1DD831E92D14D60F00EC817F /* ComponentChordsView.swift */; };
		1DD831EB2D14D60F00EC817F /* ComponentChordsView.swift in Sources */ = {isa = PBXBuildFile; fileRef = 1DD831E92D14D60F00EC817F /* ComponentChordsView.swift */; };
		1DD836D52CFFD40B00ED2DF2 /* Note.swift in Sources */ = {isa = PBXBuildFile; fileRef = 1DD836D42CFFD40B00ED2DF2 /* Note.swift */; };
		1DD836D62CFFD40B00ED2DF2 /* Note.swift in Sources */ = {isa = PBXBuildFile; fileRef = 1DD836D42CFFD40B00ED2DF2 /* Note.swift */; };
		1DD836D72CFFD54E00ED2DF2 /* Assets.xcassets in Resources */ = {isa = PBXBuildFile; fileRef = 1D5F69DD2C2481E700193B58 /* Assets.xcassets */; };
		1DD836D82CFFD54E00ED2DF2 /* DegreeAndPitchNumberOperator.swift in Sources */ = {isa = PBXBuildFile; fileRef = 1D0D63002C949E9300910CBF /* DegreeAndPitchNumberOperator.swift */; };
		1DD836D92CFFD54E00ED2DF2 /* KeySwitch.swift in Sources */ = {isa = PBXBuildFile; fileRef = 1D5F6A202C24829400193B58 /* KeySwitch.swift */; };
		1DD836DA2CFFD54E00ED2DF2 /* ChordCombinerSelectedChordTitleModel.swift in Sources */ = {isa = PBXBuildFile; fileRef = 1D28B2792CED75ED00FAD96D /* ChordCombinerSelectedChordTitleModel.swift */; };
		1DD836DC2CFFD54E00ED2DF2 /* DualChordTitleView.swift in Sources */ = {isa = PBXBuildFile; fileRef = 1DA11FC42CEBEE0D00DF255C /* DualChordTitleView.swift */; };
		1DD836DE2CFFD54E00ED2DF2 /* DualChordDetailView.swift in Sources */ = {isa = PBXBuildFile; fileRef = 1DD297C62C9902B6001984EF /* DualChordDetailView.swift */; };
		1DD836DF2CFFD54E00ED2DF2 /* ChordCombinerMenuCoverView.swift in Sources */ = {isa = PBXBuildFile; fileRef = 1DA965CE2CBECD1D00368651 /* ChordCombinerMenuCoverView.swift */; };
		1DD836E02CFFD54E00ED2DF2 /* KeyCirclesView.swift in Sources */ = {isa = PBXBuildFile; fileRef = 1D99832E2CEE9872002CCA34 /* KeyCirclesView.swift */; };
		1DD836E12CFFD54E00ED2DF2 /* ChordCombinerMenuKeyboardDisplayRow.swift in Sources */ = {isa = PBXBuildFile; fileRef = 1DC6A07D2CC57A4E0053068C /* ChordCombinerMenuKeyboardDisplayRow.swift */; };
		1DD836E22CFFD54E00ED2DF2 /* Colors.swift in Sources */ = {isa = PBXBuildFile; fileRef = 1D5F6AA22C2482D300193B58 /* Colors.swift */; };
		1DD836E32CFFD54E00ED2DF2 /* DetailRow.swift in Sources */ = {isa = PBXBuildFile; fileRef = 1D898D242C9A9B3600C5AA18 /* DetailRow.swift */; };
		1DD836E42CFFD54E00ED2DF2 /* DualChordKeyboardChordTitleModel.swift in Sources */ = {isa = PBXBuildFile; fileRef = 1DF4EA772CE9454300CB2821 /* DualChordKeyboardChordTitleModel.swift */; };
		1DD836E52CFFD54E00ED2DF2 /* Key.swift in Sources */ = {isa = PBXBuildFile; fileRef = 1D73AFE72C6FD64400308356 /* Key.swift */; };
		1DD836E62CFFD54E00ED2DF2 /* ChordFactory.swift in Sources */ = {isa = PBXBuildFile; fileRef = 1D65C9622C5BFAA100DB7E3A /* ChordFactory.swift */; };
		1DD836E72CFFD54E00ED2DF2 /* SingleChordDetailView.swift in Sources */ = {isa = PBXBuildFile; fileRef = 1DF4EA792CE9478E00CB2821 /* SingleChordDetailView.swift */; };
		1DD836E92CFFD54E00ED2DF2 /* Accidental.swift in Sources */ = {isa = PBXBuildFile; fileRef = 1D5F6A1D2C24829400193B58 /* Accidental.swift */; };
		1DD836EA2CFFD54E00ED2DF2 /* KeyProtocol.swift in Sources */ = {isa = PBXBuildFile; fileRef = 1D73AFD22C6FD64400308356 /* KeyProtocol.swift */; };
		1DD836EB2CFFD54E00ED2DF2 /* VoicingCalculator.swift in Sources */ = {isa = PBXBuildFile; fileRef = 1D3EA8A72C93644700A6430C /* VoicingCalculator.swift */; };
		1DD836EC2CFFD54E00ED2DF2 /* RootNote.swift in Sources */ = {isa = PBXBuildFile; fileRef = 1D5F6A322C24829400193B58 /* RootNote.swift */; };
		1DD836ED2CFFD54E00ED2DF2 /* ChordGrapher.swift in Sources */ = {isa = PBXBuildFile; fileRef = 1DBD0FFF2CFFCBFB009136B4 /* ChordGrapher.swift */; };
		1DD836EE2CFFD54E00ED2DF2 /* KeyShapeGroup.swift in Sources */ = {isa = PBXBuildFile; fileRef = 1D0967F42CB59CC700600325 /* KeyShapeGroup.swift */; };
		1DD836EF2CFFD54E00ED2DF2 /* ChordType.swift in Sources */ = {isa = PBXBuildFile; fileRef = 1DFD9D4E2C5AA4330006333D /* ChordType.swift */; };
		1DD836F02CFFD54E00ED2DF2 /* KeyName.RootKeyNote.swift in Sources */ = {isa = PBXBuildFile; fileRef = 1D5F69F72C24829200193B58 /* KeyName.RootKeyNote.swift */; };
		1DD836F12CFFD54E00ED2DF2 /* Root.swift in Sources */ = {isa = PBXBuildFile; fileRef = 1D8F4E1E2C8B768F000DEF30 /* Root.swift */; };
		1DD836F22CFFD54E00ED2DF2 /* ChordSymbolCaptionView.swift in Sources */ = {isa = PBXBuildFile; fileRef = 1DA11FC22CEBCAD400DF255C /* ChordSymbolCaptionView.swift */; };
		1DD836F42CFFD54E00ED2DF2 /* ChordCombinerChordSelectionMenu.swift in Sources */ = {isa = PBXBuildFile; fileRef = 1D7281F42CBADC2300C6DBE3 /* ChordCombinerChordSelectionMenu.swift */; };
		1DD836F52CFFD54E00ED2DF2 /* KeyType.swift in Sources */ = {isa = PBXBuildFile; fileRef = 1D73AFCA2C6FD63300308356 /* KeyType.swift */; };
		1DD836F72CFFD54E00ED2DF2 /* EquivalentChordFinder.swift in Sources */ = {isa = PBXBuildFile; fileRef = 1D30F2542CC9840900D40625 /* EquivalentChordFinder.swift */; };
		1DD836F82CFFD54E00ED2DF2 /* ChordCombiner.swift in Sources */ = {isa = PBXBuildFile; fileRef = 1D26DD8B2CF12D4500C45D48 /* ChordCombiner.swift */; };
		1DD836F92CFFD54E00ED2DF2 /* KeyName.swift in Sources */ = {isa = PBXBuildFile; fileRef = 1D5F6A232C24829400193B58 /* KeyName.swift */; };
		1DD836FA2CFFD54E00ED2DF2 /* ChordAndScaleProperty.swift in Sources */ = {isa = PBXBuildFile; fileRef = 1D965F432CC40E8300C387BF /* ChordAndScaleProperty.swift */; };
		1DD836FB2CFFD54E00ED2DF2 /* KeyShapeGroupProtocol.swift in Sources */ = {isa = PBXBuildFile; fileRef = 1D73AFD42C6FD64400308356 /* KeyShapeGroupProtocol.swift */; };
		1DD836FC2CFFD54E00ED2DF2 /* FileManager.swift in Sources */ = {isa = PBXBuildFile; fileRef = 1DBE1C2E2C25D3C8008DCBDF /* FileManager.swift */; };
		1DD836FD2CFFD54E00ED2DF2 /* DualChordKeyboardView.swift in Sources */ = {isa = PBXBuildFile; fileRef = 1D46C9322C77EB950014D00B /* DualChordKeyboardView.swift */; };
		1DD836FF2CFFD54E00ED2DF2 /* Letter.swift in Sources */ = {isa = PBXBuildFile; fileRef = 1D5F69FF2C24829300193B58 /* Letter.swift */; };
		1DD837002CFFD54E00ED2DF2 /* EquivalentChordsSectionView.swift in Sources */ = {isa = PBXBuildFile; fileRef = 1DF4EA7B2CEA662400CB2821 /* EquivalentChordsSectionView.swift */; };
		1DD837012CFFD54E00ED2DF2 /* AppMain.swift in Sources */ = {isa = PBXBuildFile; fileRef = 1D5F69D92C2481E600193B58 /* AppMain.swift */; };
		1DD837022CFFD54E00ED2DF2 /* ChordCombinerView.swift in Sources */ = {isa = PBXBuildFile; fileRef = 1D46C92A2C77B7400014D00B /* ChordCombinerView.swift */; };
		1DD837042CFFD54E00ED2DF2 /* ChordCombinerPropertyTagView.swift in Sources */ = {isa = PBXBuildFile; fileRef = 1DC6A0732CC55E660053068C /* ChordCombinerPropertyTagView.swift */; };
		1DD837052CFFD54E00ED2DF2 /* ChordCombinerVoicingCalculator.swift in Sources */ = {isa = PBXBuildFile; fileRef = 1D46C92F2C77CE530014D00B /* ChordCombinerVoicingCalculator.swift */; };
		1DD837062CFFD54E00ED2DF2 /* KeyboardHighlighter.swift in Sources */ = {isa = PBXBuildFile; fileRef = 1DE006182CE5263D00C27EE3 /* KeyboardHighlighter.swift */; };
		1DD837072CFFD54E00ED2DF2 /* SingleChordDetailNavigationView.swift in Sources */ = {isa = PBXBuildFile; fileRef = 1D33D9482CEC2CB700E04B39 /* SingleChordDetailNavigationView.swift */; };
		1DD837092CFFD54E00ED2DF2 /* KeyShapeProtocol.swift in Sources */ = {isa = PBXBuildFile; fileRef = 1D73AFD32C6FD64400308356 /* KeyShapeProtocol.swift */; };
		1DD8370A2CFFD54E00ED2DF2 /* DualChordDetailNavigationLinkView.swift in Sources */ = {isa = PBXBuildFile; fileRef = 1DA11FC62CEC01A800DF255C /* DualChordDetailNavigationLinkView.swift */; };
		1DD8370B2CFFD54E00ED2DF2 /* ChordCombinerKeyboardScrollView.swift in Sources */ = {isa = PBXBuildFile; fileRef = 1DB357462CBDA49C00A5D6B3 /* ChordCombinerKeyboardScrollView.swift */; };
		1DD8370C2CFFD54E00ED2DF2 /* TitleView.swift in Sources */ = {isa = PBXBuildFile; fileRef = 1DB4AA3F2CB8A57E006FD1C5 /* TitleView.swift */; };
		1DD8370E2CFFD54E00ED2DF2 /* KeyConstants.swift in Sources */ = {isa = PBXBuildFile; fileRef = 1D73AFC72C6FD63300308356 /* KeyConstants.swift */; };
		1DD8370F2CFFD54E00ED2DF2 /* InfoLinkImageView.swift in Sources */ = {isa = PBXBuildFile; fileRef = 1DA11FC82CEC0AFC00DF255C /* InfoLinkImageView.swift */; };
		1DD837102CFFD54E00ED2DF2 /* Chord.swift in Sources */ = {isa = PBXBuildFile; fileRef = 1DBD4C5F2C58364A00F4015C /* Chord.swift */; };
		1DD837112CFFD54E00ED2DF2 /* ChordCombinerViewModel.swift in Sources */ = {isa = PBXBuildFile; fileRef = 1D350EF72C779358007D8F85 /* ChordCombinerViewModel.swift */; };
		1DD837122CFFD54E00ED2DF2 /* Degree.swift in Sources */ = {isa = PBXBuildFile; fileRef = 1D5F6A342C24829400193B58 /* Degree.swift */; };
		1DD837132CFFD54E00ED2DF2 /* ChordCombinerPropertyMatcher.swift in Sources */ = {isa = PBXBuildFile; fileRef = 1DE006162CE51EFD00C27EE3 /* ChordCombinerPropertyMatcher.swift */; };
		1DD837142CFFD54E00ED2DF2 /* KeyShape.swift in Sources */ = {isa = PBXBuildFile; fileRef = 1DABBE132CB58A930039F325 /* KeyShape.swift */; };
		1DD837152CFFD54E00ED2DF2 /* KeyShapePath.swift in Sources */ = {isa = PBXBuildFile; fileRef = 1D7A4C492CDD84C6004B16BA /* KeyShapePath.swift */; };
		1DD837162CFFD54E00ED2DF2 /* HighlightableTagView.swift in Sources */ = {isa = PBXBuildFile; fileRef = 1DD507552CB97D080085288B /* HighlightableTagView.swift */; };
		1DD837182CFFD54E00ED2DF2 /* Enharmonic.swift in Sources */ = {isa = PBXBuildFile; fileRef = 1D5F69F22C24829200193B58 /* Enharmonic.swift */; };
		1DD837192CFFD54E00ED2DF2 /* ViewModifiers.swift in Sources */ = {isa = PBXBuildFile; fileRef = 1DC8313A2CB4A66600481996 /* ViewModifiers.swift */; };
		1DD8371A2CFFD54E00ED2DF2 /* NoteNumber.swift in Sources */ = {isa = PBXBuildFile; fileRef = 1D5F6A152C24829300193B58 /* NoteNumber.swift */; };
		1DD8371B2CFFD54E00ED2DF2 /* Keyboard.swift in Sources */ = {isa = PBXBuildFile; fileRef = 1D73AFBD2C6FD37400308356 /* Keyboard.swift */; };
		1DD8371D2CFFD54E00ED2DF2 /* ChordsAndScales.swift in Sources */ = {isa = PBXBuildFile; fileRef = 1D5F6A162C24829300193B58 /* ChordsAndScales.swift */; };
		1DD8371E2CFFD54E00ED2DF2 /* SingleChordKeyboardTitleSelector.swift in Sources */ = {isa = PBXBuildFile; fileRef = 1D28B2752CED69E200FAD96D /* SingleChordKeyboardTitleSelector.swift */; };
		1DD8371F2CFFD54E00ED2DF2 /* BaseChordSectionView.swift in Sources */ = {isa = PBXBuildFile; fileRef = 1DA11FCB2CEC1CA300DF255C /* BaseChordSectionView.swift */; };
		1DD837202CFFD54E00ED2DF2 /* Math Extensions.swift in Sources */ = {isa = PBXBuildFile; fileRef = 1D5F69F82C24829200193B58 /* Math Extensions.swift */; };
		1DD837222CFFD54E00ED2DF2 /* TitleColorDivider.swift in Sources */ = {isa = PBXBuildFile; fileRef = 1DD507572CB981EB0085288B /* TitleColorDivider.swift */; };
		1DD837232CFFD54E00ED2DF2 /* ChordCombinerTagsView.swift in Sources */ = {isa = PBXBuildFile; fileRef = 1DC6A0752CC566950053068C /* ChordCombinerTagsView.swift */; };
		1DD837242CFFD54E00ED2DF2 /* Array Extensions.swift in Sources */ = {isa = PBXBuildFile; fileRef = 1D5F6A1B2C24829400193B58 /* Array Extensions.swift */; };
		1DD837252CFFD59200ED2DF2 /* ChordProperties.swift in Sources */ = {isa = PBXBuildFile; fileRef = 1DC9DAAB2CC8081000776417 /* ChordProperties.swift */; };
		1DD837272CFFD75400ED2DF2 /* String Extensions.swift in Sources */ = {isa = PBXBuildFile; fileRef = 1DD837262CFFD75400ED2DF2 /* String Extensions.swift */; };
		1DD837282CFFD75400ED2DF2 /* String Extensions.swift in Sources */ = {isa = PBXBuildFile; fileRef = 1DD837262CFFD75400ED2DF2 /* String Extensions.swift */; };
		1DE006172CE51EFD00C27EE3 /* ChordCombinerPropertyMatcher.swift in Sources */ = {isa = PBXBuildFile; fileRef = 1DE006162CE51EFD00C27EE3 /* ChordCombinerPropertyMatcher.swift */; };
		1DE006192CE5263D00C27EE3 /* KeyboardHighlighter.swift in Sources */ = {isa = PBXBuildFile; fileRef = 1DE006182CE5263D00C27EE3 /* KeyboardHighlighter.swift */; };
		1DF2D7532D17A8760018B161 /* NotesAndDegreesSectionView.swift in Sources */ = {isa = PBXBuildFile; fileRef = 1DF2D7522D17A8760018B161 /* NotesAndDegreesSectionView.swift */; };
		1DF2D7542D17A8760018B161 /* NotesAndDegreesSectionView.swift in Sources */ = {isa = PBXBuildFile; fileRef = 1DF2D7522D17A8760018B161 /* NotesAndDegreesSectionView.swift */; };
		1DF2D7562D17ADA00018B161 /* ChordDetailForm.swift in Sources */ = {isa = PBXBuildFile; fileRef = 1DF2D7552D17ADA00018B161 /* ChordDetailForm.swift */; };
		1DF2D7572D17ADA00018B161 /* ChordDetailForm.swift in Sources */ = {isa = PBXBuildFile; fileRef = 1DF2D7552D17ADA00018B161 /* ChordDetailForm.swift */; };
		1DF2D7592D18BAAF0018B161 /* ExtendedNotesSectionView.swift in Sources */ = {isa = PBXBuildFile; fileRef = 1DF2D7582D18BAAF0018B161 /* ExtendedNotesSectionView.swift */; };
		1DF2D75A2D18BAAF0018B161 /* ExtendedNotesSectionView.swift in Sources */ = {isa = PBXBuildFile; fileRef = 1DF2D7582D18BAAF0018B161 /* ExtendedNotesSectionView.swift */; };
		1DF4EA782CE9454300CB2821 /* DualChordKeyboardChordTitleModel.swift in Sources */ = {isa = PBXBuildFile; fileRef = 1DF4EA772CE9454300CB2821 /* DualChordKeyboardChordTitleModel.swift */; };
		1DF4EA7A2CE9478E00CB2821 /* SingleChordDetailView.swift in Sources */ = {isa = PBXBuildFile; fileRef = 1DF4EA792CE9478E00CB2821 /* SingleChordDetailView.swift */; };
		1DF4EA7C2CEA662400CB2821 /* EquivalentChordsSectionView.swift in Sources */ = {isa = PBXBuildFile; fileRef = 1DF4EA7B2CEA662400CB2821 /* EquivalentChordsSectionView.swift */; };
		1DFBB1182D039AB1002ACF7B /* ChordGrapherParentChord.swift in Sources */ = {isa = PBXBuildFile; fileRef = 1DFBB1172D039AB1002ACF7B /* ChordGrapherParentChord.swift */; };
		1DFBB1192D039AB1002ACF7B /* ChordGrapherParentChord.swift in Sources */ = {isa = PBXBuildFile; fileRef = 1DFBB1172D039AB1002ACF7B /* ChordGrapherParentChord.swift */; };
		1DFBB11B2D039ACF002ACF7B /* ChordGrapherRelationships.swift in Sources */ = {isa = PBXBuildFile; fileRef = 1DFBB11A2D039ACF002ACF7B /* ChordGrapherRelationships.swift */; };
		1DFBB11C2D039ACF002ACF7B /* ChordGrapherRelationships.swift in Sources */ = {isa = PBXBuildFile; fileRef = 1DFBB11A2D039ACF002ACF7B /* ChordGrapherRelationships.swift */; };
		1DFBB11E2D039AED002ACF7B /* ChordGrapherAttributes.swift in Sources */ = {isa = PBXBuildFile; fileRef = 1DFBB11D2D039AED002ACF7B /* ChordGrapherAttributes.swift */; };
		1DFBB11F2D039AED002ACF7B /* ChordGrapherAttributes.swift in Sources */ = {isa = PBXBuildFile; fileRef = 1DFBB11D2D039AED002ACF7B /* ChordGrapherAttributes.swift */; };
		1DFD9D4F2C5AA4330006333D /* ChordType.swift in Sources */ = {isa = PBXBuildFile; fileRef = 1DFD9D4E2C5AA4330006333D /* ChordType.swift */; };
/* End PBXBuildFile section */

/* Begin PBXContainerItemProxy section */
		1D3D65412CCBEFF50045AD8D /* PBXContainerItemProxy */ = {
			isa = PBXContainerItemProxy;
			containerPortal = 1D5F69CE2C2481E600193B58 /* Project object */;
			proxyType = 1;
			remoteGlobalIDString = 1D5F69D52C2481E600193B58;
			remoteInfo = "ChordCombiner-SwiftUI";
		};
/* End PBXContainerItemProxy section */

/* Begin PBXFileReference section */
		1D0967F42CB59CC700600325 /* KeyShapeGroup.swift */ = {isa = PBXFileReference; lastKnownFileType = sourcecode.swift; path = KeyShapeGroup.swift; sourceTree = "<group>"; };
		1D0D63002C949E9300910CBF /* DegreeAndPitchNumberOperator.swift */ = {isa = PBXFileReference; lastKnownFileType = sourcecode.swift; path = DegreeAndPitchNumberOperator.swift; sourceTree = "<group>"; };
		1D0DD6792D10E52F00BD5189 /* ChordType+DegreeTags.swift */ = {isa = PBXFileReference; lastKnownFileType = sourcecode.swift; path = "ChordType+DegreeTags.swift"; sourceTree = "<group>"; };
		1D0DD67C2D10E59800BD5189 /* ChordType+baseChordType.swift */ = {isa = PBXFileReference; lastKnownFileType = sourcecode.swift; path = "ChordType+baseChordType.swift"; sourceTree = "<group>"; };
		1D0DD67F2D10E6DE00BD5189 /* ChordType+degreeTypeIDGroups.swift */ = {isa = PBXFileReference; lastKnownFileType = sourcecode.swift; path = "ChordType+degreeTypeIDGroups.swift"; sourceTree = "<group>"; };
		1D0DD6822D10E7E900BD5189 /* ChordType+StaticProperties.swift */ = {isa = PBXFileReference; lastKnownFileType = sourcecode.swift; path = "ChordType+StaticProperties.swift"; sourceTree = "<group>"; };
		1D0DD6852D1115B400BD5189 /* CombinedChordHighlightPitches.swift */ = {isa = PBXFileReference; lastKnownFileType = sourcecode.swift; path = CombinedChordHighlightPitches.swift; sourceTree = "<group>"; };
		1D20A5DA2D0A031A00C4FD9F /* ChordTypeSection.swift */ = {isa = PBXFileReference; lastKnownFileType = sourcecode.swift; path = ChordTypeSection.swift; sourceTree = "<group>"; };
		1D20A5DD2D0A16D200C4FD9F /* SingleChordTitleNavigationStackView.swift */ = {isa = PBXFileReference; lastKnownFileType = sourcecode.swift; path = SingleChordTitleNavigationStackView.swift; sourceTree = "<group>"; };
		1D20A5E02D0A16EC00C4FD9F /* ChordCombinerPropertySelectionView.swift */ = {isa = PBXFileReference; lastKnownFileType = sourcecode.swift; path = ChordCombinerPropertySelectionView.swift; sourceTree = "<group>"; };
		1D2525092D121B0A005ADEB9 /* KeyName+DegreeMaps.swift */ = {isa = PBXFileReference; lastKnownFileType = sourcecode.swift; path = "KeyName+DegreeMaps.swift"; sourceTree = "<group>"; };
		1D26DD8B2CF12D4500C45D48 /* ChordCombiner.swift */ = {isa = PBXFileReference; lastKnownFileType = sourcecode.swift; path = ChordCombiner.swift; sourceTree = "<group>"; };
		1D28B2752CED69E200FAD96D /* SingleChordKeyboardTitleSelector.swift */ = {isa = PBXFileReference; lastKnownFileType = sourcecode.swift; path = SingleChordKeyboardTitleSelector.swift; sourceTree = "<group>"; };
		1D28B2792CED75ED00FAD96D /* ChordCombinerSelectedChordTitleModel.swift */ = {isa = PBXFileReference; lastKnownFileType = sourcecode.swift; path = ChordCombinerSelectedChordTitleModel.swift; sourceTree = "<group>"; };
		1D2B44832D08BB090067266F /* KeyLetterView.swift */ = {isa = PBXFileReference; lastKnownFileType = sourcecode.swift; path = KeyLetterView.swift; sourceTree = "<group>"; };
		1D2B44862D08BB2A0067266F /* KeyCircle.swift */ = {isa = PBXFileReference; lastKnownFileType = sourcecode.swift; path = KeyCircle.swift; sourceTree = "<group>"; };
		1D2B44892D090F6F0067266F /* SettableNotesByNoteNumber.swift */ = {isa = PBXFileReference; lastKnownFileType = sourcecode.swift; path = SettableNotesByNoteNumber.swift; sourceTree = "<group>"; };
		1D30F2542CC9840900D40625 /* EquivalentChordFinder.swift */ = {isa = PBXFileReference; lastKnownFileType = sourcecode.swift; path = EquivalentChordFinder.swift; sourceTree = "<group>"; };
		1D33D9482CEC2CB700E04B39 /* SingleChordDetailNavigationView.swift */ = {isa = PBXFileReference; lastKnownFileType = sourcecode.swift; path = SingleChordDetailNavigationView.swift; sourceTree = "<group>"; };
		1D34C3E82D19F8A200253C50 /* SplashScreen.swift */ = {isa = PBXFileReference; lastKnownFileType = sourcecode.swift; path = SplashScreen.swift; sourceTree = "<group>"; };
		1D34C3EB2D19F8C500253C50 /* ViewCoordinator.swift */ = {isa = PBXFileReference; lastKnownFileType = sourcecode.swift; path = ViewCoordinator.swift; sourceTree = "<group>"; };
		1D350EF72C779358007D8F85 /* ChordCombinerViewModel.swift */ = {isa = PBXFileReference; fileEncoding = 4; lastKnownFileType = sourcecode.swift; path = ChordCombinerViewModel.swift; sourceTree = "<group>"; };
		1D3D653D2CCBEFF50045AD8D /* ChordCombiner-SwiftUITests.xctest */ = {isa = PBXFileReference; explicitFileType = wrapper.cfbundle; includeInIndex = 0; path = "ChordCombiner-SwiftUITests.xctest"; sourceTree = BUILT_PRODUCTS_DIR; };
		1D3EA8A72C93644700A6430C /* VoicingCalculator.swift */ = {isa = PBXFileReference; lastKnownFileType = sourcecode.swift; path = VoicingCalculator.swift; sourceTree = "<group>"; };
		1D46C92A2C77B7400014D00B /* ChordCombinerView.swift */ = {isa = PBXFileReference; lastKnownFileType = sourcecode.swift; path = ChordCombinerView.swift; sourceTree = "<group>"; };
		1D46C92F2C77CE530014D00B /* ChordCombinerVoicingCalculator.swift */ = {isa = PBXFileReference; lastKnownFileType = sourcecode.swift; path = ChordCombinerVoicingCalculator.swift; sourceTree = "<group>"; };
		1D46C9322C77EB950014D00B /* DualChordKeyboardView.swift */ = {isa = PBXFileReference; lastKnownFileType = sourcecode.swift; path = DualChordKeyboardView.swift; sourceTree = "<group>"; };
		1D5902582D14EF2600C5D35D /* ImageService.swift */ = {isa = PBXFileReference; lastKnownFileType = sourcecode.swift; path = ImageService.swift; sourceTree = "<group>"; };
		1D59025B2D14F75C00C5D35D /* ChordGraphImageView.swift */ = {isa = PBXFileReference; lastKnownFileType = sourcecode.swift; path = ChordGraphImageView.swift; sourceTree = "<group>"; };
		1D59025E2D15195C00C5D35D /* ChordGrapherNavigationView.swift */ = {isa = PBXFileReference; lastKnownFileType = sourcecode.swift; path = ChordGrapherNavigationView.swift; sourceTree = "<group>"; };
		1D5F69D62C2481E600193B58 /* ChordCombiner-SwiftUI.app */ = {isa = PBXFileReference; explicitFileType = wrapper.application; includeInIndex = 0; path = "ChordCombiner-SwiftUI.app"; sourceTree = BUILT_PRODUCTS_DIR; };
		1D5F69D92C2481E600193B58 /* AppMain.swift */ = {isa = PBXFileReference; lastKnownFileType = sourcecode.swift; path = AppMain.swift; sourceTree = "<group>"; };
		1D5F69DD2C2481E700193B58 /* Assets.xcassets */ = {isa = PBXFileReference; lastKnownFileType = folder.assetcatalog; path = Assets.xcassets; sourceTree = "<group>"; };
		1D5F69E02C2481E700193B58 /* Preview Assets.xcassets */ = {isa = PBXFileReference; lastKnownFileType = folder.assetcatalog; path = "Preview Assets.xcassets"; sourceTree = "<group>"; };
		1D5F69F22C24829200193B58 /* Enharmonic.swift */ = {isa = PBXFileReference; fileEncoding = 4; lastKnownFileType = sourcecode.swift; path = Enharmonic.swift; sourceTree = "<group>"; };
		1D5F69F72C24829200193B58 /* KeyName.RootKeyNote.swift */ = {isa = PBXFileReference; fileEncoding = 4; lastKnownFileType = sourcecode.swift; path = KeyName.RootKeyNote.swift; sourceTree = "<group>"; };
		1D5F69F82C24829200193B58 /* Math Extensions.swift */ = {isa = PBXFileReference; fileEncoding = 4; lastKnownFileType = sourcecode.swift; path = "Math Extensions.swift"; sourceTree = "<group>"; };
		1D5F69FF2C24829300193B58 /* Letter.swift */ = {isa = PBXFileReference; fileEncoding = 4; lastKnownFileType = sourcecode.swift; path = Letter.swift; sourceTree = "<group>"; };
		1D5F6A152C24829300193B58 /* NoteNumber.swift */ = {isa = PBXFileReference; fileEncoding = 4; lastKnownFileType = sourcecode.swift; path = NoteNumber.swift; sourceTree = "<group>"; };
		1D5F6A162C24829300193B58 /* ChordsAndScales.swift */ = {isa = PBXFileReference; fileEncoding = 4; lastKnownFileType = sourcecode.swift; path = ChordsAndScales.swift; sourceTree = "<group>"; };
		1D5F6A1B2C24829400193B58 /* Array Extensions.swift */ = {isa = PBXFileReference; fileEncoding = 4; lastKnownFileType = sourcecode.swift; path = "Array Extensions.swift"; sourceTree = "<group>"; };
		1D5F6A1D2C24829400193B58 /* Accidental.swift */ = {isa = PBXFileReference; fileEncoding = 4; lastKnownFileType = sourcecode.swift; path = Accidental.swift; sourceTree = "<group>"; };
		1D5F6A202C24829400193B58 /* KeySwitch.swift */ = {isa = PBXFileReference; fileEncoding = 4; lastKnownFileType = sourcecode.swift; path = KeySwitch.swift; sourceTree = "<group>"; };
		1D5F6A232C24829400193B58 /* KeyName.swift */ = {isa = PBXFileReference; fileEncoding = 4; lastKnownFileType = sourcecode.swift; path = KeyName.swift; sourceTree = "<group>"; };
		1D5F6A322C24829400193B58 /* RootNote.swift */ = {isa = PBXFileReference; fileEncoding = 4; lastKnownFileType = sourcecode.swift; path = RootNote.swift; sourceTree = "<group>"; };
		1D5F6A342C24829400193B58 /* Degree.swift */ = {isa = PBXFileReference; fileEncoding = 4; lastKnownFileType = sourcecode.swift; path = Degree.swift; sourceTree = "<group>"; };
		1D5F6AA22C2482D300193B58 /* Colors.swift */ = {isa = PBXFileReference; fileEncoding = 4; lastKnownFileType = sourcecode.swift; path = Colors.swift; sourceTree = "<group>"; };
		1D65C9622C5BFAA100DB7E3A /* ChordFactory.swift */ = {isa = PBXFileReference; lastKnownFileType = sourcecode.swift; path = ChordFactory.swift; sourceTree = "<group>"; };
		1D68E29B2D10CC0D00EF5D16 /* Degree+Additions.swift */ = {isa = PBXFileReference; lastKnownFileType = sourcecode.swift; path = "Degree+Additions.swift"; sourceTree = "<group>"; };
		1D7281F42CBADC2300C6DBE3 /* ChordCombinerChordSelectionMenu.swift */ = {isa = PBXFileReference; lastKnownFileType = sourcecode.swift; path = ChordCombinerChordSelectionMenu.swift; sourceTree = "<group>"; };
		1D73AFBD2C6FD37400308356 /* Keyboard.swift */ = {isa = PBXFileReference; fileEncoding = 4; lastKnownFileType = sourcecode.swift; path = Keyboard.swift; sourceTree = "<group>"; };
		1D73AFC72C6FD63300308356 /* KeyConstants.swift */ = {isa = PBXFileReference; fileEncoding = 4; lastKnownFileType = sourcecode.swift; path = KeyConstants.swift; sourceTree = "<group>"; };
		1D73AFCA2C6FD63300308356 /* KeyType.swift */ = {isa = PBXFileReference; fileEncoding = 4; lastKnownFileType = sourcecode.swift; path = KeyType.swift; sourceTree = "<group>"; };
		1D73AFD22C6FD64400308356 /* KeyProtocol.swift */ = {isa = PBXFileReference; fileEncoding = 4; lastKnownFileType = sourcecode.swift; path = KeyProtocol.swift; sourceTree = "<group>"; };
		1D73AFD32C6FD64400308356 /* KeyShapeProtocol.swift */ = {isa = PBXFileReference; fileEncoding = 4; lastKnownFileType = sourcecode.swift; path = KeyShapeProtocol.swift; sourceTree = "<group>"; };
		1D73AFD42C6FD64400308356 /* KeyShapeGroupProtocol.swift */ = {isa = PBXFileReference; fileEncoding = 4; lastKnownFileType = sourcecode.swift; path = KeyShapeGroupProtocol.swift; sourceTree = "<group>"; };
		1D73AFE72C6FD64400308356 /* Key.swift */ = {isa = PBXFileReference; fileEncoding = 4; lastKnownFileType = sourcecode.swift; path = Key.swift; sourceTree = "<group>"; };
		1D7A4C492CDD84C6004B16BA /* KeyShapePath.swift */ = {isa = PBXFileReference; lastKnownFileType = sourcecode.swift; path = KeyShapePath.swift; sourceTree = "<group>"; };
		1D898D242C9A9B3600C5AA18 /* DetailRow.swift */ = {isa = PBXFileReference; lastKnownFileType = sourcecode.swift; path = DetailRow.swift; sourceTree = "<group>"; };
		1D8F4E1E2C8B768F000DEF30 /* Root.swift */ = {isa = PBXFileReference; lastKnownFileType = sourcecode.swift; path = Root.swift; sourceTree = "<group>"; };
		1D965F432CC40E8300C387BF /* ChordAndScaleProperty.swift */ = {isa = PBXFileReference; lastKnownFileType = sourcecode.swift; path = ChordAndScaleProperty.swift; sourceTree = "<group>"; };
		1D99832E2CEE9872002CCA34 /* KeyCirclesView.swift */ = {isa = PBXFileReference; lastKnownFileType = sourcecode.swift; path = KeyCirclesView.swift; sourceTree = "<group>"; };
		1D9BFCC72D1B409200A4C985 /* SingleChordDetailNavigationTitleView.swift */ = {isa = PBXFileReference; lastKnownFileType = sourcecode.swift; path = SingleChordDetailNavigationTitleView.swift; sourceTree = "<group>"; };
		1D9BFCCA2D1B519D00A4C985 /* GraphImagePlacerView.swift */ = {isa = PBXFileReference; lastKnownFileType = sourcecode.swift; path = GraphImagePlacerView.swift; sourceTree = "<group>"; };
		1D9BFCCD2D1B51B100A4C985 /* GraphImagePlacerPyramidView.swift */ = {isa = PBXFileReference; lastKnownFileType = sourcecode.swift; path = GraphImagePlacerPyramidView.swift; sourceTree = "<group>"; };
		1DA11FC22CEBCAD400DF255C /* ChordSymbolCaptionView.swift */ = {isa = PBXFileReference; lastKnownFileType = sourcecode.swift; path = ChordSymbolCaptionView.swift; sourceTree = "<group>"; };
		1DA11FC42CEBEE0D00DF255C /* DualChordTitleView.swift */ = {isa = PBXFileReference; lastKnownFileType = sourcecode.swift; path = DualChordTitleView.swift; sourceTree = "<group>"; };
		1DA11FC62CEC01A800DF255C /* DualChordDetailNavigationLinkView.swift */ = {isa = PBXFileReference; lastKnownFileType = sourcecode.swift; path = DualChordDetailNavigationLinkView.swift; sourceTree = "<group>"; };
		1DA11FC82CEC0AFC00DF255C /* InfoLinkImageView.swift */ = {isa = PBXFileReference; lastKnownFileType = sourcecode.swift; path = InfoLinkImageView.swift; sourceTree = "<group>"; };
		1DA11FCB2CEC1CA300DF255C /* BaseChordSectionView.swift */ = {isa = PBXFileReference; lastKnownFileType = sourcecode.swift; path = BaseChordSectionView.swift; sourceTree = "<group>"; };
		1DA965CE2CBECD1D00368651 /* ChordCombinerMenuCoverView.swift */ = {isa = PBXFileReference; lastKnownFileType = sourcecode.swift; path = ChordCombinerMenuCoverView.swift; sourceTree = "<group>"; };
		1DABBE132CB58A930039F325 /* KeyShape.swift */ = {isa = PBXFileReference; lastKnownFileType = sourcecode.swift; path = KeyShape.swift; sourceTree = "<group>"; };
		1DB357462CBDA49C00A5D6B3 /* ChordCombinerKeyboardScrollView.swift */ = {isa = PBXFileReference; lastKnownFileType = sourcecode.swift; path = ChordCombinerKeyboardScrollView.swift; sourceTree = "<group>"; };
		1DB4AA3F2CB8A57E006FD1C5 /* TitleView.swift */ = {isa = PBXFileReference; lastKnownFileType = sourcecode.swift; path = TitleView.swift; sourceTree = "<group>"; };
		1DBD0FFF2CFFCBFB009136B4 /* ChordGrapher.swift */ = {isa = PBXFileReference; lastKnownFileType = sourcecode.swift; path = ChordGrapher.swift; sourceTree = "<group>"; };
		1DBD4C5F2C58364A00F4015C /* Chord.swift */ = {isa = PBXFileReference; lastKnownFileType = sourcecode.swift; path = Chord.swift; sourceTree = "<group>"; };
		1DBE1C2E2C25D3C8008DCBDF /* FileManager.swift */ = {isa = PBXFileReference; fileEncoding = 4; lastKnownFileType = sourcecode.swift; path = FileManager.swift; sourceTree = "<group>"; };
		1DC272842CCC2C210035032A /* StackedPitchesTest.xctestplan */ = {isa = PBXFileReference; lastKnownFileType = text; path = StackedPitchesTest.xctestplan; sourceTree = "<group>"; };
		1DC6A0732CC55E660053068C /* ChordCombinerPropertyTagView.swift */ = {isa = PBXFileReference; lastKnownFileType = sourcecode.swift; path = ChordCombinerPropertyTagView.swift; sourceTree = "<group>"; };
		1DC6A0752CC566950053068C /* ChordCombinerTagsView.swift */ = {isa = PBXFileReference; lastKnownFileType = sourcecode.swift; path = ChordCombinerTagsView.swift; sourceTree = "<group>"; };
		1DC6A07D2CC57A4E0053068C /* ChordCombinerMenuKeyboardDisplayRow.swift */ = {isa = PBXFileReference; lastKnownFileType = sourcecode.swift; path = ChordCombinerMenuKeyboardDisplayRow.swift; sourceTree = "<group>"; };
		1DC8313A2CB4A66600481996 /* ViewModifiers.swift */ = {isa = PBXFileReference; lastKnownFileType = sourcecode.swift; path = ViewModifiers.swift; sourceTree = "<group>"; };
		1DC9DAAB2CC8081000776417 /* ChordProperties.swift */ = {isa = PBXFileReference; lastKnownFileType = sourcecode.swift; path = ChordProperties.swift; sourceTree = "<group>"; };
		1DD10D4B2D13A99F00A6FBB1 /* ChordCombinerViewModel+Additions.swift */ = {isa = PBXFileReference; lastKnownFileType = sourcecode.swift; path = "ChordCombinerViewModel+Additions.swift"; sourceTree = "<group>"; };
		1DD297C62C9902B6001984EF /* DualChordDetailView.swift */ = {isa = PBXFileReference; lastKnownFileType = sourcecode.swift; path = DualChordDetailView.swift; sourceTree = "<group>"; };
		1DD507552CB97D080085288B /* HighlightableTagView.swift */ = {isa = PBXFileReference; lastKnownFileType = sourcecode.swift; path = HighlightableTagView.swift; sourceTree = "<group>"; };
		1DD507572CB981EB0085288B /* TitleColorDivider.swift */ = {isa = PBXFileReference; lastKnownFileType = sourcecode.swift; path = TitleColorDivider.swift; sourceTree = "<group>"; };
		1DD831DD2D14CBCB00EC817F /* DualChordTitleViewBuilder.swift */ = {isa = PBXFileReference; lastKnownFileType = sourcecode.swift; path = DualChordTitleViewBuilder.swift; sourceTree = "<group>"; };
		1DD831E02D14CD9D00EC817F /* SplitChordTitleView.swift */ = {isa = PBXFileReference; lastKnownFileType = sourcecode.swift; path = SplitChordTitleView.swift; sourceTree = "<group>"; };
		1DD831E32D14CE8E00EC817F /* CombinedOrSingleChordTitleView.swift */ = {isa = PBXFileReference; lastKnownFileType = sourcecode.swift; path = CombinedOrSingleChordTitleView.swift; sourceTree = "<group>"; };
		1DD831E92D14D60F00EC817F /* ComponentChordsView.swift */ = {isa = PBXFileReference; lastKnownFileType = sourcecode.swift; path = ComponentChordsView.swift; sourceTree = "<group>"; };
		1DD836D42CFFD40B00ED2DF2 /* Note.swift */ = {isa = PBXFileReference; lastKnownFileType = sourcecode.swift; path = Note.swift; sourceTree = "<group>"; };
		1DD837262CFFD75400ED2DF2 /* String Extensions.swift */ = {isa = PBXFileReference; lastKnownFileType = sourcecode.swift; path = "String Extensions.swift"; sourceTree = "<group>"; };
		1DE006162CE51EFD00C27EE3 /* ChordCombinerPropertyMatcher.swift */ = {isa = PBXFileReference; lastKnownFileType = sourcecode.swift; path = ChordCombinerPropertyMatcher.swift; sourceTree = "<group>"; };
		1DE006182CE5263D00C27EE3 /* KeyboardHighlighter.swift */ = {isa = PBXFileReference; lastKnownFileType = sourcecode.swift; path = KeyboardHighlighter.swift; sourceTree = "<group>"; };
		1DF2D7522D17A8760018B161 /* NotesAndDegreesSectionView.swift */ = {isa = PBXFileReference; lastKnownFileType = sourcecode.swift; path = NotesAndDegreesSectionView.swift; sourceTree = "<group>"; };
		1DF2D7552D17ADA00018B161 /* ChordDetailForm.swift */ = {isa = PBXFileReference; lastKnownFileType = sourcecode.swift; path = ChordDetailForm.swift; sourceTree = "<group>"; };
		1DF2D7582D18BAAF0018B161 /* ExtendedNotesSectionView.swift */ = {isa = PBXFileReference; lastKnownFileType = sourcecode.swift; path = ExtendedNotesSectionView.swift; sourceTree = "<group>"; };
		1DF4EA772CE9454300CB2821 /* DualChordKeyboardChordTitleModel.swift */ = {isa = PBXFileReference; lastKnownFileType = sourcecode.swift; path = DualChordKeyboardChordTitleModel.swift; sourceTree = "<group>"; };
		1DF4EA792CE9478E00CB2821 /* SingleChordDetailView.swift */ = {isa = PBXFileReference; lastKnownFileType = sourcecode.swift; path = SingleChordDetailView.swift; sourceTree = "<group>"; };
		1DF4EA7B2CEA662400CB2821 /* EquivalentChordsSectionView.swift */ = {isa = PBXFileReference; lastKnownFileType = sourcecode.swift; path = EquivalentChordsSectionView.swift; sourceTree = "<group>"; };
		1DFBB1172D039AB1002ACF7B /* ChordGrapherParentChord.swift */ = {isa = PBXFileReference; lastKnownFileType = sourcecode.swift; path = ChordGrapherParentChord.swift; sourceTree = "<group>"; };
		1DFBB11A2D039ACF002ACF7B /* ChordGrapherRelationships.swift */ = {isa = PBXFileReference; lastKnownFileType = sourcecode.swift; path = ChordGrapherRelationships.swift; sourceTree = "<group>"; };
		1DFBB11D2D039AED002ACF7B /* ChordGrapherAttributes.swift */ = {isa = PBXFileReference; lastKnownFileType = sourcecode.swift; path = ChordGrapherAttributes.swift; sourceTree = "<group>"; };
		1DFD9D4E2C5AA4330006333D /* ChordType.swift */ = {isa = PBXFileReference; lastKnownFileType = sourcecode.swift; path = ChordType.swift; sourceTree = "<group>"; };
/* End PBXFileReference section */

/* Begin PBXFileSystemSynchronizedRootGroup section */
		1D3D653E2CCBEFF50045AD8D /* ChordCombiner-SwiftUITests */ = {isa = PBXFileSystemSynchronizedRootGroup; explicitFileTypes = {}; explicitFolders = (); path = "ChordCombiner-SwiftUITests"; sourceTree = "<group>"; };
/* End PBXFileSystemSynchronizedRootGroup section */

/* Begin PBXFrameworksBuildPhase section */
		1D3D653A2CCBEFF50045AD8D /* Frameworks */ = {
			isa = PBXFrameworksBuildPhase;
			buildActionMask = 2147483647;
			files = (
			);
			runOnlyForDeploymentPostprocessing = 0;
		};
		1D5F69D32C2481E600193B58 /* Frameworks */ = {
			isa = PBXFrameworksBuildPhase;
			buildActionMask = 2147483647;
			files = (
				1DC11F732CA133E400263FF8 /* Algorithms in Frameworks */,
			);
			runOnlyForDeploymentPostprocessing = 0;
		};
/* End PBXFrameworksBuildPhase section */

/* Begin PBXGroup section */
		1D0DD6782D10E49B00BD5189 /* ChordType */ = {
			isa = PBXGroup;
			children = (
				1DFD9D4E2C5AA4330006333D /* ChordType.swift */,
				1D0DD6822D10E7E900BD5189 /* ChordType+StaticProperties.swift */,
				1D0DD67C2D10E59800BD5189 /* ChordType+baseChordType.swift */,
				1D0DD67F2D10E6DE00BD5189 /* ChordType+degreeTypeIDGroups.swift */,
				1D0DD6792D10E52F00BD5189 /* ChordType+DegreeTags.swift */,
				1D20A5DA2D0A031A00C4FD9F /* ChordTypeSection.swift */,
			);
			path = ChordType;
			sourceTree = "<group>";
		};
		1D26DD802CF127B700C45D48 /* ChordProperties */ = {
			isa = PBXGroup;
			children = (
				1D26DD812CF127FA00C45D48 /* ChordPropertiesModels */,
				1DC6A0752CC566950053068C /* ChordCombinerTagsView.swift */,
				1DC6A0732CC55E660053068C /* ChordCombinerPropertyTagView.swift */,
				1DB357462CBDA49C00A5D6B3 /* ChordCombinerKeyboardScrollView.swift */,
				1DC6A07D2CC57A4E0053068C /* ChordCombinerMenuKeyboardDisplayRow.swift */,
			);
			path = ChordProperties;
			sourceTree = "<group>";
		};
		1D26DD812CF127FA00C45D48 /* ChordPropertiesModels */ = {
			isa = PBXGroup;
			children = (
				1DC9DAAB2CC8081000776417 /* ChordProperties.swift */,
			);
			path = ChordPropertiesModels;
			sourceTree = "<group>";
		};
		1D26DD842CF12A9D00C45D48 /* SingleChordViews */ = {
			isa = PBXGroup;
			children = (
				1D20A5DD2D0A16D200C4FD9F /* SingleChordTitleNavigationStackView.swift */,
				1D9BFCC72D1B409200A4C985 /* SingleChordDetailNavigationTitleView.swift */,
				1D33D9482CEC2CB700E04B39 /* SingleChordDetailNavigationView.swift */,
				1DF4EA792CE9478E00CB2821 /* SingleChordDetailView.swift */,
				1D26DD852CF12AC900C45D48 /* SingleChordDetailModels */,
			);
			path = SingleChordViews;
			sourceTree = "<group>";
		};
		1D26DD852CF12AC900C45D48 /* SingleChordDetailModels */ = {
			isa = PBXGroup;
			children = (
				1D28B2752CED69E200FAD96D /* SingleChordKeyboardTitleSelector.swift */,
			);
			path = SingleChordDetailModels;
			sourceTree = "<group>";
		};
		1D26DD862CF12B7600C45D48 /* Keyboard */ = {
			isa = PBXGroup;
			children = (
				1D73AFBD2C6FD37400308356 /* Keyboard.swift */,
				1D26DD872CF12B9E00C45D48 /* Keyboard Models */,
			);
			path = Keyboard;
			sourceTree = "<group>";
		};
		1D26DD872CF12B9E00C45D48 /* Keyboard Models */ = {
			isa = PBXGroup;
			children = (
				1DE006182CE5263D00C27EE3 /* KeyboardHighlighter.swift */,
			);
			path = "Keyboard Models";
			sourceTree = "<group>";
		};
		1D26DD8A2CF12BC500C45D48 /* Key ViewModels */ = {
			isa = PBXGroup;
			children = (
				1D73AFC72C6FD63300308356 /* KeyConstants.swift */,
				1D73AFCA2C6FD63300308356 /* KeyType.swift */,
			);
			path = "Key ViewModels";
			sourceTree = "<group>";
		};
		1D2B447F2D08BAC20067266F /* KeySymbols Views */ = {
			isa = PBXGroup;
			children = (
				1D2B44832D08BB090067266F /* KeyLetterView.swift */,
				1D99832E2CEE9872002CCA34 /* KeyCirclesView.swift */,
				1D2B44862D08BB2A0067266F /* KeyCircle.swift */,
			);
			path = "KeySymbols Views";
			sourceTree = "<group>";
		};
		1D362D3E2D01035200C4EF82 /* ChordGrapher Models */ = {
			isa = PBXGroup;
			children = (
				1DBD0FFF2CFFCBFB009136B4 /* ChordGrapher.swift */,
				1DFBB1172D039AB1002ACF7B /* ChordGrapherParentChord.swift */,
				1DFBB11A2D039ACF002ACF7B /* ChordGrapherRelationships.swift */,
				1DFBB11D2D039AED002ACF7B /* ChordGrapherAttributes.swift */,
				1D5902582D14EF2600C5D35D /* ImageService.swift */,
			);
			path = "ChordGrapher Models";
			sourceTree = "<group>";
		};
		1D5F69CD2C2481E600193B58 = {
			isa = PBXGroup;
			children = (
				1DC272842CCC2C210035032A /* StackedPitchesTest.xctestplan */,
				1D5F69D82C2481E600193B58 /* ChordCombiner-SwiftUI */,
				1D3D653E2CCBEFF50045AD8D /* ChordCombiner-SwiftUITests */,
				1D5F69D72C2481E600193B58 /* Products */,
			);
			sourceTree = "<group>";
		};
		1D5F69D72C2481E600193B58 /* Products */ = {
			isa = PBXGroup;
			children = (
				1D5F69D62C2481E600193B58 /* ChordCombiner-SwiftUI.app */,
				1D3D653D2CCBEFF50045AD8D /* ChordCombiner-SwiftUITests.xctest */,
			);
			name = Products;
			sourceTree = "<group>";
		};
		1D5F69D82C2481E600193B58 /* ChordCombiner-SwiftUI */ = {
			isa = PBXGroup;
			children = (
				1D5F69D92C2481E600193B58 /* AppMain.swift */,
				1D34C3E82D19F8A200253C50 /* SplashScreen.swift */,
				1D34C3EB2D19F8C500253C50 /* ViewCoordinator.swift */,
				1D46C92A2C77B7400014D00B /* ChordCombinerView.swift */,
				1D6523A52CF1091500BDD60C /* ChordCombinerView */,
				1D6523A82CF11A2D00BDD60C /* DualChordViews */,
				1D26DD842CF12A9D00C45D48 /* SingleChordViews */,
				1DA11FCA2CEC1C5E00DF255C /* ChordDetailSectionViews */,
				1DBD0FFE2CFFCBEA009136B4 /* ChordGrapher Views */,
				1DB6EC3A2C778FDB008A23BC /* Keyboard and Keys Views */,
				1DA5E4182CDE6D1800DDB704 /* Reusable Views */,
				1D5F6AA52C2483E700193B58 /* Global Models */,
				1D5F6AA12C2482AD00193B58 /* Custom Extensions and Constants */,
				1D5F69DD2C2481E700193B58 /* Assets.xcassets */,
				1D5F69DF2C2481E700193B58 /* Preview Content */,
			);
			path = "ChordCombiner-SwiftUI";
			sourceTree = "<group>";
		};
		1D5F69DF2C2481E700193B58 /* Preview Content */ = {
			isa = PBXGroup;
			children = (
				1D5F69E02C2481E700193B58 /* Preview Assets.xcassets */,
			);
			path = "Preview Content";
			sourceTree = "<group>";
		};
		1D5F6AA12C2482AD00193B58 /* Custom Extensions and Constants */ = {
			isa = PBXGroup;
			children = (
				1D5F6A1B2C24829400193B58 /* Array Extensions.swift */,
				1DD837262CFFD75400ED2DF2 /* String Extensions.swift */,
				1D5F6AA22C2482D300193B58 /* Colors.swift */,
				1DBE1C2E2C25D3C8008DCBDF /* FileManager.swift */,
				1D5F69F82C24829200193B58 /* Math Extensions.swift */,
				1DC8313A2CB4A66600481996 /* ViewModifiers.swift */,
			);
			path = "Custom Extensions and Constants";
			sourceTree = "<group>";
		};
		1D5F6AA52C2483E700193B58 /* Global Models */ = {
			isa = PBXGroup;
			children = (
				1D5F6AA62C2483EC00193B58 /* Chords */,
				1D5F6AA72C2483F600193B58 /* Notes */,
			);
			path = "Global Models";
			sourceTree = "<group>";
		};
		1D5F6AA62C2483EC00193B58 /* Chords */ = {
			isa = PBXGroup;
			children = (
				1DBD4C5F2C58364A00F4015C /* Chord.swift */,
				1D3EA8A72C93644700A6430C /* VoicingCalculator.swift */,
				1D65C9622C5BFAA100DB7E3A /* ChordFactory.swift */,
				1D30F2542CC9840900D40625 /* EquivalentChordFinder.swift */,
				1D0DD6782D10E49B00BD5189 /* ChordType */,
				1D5F6AAD2C24847600193B58 /* Degree Enum */,
				1D5F6AAC2C24846700193B58 /* Chord Protocols */,
			);
			path = Chords;
			sourceTree = "<group>";
		};
		1D5F6AA72C2483F600193B58 /* Notes */ = {
			isa = PBXGroup;
			children = (
				1D8F4E1E2C8B768F000DEF30 /* Root.swift */,
				1DD836D42CFFD40B00ED2DF2 /* Note.swift */,
				1D5F6ABF2C2488C600193B58 /* Note Protocols and Helpers */,
				1D5F6AC12C2488DF00193B58 /* Note Enums */,
			);
			path = Notes;
			sourceTree = "<group>";
		};
		1D5F6AAC2C24846700193B58 /* Chord Protocols */ = {
			isa = PBXGroup;
			children = (
				1D5F6A322C24829400193B58 /* RootNote.swift */,
				1D0D63002C949E9300910CBF /* DegreeAndPitchNumberOperator.swift */,
				1D2B44892D090F6F0067266F /* SettableNotesByNoteNumber.swift */,
				1D5F6A162C24829300193B58 /* ChordsAndScales.swift */,
			);
			path = "Chord Protocols";
			sourceTree = "<group>";
		};
		1D5F6AAD2C24847600193B58 /* Degree Enum */ = {
			isa = PBXGroup;
			children = (
				1D5F6A342C24829400193B58 /* Degree.swift */,
				1D68E29B2D10CC0D00EF5D16 /* Degree+Additions.swift */,
			);
			path = "Degree Enum";
			sourceTree = "<group>";
		};
		1D5F6ABF2C2488C600193B58 /* Note Protocols and Helpers */ = {
			isa = PBXGroup;
			children = (
				1D5F6A232C24829400193B58 /* KeyName.swift */,
				1D5F69F72C24829200193B58 /* KeyName.RootKeyNote.swift */,
				1D2525092D121B0A005ADEB9 /* KeyName+DegreeMaps.swift */,
				1D5F6A202C24829400193B58 /* KeySwitch.swift */,
				1D965F432CC40E8300C387BF /* ChordAndScaleProperty.swift */,
			);
			path = "Note Protocols and Helpers";
			sourceTree = "<group>";
		};
		1D5F6AC12C2488DF00193B58 /* Note Enums */ = {
			isa = PBXGroup;
			children = (
				1D5F6A1D2C24829400193B58 /* Accidental.swift */,
				1D5F69F22C24829200193B58 /* Enharmonic.swift */,
				1D5F69FF2C24829300193B58 /* Letter.swift */,
				1D5F6A152C24829300193B58 /* NoteNumber.swift */,
			);
			path = "Note Enums";
			sourceTree = "<group>";
		};
		1D6523A52CF1091500BDD60C /* ChordCombinerView */ = {
			isa = PBXGroup;
			children = (
				1D350EF72C779358007D8F85 /* ChordCombinerViewModel.swift */,
				1DD10D4B2D13A99F00A6FBB1 /* ChordCombinerViewModel+Additions.swift */,
				1D0DD6852D1115B400BD5189 /* CombinedChordHighlightPitches.swift */,
				1D6523A62CF109B400BDD60C /* ChordCombinerModels */,
				1D7281F62CBADFF000C6DBE3 /* ChordCombinerMenu Views */,
			);
			path = ChordCombinerView;
			sourceTree = "<group>";
		};
		1D6523A62CF109B400BDD60C /* ChordCombinerModels */ = {
			isa = PBXGroup;
			children = (
				1D26DD8B2CF12D4500C45D48 /* ChordCombiner.swift */,
				1D46C92F2C77CE530014D00B /* ChordCombinerVoicingCalculator.swift */,
			);
			path = ChordCombinerModels;
			sourceTree = "<group>";
		};
		1D6523A72CF119F500BDD60C /* ChordCombinerMenuModels */ = {
			isa = PBXGroup;
			children = (
				1D28B2792CED75ED00FAD96D /* ChordCombinerSelectedChordTitleModel.swift */,
				1DE006162CE51EFD00C27EE3 /* ChordCombinerPropertyMatcher.swift */,
			);
			path = ChordCombinerMenuModels;
			sourceTree = "<group>";
		};
		1D6523A82CF11A2D00BDD60C /* DualChordViews */ = {
			isa = PBXGroup;
			children = (
				1D46C9322C77EB950014D00B /* DualChordKeyboardView.swift */,
				1DD831E82D14D43300EC817F /* DualChordTitleViews */,
				1DD297C62C9902B6001984EF /* DualChordDetailView.swift */,
				1D6523A92CF11AF500BDD60C /* DualChordModels */,
			);
			path = DualChordViews;
			sourceTree = "<group>";
		};
		1D6523A92CF11AF500BDD60C /* DualChordModels */ = {
			isa = PBXGroup;
			children = (
				1DF4EA772CE9454300CB2821 /* DualChordKeyboardChordTitleModel.swift */,
			);
			path = DualChordModels;
			sourceTree = "<group>";
		};
		1D7281F62CBADFF000C6DBE3 /* ChordCombinerMenu Views */ = {
			isa = PBXGroup;
			children = (
				1DA965CE2CBECD1D00368651 /* ChordCombinerMenuCoverView.swift */,
				1D7281F42CBADC2300C6DBE3 /* ChordCombinerChordSelectionMenu.swift */,
				1D20A5E02D0A16EC00C4FD9F /* ChordCombinerPropertySelectionView.swift */,
				1D6523A72CF119F500BDD60C /* ChordCombinerMenuModels */,
				1D26DD802CF127B700C45D48 /* ChordProperties */,
			);
			path = "ChordCombinerMenu Views";
			sourceTree = "<group>";
		};
		1D73AFE82C6FD64400308356 /* Keys */ = {
			isa = PBXGroup;
			children = (
				1D26DD8A2CF12BC500C45D48 /* Key ViewModels */,
				1D73AFE72C6FD64400308356 /* Key.swift */,
				1D73AFD22C6FD64400308356 /* KeyProtocol.swift */,
				1D9BFCC52D1B34D900A4C985 /* KeyShape */,
				1D2B447F2D08BAC20067266F /* KeySymbols Views */,
			);
			path = Keys;
			sourceTree = "<group>";
		};
		1D9BFCC52D1B34D900A4C985 /* KeyShape */ = {
			isa = PBXGroup;
			children = (
				1D0967F42CB59CC700600325 /* KeyShapeGroup.swift */,
				1DABBE132CB58A930039F325 /* KeyShape.swift */,
				1D7A4C492CDD84C6004B16BA /* KeyShapePath.swift */,
				1D9BFCC62D1B34F500A4C985 /* KeyShape Protocols */,
			);
			path = KeyShape;
			sourceTree = "<group>";
		};
		1D9BFCC62D1B34F500A4C985 /* KeyShape Protocols */ = {
			isa = PBXGroup;
			children = (
				1D73AFD32C6FD64400308356 /* KeyShapeProtocol.swift */,
				1D73AFD42C6FD64400308356 /* KeyShapeGroupProtocol.swift */,
			);
			path = "KeyShape Protocols";
			sourceTree = "<group>";
		};
		1DA11FCA2CEC1C5E00DF255C /* ChordDetailSectionViews */ = {
			isa = PBXGroup;
			children = (
				1DF2D7552D17ADA00018B161 /* ChordDetailForm.swift */,
				1DD831E92D14D60F00EC817F /* ComponentChordsView.swift */,
				1DF2D7522D17A8760018B161 /* NotesAndDegreesSectionView.swift */,
				1DA11FCB2CEC1CA300DF255C /* BaseChordSectionView.swift */,
				1DF2D7582D18BAAF0018B161 /* ExtendedNotesSectionView.swift */,
				1DF4EA7B2CEA662400CB2821 /* EquivalentChordsSectionView.swift */,
			);
			path = ChordDetailSectionViews;
			sourceTree = "<group>";
		};
		1DA5E4182CDE6D1800DDB704 /* Reusable Views */ = {
			isa = PBXGroup;
			children = (
				1DA11FC82CEC0AFC00DF255C /* InfoLinkImageView.swift */,
				1DA11FC22CEBCAD400DF255C /* ChordSymbolCaptionView.swift */,
				1DD507552CB97D080085288B /* HighlightableTagView.swift */,
				1D898D242C9A9B3600C5AA18 /* DetailRow.swift */,
				1DB4AA3F2CB8A57E006FD1C5 /* TitleView.swift */,
				1DD507572CB981EB0085288B /* TitleColorDivider.swift */,
			);
			path = "Reusable Views";
			sourceTree = "<group>";
		};
		1DB6EC3A2C778FDB008A23BC /* Keyboard and Keys Views */ = {
			isa = PBXGroup;
			children = (
				1D26DD862CF12B7600C45D48 /* Keyboard */,
				1D73AFE82C6FD64400308356 /* Keys */,
			);
			path = "Keyboard and Keys Views";
			sourceTree = "<group>";
		};
		1DBD0FFE2CFFCBEA009136B4 /* ChordGrapher Views */ = {
			isa = PBXGroup;
			children = (
				1D59025E2D15195C00C5D35D /* ChordGrapherNavigationView.swift */,
				1D59025B2D14F75C00C5D35D /* ChordGraphImageView.swift */,
				1D9BFCCD2D1B51B100A4C985 /* GraphImagePlacerPyramidView.swift */,
				1D9BFCCA2D1B519D00A4C985 /* GraphImagePlacerView.swift */,
				1D362D3E2D01035200C4EF82 /* ChordGrapher Models */,
			);
			path = "ChordGrapher Views";
			sourceTree = "<group>";
		};
		1DD831E82D14D43300EC817F /* DualChordTitleViews */ = {
			isa = PBXGroup;
			children = (
				1DD831DD2D14CBCB00EC817F /* DualChordTitleViewBuilder.swift */,
				1DD831E32D14CE8E00EC817F /* CombinedOrSingleChordTitleView.swift */,
				1DD831E02D14CD9D00EC817F /* SplitChordTitleView.swift */,
				1DA11FC42CEBEE0D00DF255C /* DualChordTitleView.swift */,
				1DA11FC62CEC01A800DF255C /* DualChordDetailNavigationLinkView.swift */,
			);
			path = DualChordTitleViews;
			sourceTree = "<group>";
		};
/* End PBXGroup section */

/* Begin PBXNativeTarget section */
		1D3D653C2CCBEFF50045AD8D /* ChordCombiner-SwiftUITests */ = {
			isa = PBXNativeTarget;
			buildConfigurationList = 1D3D65452CCBEFF50045AD8D /* Build configuration list for PBXNativeTarget "ChordCombiner-SwiftUITests" */;
			buildPhases = (
				1D7426932D0BDA74009ABF2A /* ShellScript */,
				1D3D65392CCBEFF50045AD8D /* Sources */,
				1D3D653A2CCBEFF50045AD8D /* Frameworks */,
				1D3D653B2CCBEFF50045AD8D /* Resources */,
			);
			buildRules = (
			);
			dependencies = (
				1D7426922D0BD8D0009ABF2A /* PBXTargetDependency */,
				1D3D65422CCBEFF50045AD8D /* PBXTargetDependency */,
			);
			fileSystemSynchronizedGroups = (
				1D3D653E2CCBEFF50045AD8D /* ChordCombiner-SwiftUITests */,
			);
			name = "ChordCombiner-SwiftUITests";
			packageProductDependencies = (
			);
			productName = "ChordCombiner-SwiftUITests";
			productReference = 1D3D653D2CCBEFF50045AD8D /* ChordCombiner-SwiftUITests.xctest */;
			productType = "com.apple.product-type.bundle.unit-test";
		};
		1D5F69D52C2481E600193B58 /* ChordCombiner-SwiftUI */ = {
			isa = PBXNativeTarget;
			buildConfigurationList = 1D5F69E42C2481E700193B58 /* Build configuration list for PBXNativeTarget "ChordCombiner-SwiftUI" */;
			buildPhases = (
				1D5F69D22C2481E600193B58 /* Sources */,
				1D5F69D32C2481E600193B58 /* Frameworks */,
				1D5F69D42C2481E600193B58 /* Resources */,
			);
			buildRules = (
			);
			dependencies = (
				1D7426902D0BD8C4009ABF2A /* PBXTargetDependency */,
			);
			name = "ChordCombiner-SwiftUI";
			productName = "ChordCombiner-SwiftUI-v1";
			productReference = 1D5F69D62C2481E600193B58 /* ChordCombiner-SwiftUI.app */;
			productType = "com.apple.product-type.application";
		};
/* End PBXNativeTarget section */

/* Begin PBXProject section */
		1D5F69CE2C2481E600193B58 /* Project object */ = {
			isa = PBXProject;
			attributes = {
				BuildIndependentTargetsInParallel = 1;
				LastSwiftUpdateCheck = 1600;
				LastUpgradeCheck = 1520;
				TargetAttributes = {
					1D3D653C2CCBEFF50045AD8D = {
						CreatedOnToolsVersion = 16.0;
						TestTargetID = 1D5F69D52C2481E600193B58;
					};
					1D5F69D52C2481E600193B58 = {
						CreatedOnToolsVersion = 15.2;
					};
				};
			};
			buildConfigurationList = 1D5F69D12C2481E600193B58 /* Build configuration list for PBXProject "ChordCombiner-SwiftUI" */;
			compatibilityVersion = "Xcode 14.0";
			developmentRegion = en;
			hasScannedForEncodings = 0;
			knownRegions = (
				en,
				Base,
			);
			mainGroup = 1D5F69CD2C2481E600193B58;
			packageReferences = (
				1DC11F712CA133E400263FF8 /* XCRemoteSwiftPackageReference "swift-algorithms" */,
				1D74268E2D0BB583009ABF2A /* XCRemoteSwiftPackageReference "SwiftLintPlugins" */,
			);
			productRefGroup = 1D5F69D72C2481E600193B58 /* Products */;
			projectDirPath = "";
			projectRoot = "";
			targets = (
				1D5F69D52C2481E600193B58 /* ChordCombiner-SwiftUI */,
				1D3D653C2CCBEFF50045AD8D /* ChordCombiner-SwiftUITests */,
			);
		};
/* End PBXProject section */

/* Begin PBXResourcesBuildPhase section */
		1D3D653B2CCBEFF50045AD8D /* Resources */ = {
			isa = PBXResourcesBuildPhase;
			buildActionMask = 2147483647;
			files = (
				1DD836D72CFFD54E00ED2DF2 /* Assets.xcassets in Resources */,
				1DC272852CCC2C210035032A /* StackedPitchesTest.xctestplan in Resources */,
			);
			runOnlyForDeploymentPostprocessing = 0;
		};
		1D5F69D42C2481E600193B58 /* Resources */ = {
			isa = PBXResourcesBuildPhase;
			buildActionMask = 2147483647;
			files = (
				1D5F69E12C2481E700193B58 /* Preview Assets.xcassets in Resources */,
				1D5F69DE2C2481E700193B58 /* Assets.xcassets in Resources */,
			);
			runOnlyForDeploymentPostprocessing = 0;
		};
/* End PBXResourcesBuildPhase section */

/* Begin PBXShellScriptBuildPhase section */
		1D7426932D0BDA74009ABF2A /* ShellScript */ = {
			isa = PBXShellScriptBuildPhase;
			buildActionMask = 2147483647;
			files = (
			);
			inputFileListPaths = (
			);
			inputPaths = (
			);
			outputFileListPaths = (
			);
			outputPaths = (
			);
			runOnlyForDeploymentPostprocessing = 0;
			shellPath = /bin/sh;
			shellScript = "# Type a script or drag a script file from your workspace to insert its path.\n\nPATH=/opt/homebrew/bin:$PATH\nif [ -f ~/com.raywenderlich.swiftlint.yml ]; then\n  if which swiftlint >/dev/null; then\n    swiftlint --no-cache --config ~/com.raywenderlich.swiftlint.yml\n  fi\nfi\n";
		};
/* End PBXShellScriptBuildPhase section */

/* Begin PBXSourcesBuildPhase section */
		1D3D65392CCBEFF50045AD8D /* Sources */ = {
			isa = PBXSourcesBuildPhase;
			buildActionMask = 2147483647;
			files = (
				1D9BFCCB2D1B519D00A4C985 /* GraphImagePlacerView.swift in Sources */,
				1DD836D62CFFD40B00ED2DF2 /* Note.swift in Sources */,
				1DD836D82CFFD54E00ED2DF2 /* DegreeAndPitchNumberOperator.swift in Sources */,
				1DD836D92CFFD54E00ED2DF2 /* KeySwitch.swift in Sources */,
				1DD836DA2CFFD54E00ED2DF2 /* ChordCombinerSelectedChordTitleModel.swift in Sources */,
				1DD836DC2CFFD54E00ED2DF2 /* DualChordTitleView.swift in Sources */,
				1D68E29D2D10CC0D00EF5D16 /* Degree+Additions.swift in Sources */,
				1DD836DE2CFFD54E00ED2DF2 /* DualChordDetailView.swift in Sources */,
				1DD836DF2CFFD54E00ED2DF2 /* ChordCombinerMenuCoverView.swift in Sources */,
				1DD836E02CFFD54E00ED2DF2 /* KeyCirclesView.swift in Sources */,
				1DFBB11F2D039AED002ACF7B /* ChordGrapherAttributes.swift in Sources */,
				1DD836E12CFFD54E00ED2DF2 /* ChordCombinerMenuKeyboardDisplayRow.swift in Sources */,
				1DD836E22CFFD54E00ED2DF2 /* Colors.swift in Sources */,
				1D20A5DC2D0A031A00C4FD9F /* ChordTypeSection.swift in Sources */,
				1DD836E32CFFD54E00ED2DF2 /* DetailRow.swift in Sources */,
				1DD836E42CFFD54E00ED2DF2 /* DualChordKeyboardChordTitleModel.swift in Sources */,
				1DD836E52CFFD54E00ED2DF2 /* Key.swift in Sources */,
				1DD836E62CFFD54E00ED2DF2 /* ChordFactory.swift in Sources */,
				1D2B44842D08BB090067266F /* KeyLetterView.swift in Sources */,
				1DD836E72CFFD54E00ED2DF2 /* SingleChordDetailView.swift in Sources */,
				1D9BFCC82D1B409200A4C985 /* SingleChordDetailNavigationTitleView.swift in Sources */,
				1DD836E92CFFD54E00ED2DF2 /* Accidental.swift in Sources */,
				1DD836EA2CFFD54E00ED2DF2 /* KeyProtocol.swift in Sources */,
				1DD836EB2CFFD54E00ED2DF2 /* VoicingCalculator.swift in Sources */,
				1DD831EA2D14D60F00EC817F /* ComponentChordsView.swift in Sources */,
				1D34C3EA2D19F8A200253C50 /* SplashScreen.swift in Sources */,
				1D25250A2D121B0A005ADEB9 /* KeyName+DegreeMaps.swift in Sources */,
				1DD836EC2CFFD54E00ED2DF2 /* RootNote.swift in Sources */,
				1DD831E42D14CE8E00EC817F /* CombinedOrSingleChordTitleView.swift in Sources */,
				1D34C3EC2D19F8C500253C50 /* ViewCoordinator.swift in Sources */,
				1DD836ED2CFFD54E00ED2DF2 /* ChordGrapher.swift in Sources */,
				1DD836EE2CFFD54E00ED2DF2 /* KeyShapeGroup.swift in Sources */,
				1D2B44872D08BB2A0067266F /* KeyCircle.swift in Sources */,
				1DD836EF2CFFD54E00ED2DF2 /* ChordType.swift in Sources */,
				1DD836F02CFFD54E00ED2DF2 /* KeyName.RootKeyNote.swift in Sources */,
				1DD836F12CFFD54E00ED2DF2 /* Root.swift in Sources */,
				1DD836F22CFFD54E00ED2DF2 /* ChordSymbolCaptionView.swift in Sources */,
				1DFBB11B2D039ACF002ACF7B /* ChordGrapherRelationships.swift in Sources */,
				1DD837272CFFD75400ED2DF2 /* String Extensions.swift in Sources */,
				1DFBB1182D039AB1002ACF7B /* ChordGrapherParentChord.swift in Sources */,
				1DD10D4C2D13A99F00A6FBB1 /* ChordCombinerViewModel+Additions.swift in Sources */,
				1DD836F42CFFD54E00ED2DF2 /* ChordCombinerChordSelectionMenu.swift in Sources */,
				1DF2D7572D17ADA00018B161 /* ChordDetailForm.swift in Sources */,
				1DD836F52CFFD54E00ED2DF2 /* KeyType.swift in Sources */,
				1DD836F72CFFD54E00ED2DF2 /* EquivalentChordFinder.swift in Sources */,
				1D0DD6842D10E7E900BD5189 /* ChordType+StaticProperties.swift in Sources */,
				1D9BFCCE2D1B51B100A4C985 /* GraphImagePlacerPyramidView.swift in Sources */,
				1DD836F82CFFD54E00ED2DF2 /* ChordCombiner.swift in Sources */,
				1DD836F92CFFD54E00ED2DF2 /* KeyName.swift in Sources */,
				1DD836FA2CFFD54E00ED2DF2 /* ChordAndScaleProperty.swift in Sources */,
				1DD836FB2CFFD54E00ED2DF2 /* KeyShapeGroupProtocol.swift in Sources */,
				1DD836FC2CFFD54E00ED2DF2 /* FileManager.swift in Sources */,
				1DD836FD2CFFD54E00ED2DF2 /* DualChordKeyboardView.swift in Sources */,
				1D0DD67B2D10E52F00BD5189 /* ChordType+DegreeTags.swift in Sources */,
				1DD836FF2CFFD54E00ED2DF2 /* Letter.swift in Sources */,
				1DD837002CFFD54E00ED2DF2 /* EquivalentChordsSectionView.swift in Sources */,
				1DD837012CFFD54E00ED2DF2 /* AppMain.swift in Sources */,
				1DD837022CFFD54E00ED2DF2 /* ChordCombinerView.swift in Sources */,
				1DD837252CFFD59200ED2DF2 /* ChordProperties.swift in Sources */,
				1DD831DF2D14CBCB00EC817F /* DualChordTitleViewBuilder.swift in Sources */,
				1DD837042CFFD54E00ED2DF2 /* ChordCombinerPropertyTagView.swift in Sources */,
				1D0DD67D2D10E59800BD5189 /* ChordType+baseChordType.swift in Sources */,
				1DD837052CFFD54E00ED2DF2 /* ChordCombinerVoicingCalculator.swift in Sources */,
				1D0DD6812D10E6DE00BD5189 /* ChordType+degreeTypeIDGroups.swift in Sources */,
				1DD837062CFFD54E00ED2DF2 /* KeyboardHighlighter.swift in Sources */,
				1DD837072CFFD54E00ED2DF2 /* SingleChordDetailNavigationView.swift in Sources */,
				1DD837092CFFD54E00ED2DF2 /* KeyShapeProtocol.swift in Sources */,
				1DD8370A2CFFD54E00ED2DF2 /* DualChordDetailNavigationLinkView.swift in Sources */,
				1DD8370B2CFFD54E00ED2DF2 /* ChordCombinerKeyboardScrollView.swift in Sources */,
				1DD8370C2CFFD54E00ED2DF2 /* TitleView.swift in Sources */,
				1DD8370E2CFFD54E00ED2DF2 /* KeyConstants.swift in Sources */,
				1DF2D75A2D18BAAF0018B161 /* ExtendedNotesSectionView.swift in Sources */,
				1DD8370F2CFFD54E00ED2DF2 /* InfoLinkImageView.swift in Sources */,
				1D59025F2D15195C00C5D35D /* ChordGrapherNavigationView.swift in Sources */,
				1DD837102CFFD54E00ED2DF2 /* Chord.swift in Sources */,
				1DD837112CFFD54E00ED2DF2 /* ChordCombinerViewModel.swift in Sources */,
				1DD837122CFFD54E00ED2DF2 /* Degree.swift in Sources */,
				1D59025C2D14F75C00C5D35D /* ChordGraphImageView.swift in Sources */,
				1D20A5DF2D0A16D200C4FD9F /* SingleChordTitleNavigationStackView.swift in Sources */,
				1DD837132CFFD54E00ED2DF2 /* ChordCombinerPropertyMatcher.swift in Sources */,
				1DD837142CFFD54E00ED2DF2 /* KeyShape.swift in Sources */,
				1DD837152CFFD54E00ED2DF2 /* KeyShapePath.swift in Sources */,
				1DD831E22D14CD9D00EC817F /* SplitChordTitleView.swift in Sources */,
				1DD837162CFFD54E00ED2DF2 /* HighlightableTagView.swift in Sources */,
				1D59025A2D14EF2600C5D35D /* ImageService.swift in Sources */,
				1DD837182CFFD54E00ED2DF2 /* Enharmonic.swift in Sources */,
				1DF2D7542D17A8760018B161 /* NotesAndDegreesSectionView.swift in Sources */,
				1DD837192CFFD54E00ED2DF2 /* ViewModifiers.swift in Sources */,
				1DD8371A2CFFD54E00ED2DF2 /* NoteNumber.swift in Sources */,
				1DD8371B2CFFD54E00ED2DF2 /* Keyboard.swift in Sources */,
				1D20A5E22D0A16EC00C4FD9F /* ChordCombinerPropertySelectionView.swift in Sources */,
				1DD8371D2CFFD54E00ED2DF2 /* ChordsAndScales.swift in Sources */,
				1DD8371E2CFFD54E00ED2DF2 /* SingleChordKeyboardTitleSelector.swift in Sources */,
				1D2B448A2D090F6F0067266F /* SettableNotesByNoteNumber.swift in Sources */,
				1DD8371F2CFFD54E00ED2DF2 /* BaseChordSectionView.swift in Sources */,
				1DD837202CFFD54E00ED2DF2 /* Math Extensions.swift in Sources */,
				1DD837222CFFD54E00ED2DF2 /* TitleColorDivider.swift in Sources */,
				1D0DD6872D1115B400BD5189 /* CombinedChordHighlightPitches.swift in Sources */,
				1DD837232CFFD54E00ED2DF2 /* ChordCombinerTagsView.swift in Sources */,
				1DD837242CFFD54E00ED2DF2 /* Array Extensions.swift in Sources */,
			);
			runOnlyForDeploymentPostprocessing = 0;
		};
		1D5F69D22C2481E600193B58 /* Sources */ = {
			isa = PBXSourcesBuildPhase;
			buildActionMask = 2147483647;
			files = (
				1D0D63012C949E9300910CBF /* DegreeAndPitchNumberOperator.swift in Sources */,
				1DA11FCC2CEC1CA300DF255C /* BaseChordSectionView.swift in Sources */,
				1D5F6A782C24829500193B58 /* Array Extensions.swift in Sources */,
				1D350EF82C779358007D8F85 /* ChordCombinerViewModel.swift in Sources */,
				1DF4EA7C2CEA662400CB2821 /* EquivalentChordsSectionView.swift in Sources */,
				1D0DD67A2D10E52F00BD5189 /* ChordType+DegreeTags.swift in Sources */,
				1D5F6A7A2C24829500193B58 /* Accidental.swift in Sources */,
				1D5F6A802C24829500193B58 /* KeyName.swift in Sources */,
				1D8F4E1F2C8B768F000DEF30 /* Root.swift in Sources */,
				1DBD10002CFFCBFB009136B4 /* ChordGrapher.swift in Sources */,
				1D73AFFB2C6FD64400308356 /* Key.swift in Sources */,
				1DF2D7592D18BAAF0018B161 /* ExtendedNotesSectionView.swift in Sources */,
				1D30F2552CC9840900D40625 /* EquivalentChordFinder.swift in Sources */,
				1DABBE142CB58A930039F325 /* KeyShape.swift in Sources */,
				1D20A5DE2D0A16D200C4FD9F /* SingleChordTitleNavigationStackView.swift in Sources */,
				1DA11FC72CEC01A800DF255C /* DualChordDetailNavigationLinkView.swift in Sources */,
				1D5F6AA32C2482D300193B58 /* Colors.swift in Sources */,
				1DC8313B2CB4A66600481996 /* ViewModifiers.swift in Sources */,
				1D73AFBE2C6FD37400308356 /* Keyboard.swift in Sources */,
				1D20A5DB2D0A031A00C4FD9F /* ChordTypeSection.swift in Sources */,
				1D46C9302C77CE530014D00B /* ChordCombinerVoicingCalculator.swift in Sources */,
				1D73AFEA2C6FD64400308356 /* KeyShapeProtocol.swift in Sources */,
				1D2B44882D08BB2A0067266F /* KeyCircle.swift in Sources */,
				1D73AFEB2C6FD64400308356 /* KeyShapeGroupProtocol.swift in Sources */,
				1D34C3E92D19F8A200253C50 /* SplashScreen.swift in Sources */,
				1D25250B2D121B0A005ADEB9 /* KeyName+DegreeMaps.swift in Sources */,
				1DBE1C2F2C25D3C8008DCBDF /* FileManager.swift in Sources */,
				1D9BFCCF2D1B51B100A4C985 /* GraphImagePlacerPyramidView.swift in Sources */,
				1DD831EB2D14D60F00EC817F /* ComponentChordsView.swift in Sources */,
				1DF2D7562D17ADA00018B161 /* ChordDetailForm.swift in Sources */,
				1D5F6A552C24829500193B58 /* Math Extensions.swift in Sources */,
				1D5F6A7D2C24829500193B58 /* KeySwitch.swift in Sources */,
				1DFBB11C2D039ACF002ACF7B /* ChordGrapherRelationships.swift in Sources */,
				1DD837282CFFD75400ED2DF2 /* String Extensions.swift in Sources */,
				1D46C92B2C77B7400014D00B /* ChordCombinerView.swift in Sources */,
				1DA965CF2CBECD1D00368651 /* ChordCombinerMenuCoverView.swift in Sources */,
				1D28B2762CED69E200FAD96D /* SingleChordKeyboardTitleSelector.swift in Sources */,
				1D0DD6862D1115B400BD5189 /* CombinedChordHighlightPitches.swift in Sources */,
				1D5902592D14EF2600C5D35D /* ImageService.swift in Sources */,
				1D5902602D15195C00C5D35D /* ChordGrapherNavigationView.swift in Sources */,
				1DD831DE2D14CBCB00EC817F /* DualChordTitleViewBuilder.swift in Sources */,
				1DF2D7532D17A8760018B161 /* NotesAndDegreesSectionView.swift in Sources */,
				1D5F6A4F2C24829500193B58 /* Enharmonic.swift in Sources */,
				1DF4EA782CE9454300CB2821 /* DualChordKeyboardChordTitleModel.swift in Sources */,
				1D7A4C4A2CDD84C6004B16BA /* KeyShapePath.swift in Sources */,
				1DD10D4D2D13A99F00A6FBB1 /* ChordCombinerViewModel+Additions.swift in Sources */,
				1D965F442CC40E8300C387BF /* ChordAndScaleProperty.swift in Sources */,
				1DD507582CB981EB0085288B /* TitleColorDivider.swift in Sources */,
				1D33D9492CEC2CB700E04B39 /* SingleChordDetailNavigationView.swift in Sources */,
				1D68E29C2D10CC0D00EF5D16 /* Degree+Additions.swift in Sources */,
				1DBD4C602C58364A00F4015C /* Chord.swift in Sources */,
				1D3EA8A82C93644700A6430C /* VoicingCalculator.swift in Sources */,
				1D9BFCC92D1B409200A4C985 /* SingleChordDetailNavigationTitleView.swift in Sources */,
				1D73AFE92C6FD64400308356 /* KeyProtocol.swift in Sources */,
				1D9BFCCC2D1B519D00A4C985 /* GraphImagePlacerView.swift in Sources */,
				1DD297C72C9902B6001984EF /* DualChordDetailView.swift in Sources */,
				1D0DD67E2D10E59800BD5189 /* ChordType+baseChordType.swift in Sources */,
				1DE006172CE51EFD00C27EE3 /* ChordCombinerPropertyMatcher.swift in Sources */,
				1D73AFCD2C6FD63300308356 /* KeyConstants.swift in Sources */,
				1D59025D2D14F75C00C5D35D /* ChordGraphImageView.swift in Sources */,
				1D28B27A2CED75EF00FAD96D /* ChordCombinerSelectedChordTitleModel.swift in Sources */,
				1DC6A0762CC566950053068C /* ChordCombinerTagsView.swift in Sources */,
				1D0967F52CB59CC700600325 /* KeyShapeGroup.swift in Sources */,
				1DD831E12D14CD9D00EC817F /* SplitChordTitleView.swift in Sources */,
				1D5F6A732C24829500193B58 /* ChordsAndScales.swift in Sources */,
				1D26DD8C2CF12D4500C45D48 /* ChordCombiner.swift in Sources */,
				1D0DD6802D10E6DE00BD5189 /* ChordType+degreeTypeIDGroups.swift in Sources */,
				1D898D252C9A9B3600C5AA18 /* DetailRow.swift in Sources */,
				1D0DD6832D10E7E900BD5189 /* ChordType+StaticProperties.swift in Sources */,
				1DF4EA7A2CE9478E00CB2821 /* SingleChordDetailView.swift in Sources */,
				1DE006192CE5263D00C27EE3 /* KeyboardHighlighter.swift in Sources */,
				1DA11FC52CEBEE0D00DF255C /* DualChordTitleView.swift in Sources */,
				1D2B44852D08BB090067266F /* KeyLetterView.swift in Sources */,
				1D20A5E12D0A16EC00C4FD9F /* ChordCombinerPropertySelectionView.swift in Sources */,
				1DA11FC32CEBCAD400DF255C /* ChordSymbolCaptionView.swift in Sources */,
				1D73AFD02C6FD63300308356 /* KeyType.swift in Sources */,
				1DA11FC92CEC0AFC00DF255C /* InfoLinkImageView.swift in Sources */,
				1D34C3ED2D19F8C500253C50 /* ViewCoordinator.swift in Sources */,
				1D7281F52CBADC2300C6DBE3 /* ChordCombinerChordSelectionMenu.swift in Sources */,
				1D5F6A912C24829500193B58 /* Degree.swift in Sources */,
				1DFBB11E2D039AED002ACF7B /* ChordGrapherAttributes.swift in Sources */,
				1D5F6A5C2C24829500193B58 /* Letter.swift in Sources */,
				1DC9DAAC2CC8081000776417 /* ChordProperties.swift in Sources */,
				1DFD9D4F2C5AA4330006333D /* ChordType.swift in Sources */,
				1DD831E52D14CE8E00EC817F /* CombinedOrSingleChordTitleView.swift in Sources */,
				1D5F6A722C24829500193B58 /* NoteNumber.swift in Sources */,
				1DC6A0742CC55E660053068C /* ChordCombinerPropertyTagView.swift in Sources */,
				1DC6A07E2CC57A4E0053068C /* ChordCombinerMenuKeyboardDisplayRow.swift in Sources */,
				1DD836D52CFFD40B00ED2DF2 /* Note.swift in Sources */,
				1D5F6A542C24829500193B58 /* KeyName.RootKeyNote.swift in Sources */,
				1D65C9632C5BFAA100DB7E3A /* ChordFactory.swift in Sources */,
				1D99832F2CEE9872002CCA34 /* KeyCirclesView.swift in Sources */,
				1D5F69DA2C2481E600193B58 /* AppMain.swift in Sources */,
				1DD507562CB97D080085288B /* HighlightableTagView.swift in Sources */,
				1DB357472CBDA49C00A5D6B3 /* ChordCombinerKeyboardScrollView.swift in Sources */,
				1DFBB1192D039AB1002ACF7B /* ChordGrapherParentChord.swift in Sources */,
				1D2B448B2D090F6F0067266F /* SettableNotesByNoteNumber.swift in Sources */,
				1D46C9332C77EB950014D00B /* DualChordKeyboardView.swift in Sources */,
				1D5F6A8F2C24829500193B58 /* RootNote.swift in Sources */,
				1DB4AA402CB8A57E006FD1C5 /* TitleView.swift in Sources */,
			);
			runOnlyForDeploymentPostprocessing = 0;
		};
/* End PBXSourcesBuildPhase section */

/* Begin PBXTargetDependency section */
		1D3D65422CCBEFF50045AD8D /* PBXTargetDependency */ = {
			isa = PBXTargetDependency;
			target = 1D5F69D52C2481E600193B58 /* ChordCombiner-SwiftUI */;
			targetProxy = 1D3D65412CCBEFF50045AD8D /* PBXContainerItemProxy */;
		};
		1D7426902D0BD8C4009ABF2A /* PBXTargetDependency */ = {
			isa = PBXTargetDependency;
			productRef = 1D74268F2D0BD8C4009ABF2A /* SwiftLintBuildToolPlugin */;
		};
		1D7426922D0BD8D0009ABF2A /* PBXTargetDependency */ = {
			isa = PBXTargetDependency;
			productRef = 1D7426912D0BD8D0009ABF2A /* SwiftLintBuildToolPlugin */;
		};
/* End PBXTargetDependency section */

/* Begin XCBuildConfiguration section */
		1D3D65432CCBEFF50045AD8D /* Debug */ = {
			isa = XCBuildConfiguration;
			buildSettings = {
				BUNDLE_LOADER = "$(TEST_HOST)";
				CODE_SIGN_STYLE = Automatic;
				CURRENT_PROJECT_VERSION = 1;
				DEVELOPMENT_TEAM = C359E2V4B3;
				GENERATE_INFOPLIST_FILE = YES;
				IPHONEOS_DEPLOYMENT_TARGET = 18.1;
				MARKETING_VERSION = 1.0;
				PRODUCT_BUNDLE_IDENTIFIER = "com.jakesmolowe.ChordCombiner-SwiftUITests";
				PRODUCT_NAME = "$(TARGET_NAME)";
				SWIFT_EMIT_LOC_STRINGS = NO;
				SWIFT_VERSION = 5.0;
				TARGETED_DEVICE_FAMILY = "1,2";
				TEST_HOST = "$(BUILT_PRODUCTS_DIR)/ChordCombiner-SwiftUI.app/$(BUNDLE_EXECUTABLE_FOLDER_PATH)/ChordCombiner-SwiftUI";
			};
			name = Debug;
		};
		1D3D65442CCBEFF50045AD8D /* Release */ = {
			isa = XCBuildConfiguration;
			buildSettings = {
				BUNDLE_LOADER = "$(TEST_HOST)";
				CODE_SIGN_STYLE = Automatic;
				CURRENT_PROJECT_VERSION = 1;
				DEVELOPMENT_TEAM = C359E2V4B3;
				GENERATE_INFOPLIST_FILE = YES;
				IPHONEOS_DEPLOYMENT_TARGET = 18.1;
				MARKETING_VERSION = 1.0;
				PRODUCT_BUNDLE_IDENTIFIER = "com.jakesmolowe.ChordCombiner-SwiftUITests";
				PRODUCT_NAME = "$(TARGET_NAME)";
				SWIFT_EMIT_LOC_STRINGS = NO;
				SWIFT_VERSION = 5.0;
				TARGETED_DEVICE_FAMILY = "1,2";
				TEST_HOST = "$(BUILT_PRODUCTS_DIR)/ChordCombiner-SwiftUI.app/$(BUNDLE_EXECUTABLE_FOLDER_PATH)/ChordCombiner-SwiftUI";
			};
			name = Release;
		};
		1D5F69E22C2481E700193B58 /* Debug */ = {
			isa = XCBuildConfiguration;
			buildSettings = {
				ALWAYS_SEARCH_USER_PATHS = NO;
				ASSETCATALOG_COMPILER_GENERATE_SWIFT_ASSET_SYMBOL_EXTENSIONS = YES;
				CLANG_ANALYZER_NONNULL = YES;
				CLANG_ANALYZER_NUMBER_OBJECT_CONVERSION = YES_AGGRESSIVE;
				CLANG_CXX_LANGUAGE_STANDARD = "gnu++20";
				CLANG_ENABLE_MODULES = YES;
				CLANG_ENABLE_OBJC_ARC = YES;
				CLANG_ENABLE_OBJC_WEAK = YES;
				CLANG_WARN_BLOCK_CAPTURE_AUTORELEASING = YES;
				CLANG_WARN_BOOL_CONVERSION = YES;
				CLANG_WARN_COMMA = YES;
				CLANG_WARN_CONSTANT_CONVERSION = YES;
				CLANG_WARN_DEPRECATED_OBJC_IMPLEMENTATIONS = YES;
				CLANG_WARN_DIRECT_OBJC_ISA_USAGE = YES_ERROR;
				CLANG_WARN_DOCUMENTATION_COMMENTS = YES;
				CLANG_WARN_EMPTY_BODY = YES;
				CLANG_WARN_ENUM_CONVERSION = YES;
				CLANG_WARN_INFINITE_RECURSION = YES;
				CLANG_WARN_INT_CONVERSION = YES;
				CLANG_WARN_NON_LITERAL_NULL_CONVERSION = YES;
				CLANG_WARN_OBJC_IMPLICIT_RETAIN_SELF = YES;
				CLANG_WARN_OBJC_LITERAL_CONVERSION = YES;
				CLANG_WARN_OBJC_ROOT_CLASS = YES_ERROR;
				CLANG_WARN_QUOTED_INCLUDE_IN_FRAMEWORK_HEADER = YES;
				CLANG_WARN_RANGE_LOOP_ANALYSIS = YES;
				CLANG_WARN_STRICT_PROTOTYPES = YES;
				CLANG_WARN_SUSPICIOUS_MOVE = YES;
				CLANG_WARN_UNGUARDED_AVAILABILITY = YES_AGGRESSIVE;
				CLANG_WARN_UNREACHABLE_CODE = YES;
				CLANG_WARN__DUPLICATE_METHOD_MATCH = YES;
				COPY_PHASE_STRIP = NO;
				DEBUG_INFORMATION_FORMAT = dwarf;
				ENABLE_STRICT_OBJC_MSGSEND = YES;
				ENABLE_TESTABILITY = YES;
				ENABLE_USER_SCRIPT_SANDBOXING = YES;
				GCC_C_LANGUAGE_STANDARD = gnu17;
				GCC_DYNAMIC_NO_PIC = NO;
				GCC_NO_COMMON_BLOCKS = YES;
				GCC_OPTIMIZATION_LEVEL = 0;
				GCC_PREPROCESSOR_DEFINITIONS = (
					"DEBUG=1",
					"$(inherited)",
				);
				GCC_WARN_64_TO_32_BIT_CONVERSION = YES;
				GCC_WARN_ABOUT_RETURN_TYPE = YES_ERROR;
				GCC_WARN_UNDECLARED_SELECTOR = YES;
				GCC_WARN_UNINITIALIZED_AUTOS = YES_AGGRESSIVE;
				GCC_WARN_UNUSED_FUNCTION = YES;
				GCC_WARN_UNUSED_VARIABLE = YES;
				IPHONEOS_DEPLOYMENT_TARGET = 17.2;
				LOCALIZATION_PREFERS_STRING_CATALOGS = YES;
				MTL_ENABLE_DEBUG_INFO = INCLUDE_SOURCE;
				MTL_FAST_MATH = YES;
				ONLY_ACTIVE_ARCH = YES;
				SDKROOT = iphoneos;
				SWIFT_ACTIVE_COMPILATION_CONDITIONS = "DEBUG $(inherited)";
				SWIFT_OPTIMIZATION_LEVEL = "-Onone";
			};
			name = Debug;
		};
		1D5F69E32C2481E700193B58 /* Release */ = {
			isa = XCBuildConfiguration;
			buildSettings = {
				ALWAYS_SEARCH_USER_PATHS = NO;
				ASSETCATALOG_COMPILER_GENERATE_SWIFT_ASSET_SYMBOL_EXTENSIONS = YES;
				CLANG_ANALYZER_NONNULL = YES;
				CLANG_ANALYZER_NUMBER_OBJECT_CONVERSION = YES_AGGRESSIVE;
				CLANG_CXX_LANGUAGE_STANDARD = "gnu++20";
				CLANG_ENABLE_MODULES = YES;
				CLANG_ENABLE_OBJC_ARC = YES;
				CLANG_ENABLE_OBJC_WEAK = YES;
				CLANG_WARN_BLOCK_CAPTURE_AUTORELEASING = YES;
				CLANG_WARN_BOOL_CONVERSION = YES;
				CLANG_WARN_COMMA = YES;
				CLANG_WARN_CONSTANT_CONVERSION = YES;
				CLANG_WARN_DEPRECATED_OBJC_IMPLEMENTATIONS = YES;
				CLANG_WARN_DIRECT_OBJC_ISA_USAGE = YES_ERROR;
				CLANG_WARN_DOCUMENTATION_COMMENTS = YES;
				CLANG_WARN_EMPTY_BODY = YES;
				CLANG_WARN_ENUM_CONVERSION = YES;
				CLANG_WARN_INFINITE_RECURSION = YES;
				CLANG_WARN_INT_CONVERSION = YES;
				CLANG_WARN_NON_LITERAL_NULL_CONVERSION = YES;
				CLANG_WARN_OBJC_IMPLICIT_RETAIN_SELF = YES;
				CLANG_WARN_OBJC_LITERAL_CONVERSION = YES;
				CLANG_WARN_OBJC_ROOT_CLASS = YES_ERROR;
				CLANG_WARN_QUOTED_INCLUDE_IN_FRAMEWORK_HEADER = YES;
				CLANG_WARN_RANGE_LOOP_ANALYSIS = YES;
				CLANG_WARN_STRICT_PROTOTYPES = YES;
				CLANG_WARN_SUSPICIOUS_MOVE = YES;
				CLANG_WARN_UNGUARDED_AVAILABILITY = YES_AGGRESSIVE;
				CLANG_WARN_UNREACHABLE_CODE = YES;
				CLANG_WARN__DUPLICATE_METHOD_MATCH = YES;
				COPY_PHASE_STRIP = NO;
				DEBUG_INFORMATION_FORMAT = "dwarf-with-dsym";
				ENABLE_NS_ASSERTIONS = NO;
				ENABLE_STRICT_OBJC_MSGSEND = YES;
				ENABLE_USER_SCRIPT_SANDBOXING = YES;
				GCC_C_LANGUAGE_STANDARD = gnu17;
				GCC_NO_COMMON_BLOCKS = YES;
				GCC_WARN_64_TO_32_BIT_CONVERSION = YES;
				GCC_WARN_ABOUT_RETURN_TYPE = YES_ERROR;
				GCC_WARN_UNDECLARED_SELECTOR = YES;
				GCC_WARN_UNINITIALIZED_AUTOS = YES_AGGRESSIVE;
				GCC_WARN_UNUSED_FUNCTION = YES;
				GCC_WARN_UNUSED_VARIABLE = YES;
				IPHONEOS_DEPLOYMENT_TARGET = 17.2;
				LOCALIZATION_PREFERS_STRING_CATALOGS = YES;
				MTL_ENABLE_DEBUG_INFO = NO;
				MTL_FAST_MATH = YES;
				SDKROOT = iphoneos;
				SWIFT_COMPILATION_MODE = wholemodule;
				VALIDATE_PRODUCT = YES;
			};
			name = Release;
		};
		1D5F69E52C2481E700193B58 /* Debug */ = {
			isa = XCBuildConfiguration;
			buildSettings = {
				ASSETCATALOG_COMPILER_APPICON_NAME = AppIcon;
				ASSETCATALOG_COMPILER_GLOBAL_ACCENT_COLOR_NAME = AccentColor;
				CODE_SIGN_STYLE = Automatic;
				CURRENT_PROJECT_VERSION = 1;
				DEVELOPMENT_ASSET_PATHS = "\"ChordCombiner-SwiftUI/Preview Content\"";
				DEVELOPMENT_TEAM = C359E2V4B3;
				ENABLE_PREVIEWS = YES;
				GENERATE_INFOPLIST_FILE = YES;
				INFOPLIST_KEY_CFBundleDisplayName = ChordCombiner;
				INFOPLIST_KEY_UIApplicationSceneManifest_Generation = YES;
				INFOPLIST_KEY_UIApplicationSupportsIndirectInputEvents = YES;
				INFOPLIST_KEY_UILaunchScreen_Generation = YES;
				INFOPLIST_KEY_UIRequiresFullScreen = YES;
				INFOPLIST_KEY_UISupportedInterfaceOrientations = "UIInterfaceOrientationPortrait UIInterfaceOrientationPortraitUpsideDown";
				LD_RUNPATH_SEARCH_PATHS = (
					"$(inherited)",
					"@executable_path/Frameworks",
				);
				MARKETING_VERSION = 1.0;
				PRODUCT_BUNDLE_IDENTIFIER = "com.jakesmolowe.ChordCombiner-SwiftUI";
				PRODUCT_NAME = "$(TARGET_NAME)";
				SWIFT_EMIT_LOC_STRINGS = YES;
				SWIFT_VERSION = 5.0;
				TARGETED_DEVICE_FAMILY = "1,2";
			};
			name = Debug;
		};
		1D5F69E62C2481E700193B58 /* Release */ = {
			isa = XCBuildConfiguration;
			buildSettings = {
				ASSETCATALOG_COMPILER_APPICON_NAME = AppIcon;
				ASSETCATALOG_COMPILER_GLOBAL_ACCENT_COLOR_NAME = AccentColor;
				CODE_SIGN_STYLE = Automatic;
				CURRENT_PROJECT_VERSION = 1;
				DEVELOPMENT_ASSET_PATHS = "\"ChordCombiner-SwiftUI/Preview Content\"";
				DEVELOPMENT_TEAM = C359E2V4B3;
				ENABLE_PREVIEWS = YES;
				GENERATE_INFOPLIST_FILE = YES;
				INFOPLIST_KEY_CFBundleDisplayName = ChordCombiner;
				INFOPLIST_KEY_UIApplicationSceneManifest_Generation = YES;
				INFOPLIST_KEY_UIApplicationSupportsIndirectInputEvents = YES;
				INFOPLIST_KEY_UILaunchScreen_Generation = YES;
				INFOPLIST_KEY_UIRequiresFullScreen = YES;
				INFOPLIST_KEY_UISupportedInterfaceOrientations = "UIInterfaceOrientationPortrait UIInterfaceOrientationPortraitUpsideDown";
				LD_RUNPATH_SEARCH_PATHS = (
					"$(inherited)",
					"@executable_path/Frameworks",
				);
				MARKETING_VERSION = 1.0;
				PRODUCT_BUNDLE_IDENTIFIER = "com.jakesmolowe.ChordCombiner-SwiftUI";
				PRODUCT_NAME = "$(TARGET_NAME)";
				SWIFT_EMIT_LOC_STRINGS = YES;
				SWIFT_VERSION = 5.0;
				TARGETED_DEVICE_FAMILY = "1,2";
			};
			name = Release;
		};
/* End XCBuildConfiguration section */

/* Begin XCConfigurationList section */
		1D3D65452CCBEFF50045AD8D /* Build configuration list for PBXNativeTarget "ChordCombiner-SwiftUITests" */ = {
			isa = XCConfigurationList;
			buildConfigurations = (
				1D3D65432CCBEFF50045AD8D /* Debug */,
				1D3D65442CCBEFF50045AD8D /* Release */,
			);
			defaultConfigurationIsVisible = 0;
			defaultConfigurationName = Release;
		};
		1D5F69D12C2481E600193B58 /* Build configuration list for PBXProject "ChordCombiner-SwiftUI" */ = {
			isa = XCConfigurationList;
			buildConfigurations = (
				1D5F69E22C2481E700193B58 /* Debug */,
				1D5F69E32C2481E700193B58 /* Release */,
			);
			defaultConfigurationIsVisible = 0;
			defaultConfigurationName = Release;
		};
		1D5F69E42C2481E700193B58 /* Build configuration list for PBXNativeTarget "ChordCombiner-SwiftUI" */ = {
			isa = XCConfigurationList;
			buildConfigurations = (
				1D5F69E52C2481E700193B58 /* Debug */,
				1D5F69E62C2481E700193B58 /* Release */,
			);
			defaultConfigurationIsVisible = 0;
			defaultConfigurationName = Release;
		};
/* End XCConfigurationList section */

/* Begin XCRemoteSwiftPackageReference section */
		1D74268E2D0BB583009ABF2A /* XCRemoteSwiftPackageReference "SwiftLintPlugins" */ = {
			isa = XCRemoteSwiftPackageReference;
			repositoryURL = "https://github.com/SimplyDanny/SwiftLintPlugins";
			requirement = {
				kind = upToNextMajorVersion;
				minimumVersion = 0.57.1;
			};
		};
		1DC11F712CA133E400263FF8 /* XCRemoteSwiftPackageReference "swift-algorithms" */ = {
			isa = XCRemoteSwiftPackageReference;
			repositoryURL = "https://github.com/apple/swift-algorithms.git";
			requirement = {
				kind = upToNextMajorVersion;
				minimumVersion = 1.2.0;
			};
		};
/* End XCRemoteSwiftPackageReference section */

/* Begin XCSwiftPackageProductDependency section */
		1D74268F2D0BD8C4009ABF2A /* SwiftLintBuildToolPlugin */ = {
			isa = XCSwiftPackageProductDependency;
			package = 1D74268E2D0BB583009ABF2A /* XCRemoteSwiftPackageReference "SwiftLintPlugins" */;
			productName = "plugin:SwiftLintBuildToolPlugin";
		};
		1D7426912D0BD8D0009ABF2A /* SwiftLintBuildToolPlugin */ = {
			isa = XCSwiftPackageProductDependency;
			package = 1D74268E2D0BB583009ABF2A /* XCRemoteSwiftPackageReference "SwiftLintPlugins" */;
			productName = "plugin:SwiftLintBuildToolPlugin";
		};
		1DC11F722CA133E400263FF8 /* Algorithms */ = {
			isa = XCSwiftPackageProductDependency;
			package = 1DC11F712CA133E400263FF8 /* XCRemoteSwiftPackageReference "swift-algorithms" */;
			productName = Algorithms;
		};
/* End XCSwiftPackageProductDependency section */
	};
	rootObject = 1D5F69CE2C2481E600193B58 /* Project object */;
}
